{
  "name": "@shanzhai/read-svg-files-plugin",
  "version": "0.0.0",
  "lockfileVersion": 1,
  "requires": true,
  "dependencies": {
    "@shanzhai/interfaces": {
      "version": "0.0.16",
      "resolved": "https://registry.npmjs.org/@shanzhai/interfaces/-/interfaces-0.0.16.tgz",
      "integrity": "sha512-rzqxtI7/wZBOr0whKuQrFAD6hvUJQxnRMP/qpLchieuk0X6xbqhukU9KL592UgdSAthHXWqYc+sFwwnSaLPqMw=="
    },
    "@shanzhai/key-value-store": {
      "version": "0.0.7",
      "resolved": "https://registry.npmjs.org/@shanzhai/key-value-store/-/key-value-store-0.0.7.tgz",
      "integrity": "sha512-88Il0bb4ZvMJ38VVp/CFE4koS8K9GoA+Js7ADC7zrhGdi7ombkOhOOpbe/hC9F/epQOHrTidLLlCsUZ3j4FCqw==",
      "requires": {
        "@shanzhai/interfaces": "0.0.16"
      }
    },
    "@shanzhai/read-text-file-step": {
      "version": "0.0.4",
      "resolved": "https://registry.npmjs.org/@shanzhai/read-text-file-step/-/read-text-file-step-0.0.4.tgz",
      "integrity": "sha512-WCemPQn56aKIJyCswJS+u6QJI1X0da++54NOwjyzzfiNaAomErnIS1hRUvOeECNn8vOFTsTLmSGP2tu1F9pIoA==",
      "requires": {
        "@shanzhai/interfaces": "0.0.16"
      }
    },
    "@shanzhai/svg-source-store": {
      "version": "0.0.0",
      "resolved": "https://registry.npmjs.org/@shanzhai/svg-source-store/-/svg-source-store-0.0.0.tgz",
      "integrity": "sha512-6uz7uhZHS3M/lg2LwUHFZ3NbY9e9auXtwGbgpMpPH2FCcyMmAW5r6z3z1KmYJ/8wFKOlJt39Xr1rEhFPibJbDg==",
      "dev": true,
      "requires": {
        "@shanzhai/key-value-store": "0.0.7"
      }
    }
  }
}
