{
  "name": "@shanzhai/parsed-pug-store",
  "version": "0.0.2",
  "lockfileVersion": 1,
  "requires": true,
  "dependencies": {
    "@shanzhai/ephemeral-keyed-store": {
      "version": "0.0.0",
      "resolved": "https://registry.npmjs.org/@shanzhai/ephemeral-keyed-store/-/ephemeral-keyed-store-0.0.0.tgz",
      "integrity": "sha512-BS9zPghB3qi5F/2YXc7SfTI8HLWIOLjnakjv8FCH3FOwwcHjBVv5LbsQyi25/tPWKeq672G96YQa8qLd12VqnQ=="
    },
    "@types/pug": {
      "version": "2.0.5",
      "resolved": "https://registry.npmjs.org/@types/pug/-/pug-2.0.5.tgz",
      "integrity": "sha512-LOnASQoeNZMkzexRuyqcBBDZ6rS+rQxUMkmj5A0PkhhiSZivLIuz6Hxyr1mkGoEZEkk66faROmpMi4fFkrKsBA==",
      "dev": true
    }
  }
}
