{
  "name": "@shanzhai/ephemeral-keyed-store",
  "version": "0.0.5",
  "lockfileVersion": 2,
  "requires": true,
  "packages": {
    "": {
      "name": "@shanzhai/ephemeral-keyed-store",
      "version": "0.0.5",
      "license": "MIT",
      "devDependencies": {
        "@shanzhai/interfaces": "0.0.25"
      },
      "engines": {
        "node": ">=17.6.0"
      }
    },
    "node_modules/@shanzhai/interfaces": {
      "version": "0.0.25",
      "resolved": "https://registry.npmjs.org/@shanzhai/interfaces/-/interfaces-0.0.25.tgz",
      "integrity": "sha512-Fak4C4y0+RpL1U7V+ohcZPqzv/vdqW27oEePFin7Tdpnnk9RncPjinFppFxNhw5umvGk5xLRB1oGE67YFI/7Bg==",
      "dev": true,
      "engines": {
        "node": ">=17.6.0"
      }
    }
  },
  "dependencies": {
    "@shanzhai/interfaces": {
      "version": "0.0.25",
      "resolved": "https://registry.npmjs.org/@shanzhai/interfaces/-/interfaces-0.0.25.tgz",
      "integrity": "sha512-Fak4C4y0+RpL1U7V+ohcZPqzv/vdqW27oEePFin7Tdpnnk9RncPjinFppFxNhw5umvGk5xLRB1oGE67YFI/7Bg==",
      "dev": true
    }
  }
}
