{
  "name": "@shanzhai/glob-compare-function",
  "version": "0.0.0",
  "lockfileVersion": 2,
  "requires": true,
  "packages": {
    "": {
      "name": "@shanzhai/glob-compare-function",
      "version": "0.0.0",
      "license": "MIT",
      "engines": {
        "node": ">=17.6.0"
      }
    }
  }
}
