{
  "name": "@shanzhai/zip-plugin",
  "version": "0.0.8",
  "lockfileVersion": 2,
  "requires": true,
  "packages": {
    "": {
      "name": "@shanzhai/zip-plugin",
      "version": "0.0.8",
      "license": "MIT",
      "dependencies": {
        "@shanzhai/keyed-store-get-all-input": "0.0.2",
        "@shanzhai/unkeyed-store-set-output": "0.0.4",
        "@shanzhai/zip-step": "0.0.10"
      },
      "devDependencies": {
        "@shanzhai/interfaces": "0.0.24",
        "@shanzhai/zip-content-store": "0.0.3",
        "@shanzhai/zip-store": "0.0.4"
      },
      "engines": {
        "node": ">=17.6.0"
      },
      "peerDependencies": {
        "@shanzhai/zip-content-store": "0.0.3",
        "@shanzhai/zip-store": "0.0.4"
      }
    },
    "node_modules/@shanzhai/ephemeral-keyed-store": {
      "version": "0.0.2",
      "resolved": "https://registry.npmjs.org/@shanzhai/ephemeral-keyed-store/-/ephemeral-keyed-store-0.0.2.tgz",
      "integrity": "sha512-4E7xyYY6DxrF9XPYbmWtR/imwTvAPOKrwNMA8vB1/FknsH7rdH9qN9PBhBxJwqhMySOhHynWE813A+1PfsX8rQ==",
      "dev": true,
      "engines": {
        "node": ">=12.13.0"
      }
    },
    "node_modules/@shanzhai/ephemeral-unkeyed-store": {
      "version": "0.0.2",
      "resolved": "https://registry.npmjs.org/@shanzhai/ephemeral-unkeyed-store/-/ephemeral-unkeyed-store-0.0.2.tgz",
      "integrity": "sha512-exZ6QIgrdSjcLBvyuMypXOlbK/H32FLvvRMRFEMUjo3pvxk0Qa1dzUj9OcSNAjc9aRq0EhuqSTxI4m+svNWEfQ==",
      "dev": true,
      "engines": {
        "node": ">=12.13.0"
      }
    },
    "node_modules/@shanzhai/interfaces": {
      "version": "0.0.24",
      "resolved": "https://registry.npmjs.org/@shanzhai/interfaces/-/interfaces-0.0.24.tgz",
      "integrity": "sha512-5y2+CvtOKnh3jkwdIAHY2bcuFwnCE9hn4QFo8UawjbIow5i3PAC0fTFQ00baMxb/BK6s2JajHvt96aIasgTn2w==",
      "engines": {
        "node": ">=17.6.0"
      }
    },
    "node_modules/@shanzhai/keyed-store-get-all-input": {
      "version": "0.0.2",
      "resolved": "https://registry.npmjs.org/@shanzhai/keyed-store-get-all-input/-/keyed-store-get-all-input-0.0.2.tgz",
      "integrity": "sha512-8yY/ljjS02g814z4voYKQ5TeRPfLAY7ujHJl3zv0is/rPTww8fAjmv7m2pKBCYNApUd3oggpYblsmKxZdzh1Kg==",
      "engines": {
        "node": ">=12.13.0"
      }
    },
    "node_modules/@shanzhai/unkeyed-store-set-output": {
      "version": "0.0.4",
      "resolved": "https://registry.npmjs.org/@shanzhai/unkeyed-store-set-output/-/unkeyed-store-set-output-0.0.4.tgz",
      "integrity": "sha512-yWEzrHPd9PBG8ooXb+tdSVRRtXaJyS4JOjtkEcAy+52TA7M3J1w3E2/Q9XGPkHDudAF/IPtXBlJ45DZN7BGYHg==",
      "engines": {
        "node": ">=17.6.0"
      }
    },
    "node_modules/@shanzhai/zip-content-store": {
      "version": "0.0.3",
      "resolved": "https://registry.npmjs.org/@shanzhai/zip-content-store/-/zip-content-store-0.0.3.tgz",
      "integrity": "sha512-BczPErVmrXZ+WOYQGWp/YV0Re0LoYxbWLir8CdNXKhh2xGkT+fNoX4UrqGTgiqx1Ub1ZVFJ/RMPBPbBve71Oew==",
      "dev": true,
      "dependencies": {
        "@shanzhai/ephemeral-keyed-store": "0.0.2"
      },
      "engines": {
        "node": ">=12.13.0"
      }
    },
    "node_modules/@shanzhai/zip-step": {
      "version": "0.0.10",
      "resolved": "https://registry.npmjs.org/@shanzhai/zip-step/-/zip-step-0.0.10.tgz",
      "integrity": "sha512-r+1qHVtzD28qOiOJ54hVXmrMTJ/TGBI5UDpStatXB32zo2kHNT96krM7++kjsPad3jWikUjz7xj/crAa0Y15Zw==",
      "dependencies": {
        "@shanzhai/interfaces": "0.0.24",
        "7zip-bin": "5.1.1",
        "uuid": "8.3.2"
      },
      "engines": {
        "node": ">=17.6.0"
      }
    },
    "node_modules/@shanzhai/zip-store": {
      "version": "0.0.4",
      "resolved": "https://registry.npmjs.org/@shanzhai/zip-store/-/zip-store-0.0.4.tgz",
      "integrity": "sha512-WHSrgHJ1gN8DWsWcEoSP09QRXsxUVHsDa2gJ6Z3pznJwY03zreKvx2LnQ9Xwhy1zYEXiYmueu/jYMP+vtZguwg==",
      "dev": true,
      "dependencies": {
        "@shanzhai/ephemeral-unkeyed-store": "0.0.2"
      },
      "engines": {
        "node": ">=17.6.0"
      }
    },
    "node_modules/7zip-bin": {
      "version": "5.1.1",
      "resolved": "https://registry.npmjs.org/7zip-bin/-/7zip-bin-5.1.1.tgz",
      "integrity": "sha512-sAP4LldeWNz0lNzmTird3uWfFDWWTeg6V/MsmyyLR9X1idwKBWIgt/ZvinqQldJm3LecKEs1emkbquO6PCiLVQ=="
    },
    "node_modules/uuid": {
      "version": "8.3.2",
      "resolved": "https://registry.npmjs.org/uuid/-/uuid-8.3.2.tgz",
      "integrity": "sha512-+NYs2QeMWy+GWFOEm9xnn6HCDp0l7QBD7ml8zLUmJ+93Q5NF0NocErnwkTkXVFNiX3/fpC6afS8Dhb/gz7R7eg==",
      "bin": {
        "uuid": "dist/bin/uuid"
      }
    }
  },
  "dependencies": {
    "@shanzhai/ephemeral-keyed-store": {
      "version": "0.0.2",
      "resolved": "https://registry.npmjs.org/@shanzhai/ephemeral-keyed-store/-/ephemeral-keyed-store-0.0.2.tgz",
      "integrity": "sha512-4E7xyYY6DxrF9XPYbmWtR/imwTvAPOKrwNMA8vB1/FknsH7rdH9qN9PBhBxJwqhMySOhHynWE813A+1PfsX8rQ==",
      "dev": true
    },
    "@shanzhai/ephemeral-unkeyed-store": {
      "version": "0.0.2",
      "resolved": "https://registry.npmjs.org/@shanzhai/ephemeral-unkeyed-store/-/ephemeral-unkeyed-store-0.0.2.tgz",
      "integrity": "sha512-exZ6QIgrdSjcLBvyuMypXOlbK/H32FLvvRMRFEMUjo3pvxk0Qa1dzUj9OcSNAjc9aRq0EhuqSTxI4m+svNWEfQ==",
      "dev": true
    },
    "@shanzhai/interfaces": {
      "version": "0.0.24",
      "resolved": "https://registry.npmjs.org/@shanzhai/interfaces/-/interfaces-0.0.24.tgz",
      "integrity": "sha512-5y2+CvtOKnh3jkwdIAHY2bcuFwnCE9hn4QFo8UawjbIow5i3PAC0fTFQ00baMxb/BK6s2JajHvt96aIasgTn2w=="
    },
    "@shanzhai/keyed-store-get-all-input": {
      "version": "0.0.2",
      "resolved": "https://registry.npmjs.org/@shanzhai/keyed-store-get-all-input/-/keyed-store-get-all-input-0.0.2.tgz",
      "integrity": "sha512-8yY/ljjS02g814z4voYKQ5TeRPfLAY7ujHJl3zv0is/rPTww8fAjmv7m2pKBCYNApUd3oggpYblsmKxZdzh1Kg=="
    },
    "@shanzhai/unkeyed-store-set-output": {
      "version": "0.0.4",
      "resolved": "https://registry.npmjs.org/@shanzhai/unkeyed-store-set-output/-/unkeyed-store-set-output-0.0.4.tgz",
      "integrity": "sha512-yWEzrHPd9PBG8ooXb+tdSVRRtXaJyS4JOjtkEcAy+52TA7M3J1w3E2/Q9XGPkHDudAF/IPtXBlJ45DZN7BGYHg=="
    },
    "@shanzhai/zip-content-store": {
      "version": "0.0.3",
      "resolved": "https://registry.npmjs.org/@shanzhai/zip-content-store/-/zip-content-store-0.0.3.tgz",
      "integrity": "sha512-BczPErVmrXZ+WOYQGWp/YV0Re0LoYxbWLir8CdNXKhh2xGkT+fNoX4UrqGTgiqx1Ub1ZVFJ/RMPBPbBve71Oew==",
      "dev": true,
      "requires": {
        "@shanzhai/ephemeral-keyed-store": "0.0.2"
      }
    },
    "@shanzhai/zip-step": {
      "version": "0.0.10",
      "resolved": "https://registry.npmjs.org/@shanzhai/zip-step/-/zip-step-0.0.10.tgz",
      "integrity": "sha512-r+1qHVtzD28qOiOJ54hVXmrMTJ/TGBI5UDpStatXB32zo2kHNT96krM7++kjsPad3jWikUjz7xj/crAa0Y15Zw==",
      "requires": {
        "@shanzhai/interfaces": "0.0.24",
        "7zip-bin": "5.1.1",
        "uuid": "8.3.2"
      }
    },
    "@shanzhai/zip-store": {
      "version": "0.0.4",
      "resolved": "https://registry.npmjs.org/@shanzhai/zip-store/-/zip-store-0.0.4.tgz",
      "integrity": "sha512-WHSrgHJ1gN8DWsWcEoSP09QRXsxUVHsDa2gJ6Z3pznJwY03zreKvx2LnQ9Xwhy1zYEXiYmueu/jYMP+vtZguwg==",
      "dev": true,
      "requires": {
        "@shanzhai/ephemeral-unkeyed-store": "0.0.2"
      }
    },
    "7zip-bin": {
      "version": "5.1.1",
      "resolved": "https://registry.npmjs.org/7zip-bin/-/7zip-bin-5.1.1.tgz",
      "integrity": "sha512-sAP4LldeWNz0lNzmTird3uWfFDWWTeg6V/MsmyyLR9X1idwKBWIgt/ZvinqQldJm3LecKEs1emkbquO6PCiLVQ=="
    },
    "uuid": {
      "version": "8.3.2",
      "resolved": "https://registry.npmjs.org/uuid/-/uuid-8.3.2.tgz",
      "integrity": "sha512-+NYs2QeMWy+GWFOEm9xnn6HCDp0l7QBD7ml8zLUmJ+93Q5NF0NocErnwkTkXVFNiX3/fpC6afS8Dhb/gz7R7eg=="
    }
  }
}
