{
  "name": "@shanzhai/zip-plugin",
  "version": "0.0.18",
  "lockfileVersion": 2,
  "requires": true,
  "packages": {
    "": {
      "name": "@shanzhai/zip-plugin",
      "version": "0.0.18",
      "license": "MIT",
      "dependencies": {
        "@shanzhai/keyed-store-get-all-input": "0.0.6",
        "@shanzhai/merge-object-input": "0.0.11",
        "@shanzhai/unkeyed-store-set-output": "0.0.6",
        "@shanzhai/zip-step": "0.0.12"
      },
      "devDependencies": {
        "@shanzhai/interfaces": "0.0.26",
        "@shanzhai/zip-content-store": "0.0.8",
        "@shanzhai/zip-store": "0.0.7"
      },
      "engines": {
        "node": ">=17.6.0"
      },
      "peerDependencies": {
        "@shanzhai/zip-content-store": "0.0.8",
        "@shanzhai/zip-store": "0.0.7"
      }
    },
    "node_modules/@shanzhai/ephemeral-keyed-store": {
      "version": "0.0.6",
      "resolved": "https://registry.npmjs.org/@shanzhai/ephemeral-keyed-store/-/ephemeral-keyed-store-0.0.6.tgz",
      "integrity": "sha512-6Erj5x7v4X9FvCe4vNF3uIfdnLMXCk+QeIQyyiV5enAwQ+NbW2N3TRz8mvHct1acKWsrHRkQPQ+06sYzsWoYpQ==",
      "dev": true,
      "engines": {
        "node": ">=17.6.0"
      }
    },
    "node_modules/@shanzhai/ephemeral-unkeyed-store": {
      "version": "0.0.6",
      "resolved": "https://registry.npmjs.org/@shanzhai/ephemeral-unkeyed-store/-/ephemeral-unkeyed-store-0.0.6.tgz",
      "integrity": "sha512-5IwhOoMEqLLCTv4inF+k0xM3y0lKzq6SJUErwP1TQKC/XfMc3JDc4A1q6p6qDg2fjeWkGikPCVKGhV47N+9z4Q==",
      "dev": true,
      "engines": {
        "node": ">=17.6.0"
      }
    },
    "node_modules/@shanzhai/interfaces": {
      "version": "0.0.26",
      "resolved": "https://registry.npmjs.org/@shanzhai/interfaces/-/interfaces-0.0.26.tgz",
      "integrity": "sha512-h0THCzCa63o0ZybdNJ0jwDH3Rpip5oNnRTgsHwuItO3CA6/yPIvZ8smI+mQkAYUE4W36sO8QgZddG5kLT/Qu+A==",
      "engines": {
        "node": ">=17.6.0"
      }
    },
    "node_modules/@shanzhai/keyed-store-get-all-input": {
      "version": "0.0.6",
      "resolved": "https://registry.npmjs.org/@shanzhai/keyed-store-get-all-input/-/keyed-store-get-all-input-0.0.6.tgz",
      "integrity": "sha512-vgD8KC1j9XQazvxKshEBHd89nk9m3//GGXyVo83KJt+UkcZMNZbDHT7Mtlp1WhBbs8uc21Yom5siTqgwW+BkJQ==",
      "engines": {
        "node": ">=17.6.0"
      }
    },
    "node_modules/@shanzhai/merge-object-input": {
      "version": "0.0.11",
      "resolved": "https://registry.npmjs.org/@shanzhai/merge-object-input/-/merge-object-input-0.0.11.tgz",
      "integrity": "sha512-qZ4vo3mm7ok1l3fqVfvozQOes2i1AaWS8E54vSaON3fcKBQq4G8/DFg/wLdESpR3sK/OnQ+otLh5218vZhcJjA==",
      "engines": {
        "node": ">=17.6.0"
      }
    },
    "node_modules/@shanzhai/unkeyed-store-set-output": {
      "version": "0.0.6",
      "resolved": "https://registry.npmjs.org/@shanzhai/unkeyed-store-set-output/-/unkeyed-store-set-output-0.0.6.tgz",
      "integrity": "sha512-Jg9b8GpLLJReL0PQdiX565EzZy2H2h/FJoNkOH0JmqE3HxwOsrWjfKrnDEyOVZoHAFvnl7iXVzpFhZknaqF4Xg==",
      "engines": {
        "node": ">=17.6.0"
      }
    },
    "node_modules/@shanzhai/zip-content-store": {
      "version": "0.0.8",
      "resolved": "https://registry.npmjs.org/@shanzhai/zip-content-store/-/zip-content-store-0.0.8.tgz",
      "integrity": "sha512-r2479irawAb1NusFM6nqKaa9IqQrG8K3khIoFoyypm8PcDwg+9xCPTZ7g5jGYp+6bNZXNNFCYEq6FmT7IYaxEQ==",
      "dev": true,
      "dependencies": {
        "@shanzhai/ephemeral-keyed-store": "0.0.6"
      },
      "engines": {
        "node": ">=17.6.0"
      }
    },
    "node_modules/@shanzhai/zip-step": {
      "version": "0.0.12",
      "resolved": "https://registry.npmjs.org/@shanzhai/zip-step/-/zip-step-0.0.12.tgz",
      "integrity": "sha512-emVfXFrYKxieRaxVPfE7yQfaYVx9hWsYgsGpuFIKdWDtHkYTHjYfhcr2AoxN2TPpJlWEI+08y4dhY8yjzUkoKg==",
      "dependencies": {
        "@shanzhai/interfaces": "0.0.26",
        "7zip-bin": "5.1.1",
        "uuid": "8.3.2"
      },
      "engines": {
        "node": ">=17.6.0"
      }
    },
    "node_modules/@shanzhai/zip-store": {
      "version": "0.0.7",
      "resolved": "https://registry.npmjs.org/@shanzhai/zip-store/-/zip-store-0.0.7.tgz",
      "integrity": "sha512-wwmXpt8LGYeXZK4D2ylrM1fpAQgtO5U0PHZwo+8fHiEWOjPrr53qeT5sO/gSQXKMS7sYbte8QdxOm39sI8wx/Q==",
      "dev": true,
      "dependencies": {
        "@shanzhai/ephemeral-unkeyed-store": "0.0.6"
      },
      "engines": {
        "node": ">=17.6.0"
      }
    },
    "node_modules/7zip-bin": {
      "version": "5.1.1",
      "resolved": "https://registry.npmjs.org/7zip-bin/-/7zip-bin-5.1.1.tgz",
      "integrity": "sha512-sAP4LldeWNz0lNzmTird3uWfFDWWTeg6V/MsmyyLR9X1idwKBWIgt/ZvinqQldJm3LecKEs1emkbquO6PCiLVQ=="
    },
    "node_modules/uuid": {
      "version": "8.3.2",
      "resolved": "https://registry.npmjs.org/uuid/-/uuid-8.3.2.tgz",
      "integrity": "sha512-+NYs2QeMWy+GWFOEm9xnn6HCDp0l7QBD7ml8zLUmJ+93Q5NF0NocErnwkTkXVFNiX3/fpC6afS8Dhb/gz7R7eg==",
      "bin": {
        "uuid": "dist/bin/uuid"
      }
    }
  },
  "dependencies": {
    "@shanzhai/ephemeral-keyed-store": {
      "version": "0.0.6",
      "resolved": "https://registry.npmjs.org/@shanzhai/ephemeral-keyed-store/-/ephemeral-keyed-store-0.0.6.tgz",
      "integrity": "sha512-6Erj5x7v4X9FvCe4vNF3uIfdnLMXCk+QeIQyyiV5enAwQ+NbW2N3TRz8mvHct1acKWsrHRkQPQ+06sYzsWoYpQ==",
      "dev": true
    },
    "@shanzhai/ephemeral-unkeyed-store": {
      "version": "0.0.6",
      "resolved": "https://registry.npmjs.org/@shanzhai/ephemeral-unkeyed-store/-/ephemeral-unkeyed-store-0.0.6.tgz",
      "integrity": "sha512-5IwhOoMEqLLCTv4inF+k0xM3y0lKzq6SJUErwP1TQKC/XfMc3JDc4A1q6p6qDg2fjeWkGikPCVKGhV47N+9z4Q==",
      "dev": true
    },
    "@shanzhai/interfaces": {
      "version": "0.0.26",
      "resolved": "https://registry.npmjs.org/@shanzhai/interfaces/-/interfaces-0.0.26.tgz",
      "integrity": "sha512-h0THCzCa63o0ZybdNJ0jwDH3Rpip5oNnRTgsHwuItO3CA6/yPIvZ8smI+mQkAYUE4W36sO8QgZddG5kLT/Qu+A=="
    },
    "@shanzhai/keyed-store-get-all-input": {
      "version": "0.0.6",
      "resolved": "https://registry.npmjs.org/@shanzhai/keyed-store-get-all-input/-/keyed-store-get-all-input-0.0.6.tgz",
      "integrity": "sha512-vgD8KC1j9XQazvxKshEBHd89nk9m3//GGXyVo83KJt+UkcZMNZbDHT7Mtlp1WhBbs8uc21Yom5siTqgwW+BkJQ=="
    },
    "@shanzhai/merge-object-input": {
      "version": "0.0.11",
      "resolved": "https://registry.npmjs.org/@shanzhai/merge-object-input/-/merge-object-input-0.0.11.tgz",
      "integrity": "sha512-qZ4vo3mm7ok1l3fqVfvozQOes2i1AaWS8E54vSaON3fcKBQq4G8/DFg/wLdESpR3sK/OnQ+otLh5218vZhcJjA=="
    },
    "@shanzhai/unkeyed-store-set-output": {
      "version": "0.0.6",
      "resolved": "https://registry.npmjs.org/@shanzhai/unkeyed-store-set-output/-/unkeyed-store-set-output-0.0.6.tgz",
      "integrity": "sha512-Jg9b8GpLLJReL0PQdiX565EzZy2H2h/FJoNkOH0JmqE3HxwOsrWjfKrnDEyOVZoHAFvnl7iXVzpFhZknaqF4Xg=="
    },
    "@shanzhai/zip-content-store": {
      "version": "0.0.8",
      "resolved": "https://registry.npmjs.org/@shanzhai/zip-content-store/-/zip-content-store-0.0.8.tgz",
      "integrity": "sha512-r2479irawAb1NusFM6nqKaa9IqQrG8K3khIoFoyypm8PcDwg+9xCPTZ7g5jGYp+6bNZXNNFCYEq6FmT7IYaxEQ==",
      "dev": true,
      "requires": {
        "@shanzhai/ephemeral-keyed-store": "0.0.6"
      }
    },
    "@shanzhai/zip-step": {
      "version": "0.0.12",
      "resolved": "https://registry.npmjs.org/@shanzhai/zip-step/-/zip-step-0.0.12.tgz",
      "integrity": "sha512-emVfXFrYKxieRaxVPfE7yQfaYVx9hWsYgsGpuFIKdWDtHkYTHjYfhcr2AoxN2TPpJlWEI+08y4dhY8yjzUkoKg==",
      "requires": {
        "@shanzhai/interfaces": "0.0.26",
        "7zip-bin": "5.1.1",
        "uuid": "8.3.2"
      }
    },
    "@shanzhai/zip-store": {
      "version": "0.0.7",
      "resolved": "https://registry.npmjs.org/@shanzhai/zip-store/-/zip-store-0.0.7.tgz",
      "integrity": "sha512-wwmXpt8LGYeXZK4D2ylrM1fpAQgtO5U0PHZwo+8fHiEWOjPrr53qeT5sO/gSQXKMS7sYbte8QdxOm39sI8wx/Q==",
      "dev": true,
      "requires": {
        "@shanzhai/ephemeral-unkeyed-store": "0.0.6"
      }
    },
    "7zip-bin": {
      "version": "5.1.1",
      "resolved": "https://registry.npmjs.org/7zip-bin/-/7zip-bin-5.1.1.tgz",
      "integrity": "sha512-sAP4LldeWNz0lNzmTird3uWfFDWWTeg6V/MsmyyLR9X1idwKBWIgt/ZvinqQldJm3LecKEs1emkbquO6PCiLVQ=="
    },
    "uuid": {
      "version": "8.3.2",
      "resolved": "https://registry.npmjs.org/uuid/-/uuid-8.3.2.tgz",
      "integrity": "sha512-+NYs2QeMWy+GWFOEm9xnn6HCDp0l7QBD7ml8zLUmJ+93Q5NF0NocErnwkTkXVFNiX3/fpC6afS8Dhb/gz7R7eg=="
    }
  }
}
