{
  "name": "@shanzhai/minify-step",
  "version": "0.0.0",
  "lockfileVersion": 1,
  "requires": true,
  "dependencies": {
    "@shanzhai/interfaces": {
      "version": "0.0.0",
      "resolved": "https://registry.npmjs.org/@shanzhai/interfaces/-/interfaces-0.0.0.tgz",
      "integrity": "sha512-W+T8G7DV1GVH+SL1VBeTYLDYWOeOOC5uYlQG7jyRuYko/P0cZhiBXB7VnlnaqVAzblnNYPixt9q1oVq7ruAKrQ==",
      "dev": true
    }
  }
}
