{
  "name": "@shanzhai/production-cli",
  "version": "0.0.0",
  "lockfileVersion": 1,
  "requires": true,
  "dependencies": {
    "@shanzhai/change-tracking-helpers": {
      "version": "0.0.1",
      "resolved": "https://registry.npmjs.org/@shanzhai/change-tracking-helpers/-/change-tracking-helpers-0.0.1.tgz",
      "integrity": "sha512-qjvbKYqwTzWAFBO8GfRZ28f39xsmyH3zErWWt7m68vJaPah3ajQFsj+nmT7bbhcdHxkaZbxHnZcMD/RIM4ofqg=="
    },
    "@shanzhai/interfaces": {
      "version": "0.0.0",
      "resolved": "https://registry.npmjs.org/@shanzhai/interfaces/-/interfaces-0.0.0.tgz",
      "integrity": "sha512-W+T8G7DV1GVH+SL1VBeTYLDYWOeOOC5uYlQG7jyRuYko/P0cZhiBXB7VnlnaqVAzblnNYPixt9q1oVq7ruAKrQ==",
      "dev": true
    }
  }
}
