{
  "name": "@shanzhai/minify-html-plugin",
  "version": "0.0.5",
  "lockfileVersion": 2,
  "requires": true,
  "packages": {
    "": {
      "name": "@shanzhai/minify-html-plugin",
      "version": "0.0.5",
      "license": "MIT",
      "dependencies": {
        "@shanzhai/delete-from-keyed-store-step": "0.0.2",
        "@shanzhai/keyed-store-get-input": "0.0.2",
        "@shanzhai/keyed-store-set-output": "0.0.2",
        "@shanzhai/minify-html-step": "0.0.8"
      },
      "devDependencies": {
        "@shanzhai/html-source-store": "0.0.4",
        "@shanzhai/interfaces": "0.0.24",
        "@shanzhai/zip-content-store": "0.0.3"
      },
      "engines": {
        "node": ">=17.6.0"
      },
      "peerDependencies": {
        "@shanzhai/html-source-store": "0.0.4",
        "@shanzhai/zip-content-store": "0.0.3"
      }
    },
    "node_modules/@shanzhai/delete-from-keyed-store-step": {
      "version": "0.0.2",
      "resolved": "https://registry.npmjs.org/@shanzhai/delete-from-keyed-store-step/-/delete-from-keyed-store-step-0.0.2.tgz",
      "integrity": "sha512-YcTx3iwF9VJ9R9vHu6XForCEgwk/zrdiOpLdrHAClMNnWRnU59xGs83waauNrzKMjORXCh/pnA8ir2SIGHmS3A==",
      "dependencies": {
        "@shanzhai/interfaces": "0.0.21"
      },
      "engines": {
        "node": ">=12.13.0"
      }
    },
    "node_modules/@shanzhai/delete-from-keyed-store-step/node_modules/@shanzhai/interfaces": {
      "version": "0.0.21",
      "resolved": "https://registry.npmjs.org/@shanzhai/interfaces/-/interfaces-0.0.21.tgz",
      "integrity": "sha512-yvZVC7KGepppA7d2qYV3rR1dQVIbvE5T0LvAgkW75BH0obTTCdnB6ndWwfyq2jNo0lCAYEK0jfM1NhJ4HTWBWw==",
      "engines": {
        "node": ">=12.13.0"
      }
    },
    "node_modules/@shanzhai/ephemeral-keyed-store": {
      "version": "0.0.2",
      "resolved": "https://registry.npmjs.org/@shanzhai/ephemeral-keyed-store/-/ephemeral-keyed-store-0.0.2.tgz",
      "integrity": "sha512-4E7xyYY6DxrF9XPYbmWtR/imwTvAPOKrwNMA8vB1/FknsH7rdH9qN9PBhBxJwqhMySOhHynWE813A+1PfsX8rQ==",
      "dev": true,
      "engines": {
        "node": ">=12.13.0"
      }
    },
    "node_modules/@shanzhai/html-source-store": {
      "version": "0.0.4",
      "resolved": "https://registry.npmjs.org/@shanzhai/html-source-store/-/html-source-store-0.0.4.tgz",
      "integrity": "sha512-tMbP9Fvv+4dNKiPW7Vs998YaBehNzXWING6d90vkJ0nm6wIvS1on6L2iQGjKu+0W0BKPY5Db7dstJoh9iGxWCg==",
      "dev": true,
      "dependencies": {
        "@shanzhai/ephemeral-keyed-store": "0.0.2"
      },
      "engines": {
        "node": ">=12.13.0"
      }
    },
    "node_modules/@shanzhai/interfaces": {
      "version": "0.0.24",
      "resolved": "https://registry.npmjs.org/@shanzhai/interfaces/-/interfaces-0.0.24.tgz",
      "integrity": "sha512-5y2+CvtOKnh3jkwdIAHY2bcuFwnCE9hn4QFo8UawjbIow5i3PAC0fTFQ00baMxb/BK6s2JajHvt96aIasgTn2w==",
      "dev": true,
      "engines": {
        "node": ">=17.6.0"
      }
    },
    "node_modules/@shanzhai/keyed-store-get-input": {
      "version": "0.0.2",
      "resolved": "https://registry.npmjs.org/@shanzhai/keyed-store-get-input/-/keyed-store-get-input-0.0.2.tgz",
      "integrity": "sha512-WkTHHSCTpAUElWT4p6Hjty2eIJ45ECgR+hgc3di3IK4dcBsrFg/ijwPyLQrF6QM379IUj8CSIBGd5OVwsiU1gQ==",
      "engines": {
        "node": ">=12.13.0"
      }
    },
    "node_modules/@shanzhai/keyed-store-set-output": {
      "version": "0.0.2",
      "resolved": "https://registry.npmjs.org/@shanzhai/keyed-store-set-output/-/keyed-store-set-output-0.0.2.tgz",
      "integrity": "sha512-sJ3PzoD4yB4q9sgPDc1nuONg08uUmDIbNu7RwNzm4I5TOsBZQ2ZvK7oVjAtwh15EHfTR3hcTDNd6EaR+KKyA7A==",
      "engines": {
        "node": ">=12.13.0"
      }
    },
    "node_modules/@shanzhai/minify-html-step": {
      "version": "0.0.8",
      "resolved": "https://registry.npmjs.org/@shanzhai/minify-html-step/-/minify-html-step-0.0.8.tgz",
      "integrity": "sha512-7hnd3nD0pG7EUXiR4yFc4a154l2E+C10sQMQ8oSMf/QIjsQ6S+x9HlnZwJ3G5+Qc4wD3QQ7cbuc1Uzrq/PX35w==",
      "dependencies": {
        "@shanzhai/minify-step": "0.0.7",
        "html-minifier": "4.0.0"
      },
      "engines": {
        "node": ">=12.13.0"
      }
    },
    "node_modules/@shanzhai/minify-step": {
      "version": "0.0.7",
      "resolved": "https://registry.npmjs.org/@shanzhai/minify-step/-/minify-step-0.0.7.tgz",
      "integrity": "sha512-9iZToZApRL6rh21v6rk3Ggo1HCMRyCo3USZkxIgfmaCKyJsMTeKjKZWrJw0Fb6lXhPugSGHWrZjLiKRVK1CknQ==",
      "dependencies": {
        "@shanzhai/interfaces": "0.0.21"
      },
      "engines": {
        "node": ">=12.13.0"
      }
    },
    "node_modules/@shanzhai/minify-step/node_modules/@shanzhai/interfaces": {
      "version": "0.0.21",
      "resolved": "https://registry.npmjs.org/@shanzhai/interfaces/-/interfaces-0.0.21.tgz",
      "integrity": "sha512-yvZVC7KGepppA7d2qYV3rR1dQVIbvE5T0LvAgkW75BH0obTTCdnB6ndWwfyq2jNo0lCAYEK0jfM1NhJ4HTWBWw==",
      "engines": {
        "node": ">=12.13.0"
      }
    },
    "node_modules/@shanzhai/zip-content-store": {
      "version": "0.0.3",
      "resolved": "https://registry.npmjs.org/@shanzhai/zip-content-store/-/zip-content-store-0.0.3.tgz",
      "integrity": "sha512-BczPErVmrXZ+WOYQGWp/YV0Re0LoYxbWLir8CdNXKhh2xGkT+fNoX4UrqGTgiqx1Ub1ZVFJ/RMPBPbBve71Oew==",
      "dev": true,
      "dependencies": {
        "@shanzhai/ephemeral-keyed-store": "0.0.2"
      },
      "engines": {
        "node": ">=12.13.0"
      }
    },
    "node_modules/camel-case": {
      "version": "3.0.0",
      "resolved": "https://registry.npmjs.org/camel-case/-/camel-case-3.0.0.tgz",
      "integrity": "sha1-yjw2iKTpzzpM2nd9xNy8cTJJz3M=",
      "dependencies": {
        "no-case": "^2.2.0",
        "upper-case": "^1.1.1"
      }
    },
    "node_modules/clean-css": {
      "version": "4.2.3",
      "resolved": "https://registry.npmjs.org/clean-css/-/clean-css-4.2.3.tgz",
      "integrity": "sha512-VcMWDN54ZN/DS+g58HYL5/n4Zrqe8vHJpGA8KdgUXFU4fuP/aHNw8eld9SyEIyabIMJX/0RaY/fplOo5hYLSFA==",
      "dependencies": {
        "source-map": "~0.6.0"
      },
      "engines": {
        "node": ">= 4.0"
      }
    },
    "node_modules/commander": {
      "version": "2.20.3",
      "resolved": "https://registry.npmjs.org/commander/-/commander-2.20.3.tgz",
      "integrity": "sha512-GpVkmM8vF2vQUkj2LvZmD35JxeJOLCwJ9cUkugyk2nuhbv3+mJvpLYYt+0+USMxE+oj+ey/lJEnhZw75x/OMcQ=="
    },
    "node_modules/he": {
      "version": "1.2.0",
      "resolved": "https://registry.npmjs.org/he/-/he-1.2.0.tgz",
      "integrity": "sha512-F/1DnUGPopORZi0ni+CvrCgHQ5FyEAHRLSApuYWMmrbSwoN2Mn/7k+Gl38gJnR7yyDZk6WLXwiGod1JOWNDKGw==",
      "bin": {
        "he": "bin/he"
      }
    },
    "node_modules/html-minifier": {
      "version": "4.0.0",
      "resolved": "https://registry.npmjs.org/html-minifier/-/html-minifier-4.0.0.tgz",
      "integrity": "sha512-aoGxanpFPLg7MkIl/DDFYtb0iWz7jMFGqFhvEDZga6/4QTjneiD8I/NXL1x5aaoCp7FSIT6h/OhykDdPsbtMig==",
      "dependencies": {
        "camel-case": "^3.0.0",
        "clean-css": "^4.2.1",
        "commander": "^2.19.0",
        "he": "^1.2.0",
        "param-case": "^2.1.1",
        "relateurl": "^0.2.7",
        "uglify-js": "^3.5.1"
      },
      "bin": {
        "html-minifier": "cli.js"
      },
      "engines": {
        "node": ">=6"
      }
    },
    "node_modules/lower-case": {
      "version": "1.1.4",
      "resolved": "https://registry.npmjs.org/lower-case/-/lower-case-1.1.4.tgz",
      "integrity": "sha1-miyr0bno4K6ZOkv31YdcOcQujqw="
    },
    "node_modules/no-case": {
      "version": "2.3.2",
      "resolved": "https://registry.npmjs.org/no-case/-/no-case-2.3.2.tgz",
      "integrity": "sha512-rmTZ9kz+f3rCvK2TD1Ue/oZlns7OGoIWP4fc3llxxRXlOkHKoWPPWJOfFYpITabSow43QJbRIoHQXtt10VldyQ==",
      "dependencies": {
        "lower-case": "^1.1.1"
      }
    },
    "node_modules/param-case": {
      "version": "2.1.1",
      "resolved": "https://registry.npmjs.org/param-case/-/param-case-2.1.1.tgz",
      "integrity": "sha1-35T9jPZTHs915r75oIWPvHK+Ikc=",
      "dependencies": {
        "no-case": "^2.2.0"
      }
    },
    "node_modules/relateurl": {
      "version": "0.2.7",
      "resolved": "https://registry.npmjs.org/relateurl/-/relateurl-0.2.7.tgz",
      "integrity": "sha1-VNvzd+UUQKypCkzSdGANP/LYiKk=",
      "engines": {
        "node": ">= 0.10"
      }
    },
    "node_modules/source-map": {
      "version": "0.6.1",
      "resolved": "https://registry.npmjs.org/source-map/-/source-map-0.6.1.tgz",
      "integrity": "sha512-UjgapumWlbMhkBgzT7Ykc5YXUT46F0iKu8SGXq0bcwP5dz/h0Plj6enJqjz1Zbq2l5WaqYnrVbwWOWMyF3F47g==",
      "engines": {
        "node": ">=0.10.0"
      }
    },
    "node_modules/uglify-js": {
      "version": "3.14.2",
      "resolved": "https://registry.npmjs.org/uglify-js/-/uglify-js-3.14.2.tgz",
      "integrity": "sha512-rtPMlmcO4agTUfz10CbgJ1k6UAoXM2gWb3GoMPPZB/+/Ackf8lNWk11K4rYi2D0apgoFRLtQOZhb+/iGNJq26A==",
      "bin": {
        "uglifyjs": "bin/uglifyjs"
      },
      "engines": {
        "node": ">=0.8.0"
      }
    },
    "node_modules/upper-case": {
      "version": "1.1.3",
      "resolved": "https://registry.npmjs.org/upper-case/-/upper-case-1.1.3.tgz",
      "integrity": "sha1-9rRQHC7EzdJrp4vnIilh3ndiFZg="
    }
  },
  "dependencies": {
    "@shanzhai/delete-from-keyed-store-step": {
      "version": "0.0.2",
      "resolved": "https://registry.npmjs.org/@shanzhai/delete-from-keyed-store-step/-/delete-from-keyed-store-step-0.0.2.tgz",
      "integrity": "sha512-YcTx3iwF9VJ9R9vHu6XForCEgwk/zrdiOpLdrHAClMNnWRnU59xGs83waauNrzKMjORXCh/pnA8ir2SIGHmS3A==",
      "requires": {
        "@shanzhai/interfaces": "0.0.21"
      },
      "dependencies": {
        "@shanzhai/interfaces": {
          "version": "0.0.21",
          "resolved": "https://registry.npmjs.org/@shanzhai/interfaces/-/interfaces-0.0.21.tgz",
          "integrity": "sha512-yvZVC7KGepppA7d2qYV3rR1dQVIbvE5T0LvAgkW75BH0obTTCdnB6ndWwfyq2jNo0lCAYEK0jfM1NhJ4HTWBWw=="
        }
      }
    },
    "@shanzhai/ephemeral-keyed-store": {
      "version": "0.0.2",
      "resolved": "https://registry.npmjs.org/@shanzhai/ephemeral-keyed-store/-/ephemeral-keyed-store-0.0.2.tgz",
      "integrity": "sha512-4E7xyYY6DxrF9XPYbmWtR/imwTvAPOKrwNMA8vB1/FknsH7rdH9qN9PBhBxJwqhMySOhHynWE813A+1PfsX8rQ==",
      "dev": true
    },
    "@shanzhai/html-source-store": {
      "version": "0.0.4",
      "resolved": "https://registry.npmjs.org/@shanzhai/html-source-store/-/html-source-store-0.0.4.tgz",
      "integrity": "sha512-tMbP9Fvv+4dNKiPW7Vs998YaBehNzXWING6d90vkJ0nm6wIvS1on6L2iQGjKu+0W0BKPY5Db7dstJoh9iGxWCg==",
      "dev": true,
      "requires": {
        "@shanzhai/ephemeral-keyed-store": "0.0.2"
      }
    },
    "@shanzhai/interfaces": {
      "version": "0.0.24",
      "resolved": "https://registry.npmjs.org/@shanzhai/interfaces/-/interfaces-0.0.24.tgz",
      "integrity": "sha512-5y2+CvtOKnh3jkwdIAHY2bcuFwnCE9hn4QFo8UawjbIow5i3PAC0fTFQ00baMxb/BK6s2JajHvt96aIasgTn2w==",
      "dev": true
    },
    "@shanzhai/keyed-store-get-input": {
      "version": "0.0.2",
      "resolved": "https://registry.npmjs.org/@shanzhai/keyed-store-get-input/-/keyed-store-get-input-0.0.2.tgz",
      "integrity": "sha512-WkTHHSCTpAUElWT4p6Hjty2eIJ45ECgR+hgc3di3IK4dcBsrFg/ijwPyLQrF6QM379IUj8CSIBGd5OVwsiU1gQ=="
    },
    "@shanzhai/keyed-store-set-output": {
      "version": "0.0.2",
      "resolved": "https://registry.npmjs.org/@shanzhai/keyed-store-set-output/-/keyed-store-set-output-0.0.2.tgz",
      "integrity": "sha512-sJ3PzoD4yB4q9sgPDc1nuONg08uUmDIbNu7RwNzm4I5TOsBZQ2ZvK7oVjAtwh15EHfTR3hcTDNd6EaR+KKyA7A=="
    },
    "@shanzhai/minify-html-step": {
      "version": "0.0.8",
      "resolved": "https://registry.npmjs.org/@shanzhai/minify-html-step/-/minify-html-step-0.0.8.tgz",
      "integrity": "sha512-7hnd3nD0pG7EUXiR4yFc4a154l2E+C10sQMQ8oSMf/QIjsQ6S+x9HlnZwJ3G5+Qc4wD3QQ7cbuc1Uzrq/PX35w==",
      "requires": {
        "@shanzhai/minify-step": "0.0.7",
        "html-minifier": "4.0.0"
      }
    },
    "@shanzhai/minify-step": {
      "version": "0.0.7",
      "resolved": "https://registry.npmjs.org/@shanzhai/minify-step/-/minify-step-0.0.7.tgz",
      "integrity": "sha512-9iZToZApRL6rh21v6rk3Ggo1HCMRyCo3USZkxIgfmaCKyJsMTeKjKZWrJw0Fb6lXhPugSGHWrZjLiKRVK1CknQ==",
      "requires": {
        "@shanzhai/interfaces": "0.0.21"
      },
      "dependencies": {
        "@shanzhai/interfaces": {
          "version": "0.0.21",
          "resolved": "https://registry.npmjs.org/@shanzhai/interfaces/-/interfaces-0.0.21.tgz",
          "integrity": "sha512-yvZVC7KGepppA7d2qYV3rR1dQVIbvE5T0LvAgkW75BH0obTTCdnB6ndWwfyq2jNo0lCAYEK0jfM1NhJ4HTWBWw=="
        }
      }
    },
    "@shanzhai/zip-content-store": {
      "version": "0.0.3",
      "resolved": "https://registry.npmjs.org/@shanzhai/zip-content-store/-/zip-content-store-0.0.3.tgz",
      "integrity": "sha512-BczPErVmrXZ+WOYQGWp/YV0Re0LoYxbWLir8CdNXKhh2xGkT+fNoX4UrqGTgiqx1Ub1ZVFJ/RMPBPbBve71Oew==",
      "dev": true,
      "requires": {
        "@shanzhai/ephemeral-keyed-store": "0.0.2"
      }
    },
    "camel-case": {
      "version": "3.0.0",
      "resolved": "https://registry.npmjs.org/camel-case/-/camel-case-3.0.0.tgz",
      "integrity": "sha1-yjw2iKTpzzpM2nd9xNy8cTJJz3M=",
      "requires": {
        "no-case": "^2.2.0",
        "upper-case": "^1.1.1"
      }
    },
    "clean-css": {
      "version": "4.2.3",
      "resolved": "https://registry.npmjs.org/clean-css/-/clean-css-4.2.3.tgz",
      "integrity": "sha512-VcMWDN54ZN/DS+g58HYL5/n4Zrqe8vHJpGA8KdgUXFU4fuP/aHNw8eld9SyEIyabIMJX/0RaY/fplOo5hYLSFA==",
      "requires": {
        "source-map": "~0.6.0"
      }
    },
    "commander": {
      "version": "2.20.3",
      "resolved": "https://registry.npmjs.org/commander/-/commander-2.20.3.tgz",
      "integrity": "sha512-GpVkmM8vF2vQUkj2LvZmD35JxeJOLCwJ9cUkugyk2nuhbv3+mJvpLYYt+0+USMxE+oj+ey/lJEnhZw75x/OMcQ=="
    },
    "he": {
      "version": "1.2.0",
      "resolved": "https://registry.npmjs.org/he/-/he-1.2.0.tgz",
      "integrity": "sha512-F/1DnUGPopORZi0ni+CvrCgHQ5FyEAHRLSApuYWMmrbSwoN2Mn/7k+Gl38gJnR7yyDZk6WLXwiGod1JOWNDKGw=="
    },
    "html-minifier": {
      "version": "4.0.0",
      "resolved": "https://registry.npmjs.org/html-minifier/-/html-minifier-4.0.0.tgz",
      "integrity": "sha512-aoGxanpFPLg7MkIl/DDFYtb0iWz7jMFGqFhvEDZga6/4QTjneiD8I/NXL1x5aaoCp7FSIT6h/OhykDdPsbtMig==",
      "requires": {
        "camel-case": "^3.0.0",
        "clean-css": "^4.2.1",
        "commander": "^2.19.0",
        "he": "^1.2.0",
        "param-case": "^2.1.1",
        "relateurl": "^0.2.7",
        "uglify-js": "^3.5.1"
      }
    },
    "lower-case": {
      "version": "1.1.4",
      "resolved": "https://registry.npmjs.org/lower-case/-/lower-case-1.1.4.tgz",
      "integrity": "sha1-miyr0bno4K6ZOkv31YdcOcQujqw="
    },
    "no-case": {
      "version": "2.3.2",
      "resolved": "https://registry.npmjs.org/no-case/-/no-case-2.3.2.tgz",
      "integrity": "sha512-rmTZ9kz+f3rCvK2TD1Ue/oZlns7OGoIWP4fc3llxxRXlOkHKoWPPWJOfFYpITabSow43QJbRIoHQXtt10VldyQ==",
      "requires": {
        "lower-case": "^1.1.1"
      }
    },
    "param-case": {
      "version": "2.1.1",
      "resolved": "https://registry.npmjs.org/param-case/-/param-case-2.1.1.tgz",
      "integrity": "sha1-35T9jPZTHs915r75oIWPvHK+Ikc=",
      "requires": {
        "no-case": "^2.2.0"
      }
    },
    "relateurl": {
      "version": "0.2.7",
      "resolved": "https://registry.npmjs.org/relateurl/-/relateurl-0.2.7.tgz",
      "integrity": "sha1-VNvzd+UUQKypCkzSdGANP/LYiKk="
    },
    "source-map": {
      "version": "0.6.1",
      "resolved": "https://registry.npmjs.org/source-map/-/source-map-0.6.1.tgz",
      "integrity": "sha512-UjgapumWlbMhkBgzT7Ykc5YXUT46F0iKu8SGXq0bcwP5dz/h0Plj6enJqjz1Zbq2l5WaqYnrVbwWOWMyF3F47g=="
    },
    "uglify-js": {
      "version": "3.14.2",
      "resolved": "https://registry.npmjs.org/uglify-js/-/uglify-js-3.14.2.tgz",
      "integrity": "sha512-rtPMlmcO4agTUfz10CbgJ1k6UAoXM2gWb3GoMPPZB/+/Ackf8lNWk11K4rYi2D0apgoFRLtQOZhb+/iGNJq26A=="
    },
    "upper-case": {
      "version": "1.1.3",
      "resolved": "https://registry.npmjs.org/upper-case/-/upper-case-1.1.3.tgz",
      "integrity": "sha1-9rRQHC7EzdJrp4vnIilh3ndiFZg="
    }
  }
}
