{
  "name": "@shanzhai/favicons-options-source-store",
  "version": "0.0.3",
  "lockfileVersion": 2,
  "requires": true,
  "packages": {
    "": {
      "name": "@shanzhai/favicons-options-source-store",
      "version": "0.0.3",
      "license": "MIT",
      "dependencies": {
        "@shanzhai/ephemeral-unkeyed-store": "0.0.6"
      },
      "devDependencies": {
        "@shanzhai/interfaces": "0.0.26"
      },
      "engines": {
        "node": ">=17.6.0"
      }
    },
    "node_modules/@shanzhai/ephemeral-unkeyed-store": {
      "version": "0.0.6",
      "resolved": "https://registry.npmjs.org/@shanzhai/ephemeral-unkeyed-store/-/ephemeral-unkeyed-store-0.0.6.tgz",
      "integrity": "sha512-5IwhOoMEqLLCTv4inF+k0xM3y0lKzq6SJUErwP1TQKC/XfMc3JDc4A1q6p6qDg2fjeWkGikPCVKGhV47N+9z4Q==",
      "engines": {
        "node": ">=17.6.0"
      }
    },
    "node_modules/@shanzhai/interfaces": {
      "version": "0.0.26",
      "resolved": "https://registry.npmjs.org/@shanzhai/interfaces/-/interfaces-0.0.26.tgz",
      "integrity": "sha512-h0THCzCa63o0ZybdNJ0jwDH3Rpip5oNnRTgsHwuItO3CA6/yPIvZ8smI+mQkAYUE4W36sO8QgZddG5kLT/Qu+A==",
      "dev": true,
      "engines": {
        "node": ">=17.6.0"
      }
    }
  },
  "dependencies": {
    "@shanzhai/ephemeral-unkeyed-store": {
      "version": "0.0.6",
      "resolved": "https://registry.npmjs.org/@shanzhai/ephemeral-unkeyed-store/-/ephemeral-unkeyed-store-0.0.6.tgz",
      "integrity": "sha512-5IwhOoMEqLLCTv4inF+k0xM3y0lKzq6SJUErwP1TQKC/XfMc3JDc4A1q6p6qDg2fjeWkGikPCVKGhV47N+9z4Q=="
    },
    "@shanzhai/interfaces": {
      "version": "0.0.26",
      "resolved": "https://registry.npmjs.org/@shanzhai/interfaces/-/interfaces-0.0.26.tgz",
      "integrity": "sha512-h0THCzCa63o0ZybdNJ0jwDH3Rpip5oNnRTgsHwuItO3CA6/yPIvZ8smI+mQkAYUE4W36sO8QgZddG5kLT/Qu+A==",
      "dev": true
    }
  }
}
