{
  "name": "@shanzhai/compile-type-script-plugin",
  "version": "0.0.14",
  "lockfileVersion": 2,
  "requires": true,
  "packages": {
    "": {
      "name": "@shanzhai/compile-type-script-plugin",
      "version": "0.0.14",
      "license": "MIT",
      "dependencies": {
        "@shanzhai/compile-type-script-step": "0.0.15",
        "@shanzhai/keyed-store-get-all-input": "0.0.6",
        "@shanzhai/unkeyed-store-get-input": "0.0.6",
        "@shanzhai/unkeyed-store-set-output": "0.0.6"
      },
      "devDependencies": {
        "@shanzhai/interfaces": "0.0.26",
        "@shanzhai/javascript-source-store": "0.0.15",
        "@shanzhai/parsed-type-script-store": "0.0.13",
        "@shanzhai/type-script-compiler-options-store": "0.0.12"
      },
      "engines": {
        "node": ">=17.6.0"
      },
      "peerDependencies": {
        "@shanzhai/javascript-source-store": "0.0.15",
        "@shanzhai/parsed-type-script-store": "0.0.13",
        "@shanzhai/type-script-compiler-options-store": "0.0.12"
      }
    },
    "node_modules/@shanzhai/compile-type-script-step": {
      "version": "0.0.15",
      "resolved": "https://registry.npmjs.org/@shanzhai/compile-type-script-step/-/compile-type-script-step-0.0.15.tgz",
      "integrity": "sha512-u+H6/wwwzA8BCfTBPcU+ydRvP0xkA7JuAEOpOKIZPmn3JdszEo27KIXCpZmtE0yXL3ZEjdJpyGILGAZ6siVlkQ==",
      "dependencies": {
        "@shanzhai/interfaces": "0.0.26",
        "typescript": "4.6.3"
      },
      "engines": {
        "node": ">=17.6.0"
      }
    },
    "node_modules/@shanzhai/ephemeral-keyed-store": {
      "version": "0.0.5",
      "resolved": "https://registry.npmjs.org/@shanzhai/ephemeral-keyed-store/-/ephemeral-keyed-store-0.0.5.tgz",
      "integrity": "sha512-24Patd42bXbbgpr6WjyM+aN3/PY6JSxAXqgDSjAeNURzi2xbBOiS1PuFb2CGCblZq/WyJ1+jsQgU/mquQze4gw==",
      "dev": true,
      "engines": {
        "node": ">=17.6.0"
      }
    },
    "node_modules/@shanzhai/ephemeral-unkeyed-store": {
      "version": "0.0.5",
      "resolved": "https://registry.npmjs.org/@shanzhai/ephemeral-unkeyed-store/-/ephemeral-unkeyed-store-0.0.5.tgz",
      "integrity": "sha512-q8pdG2CKfo94LlqwuFPAvNfXx+fTui6Okx+MHwwHkUTsrbkZuhru70gyX4Qq61o+qsA6kaDT50eh52Re26uQiw==",
      "dev": true,
      "engines": {
        "node": ">=17.6.0"
      }
    },
    "node_modules/@shanzhai/interfaces": {
      "version": "0.0.26",
      "resolved": "https://registry.npmjs.org/@shanzhai/interfaces/-/interfaces-0.0.26.tgz",
      "integrity": "sha512-h0THCzCa63o0ZybdNJ0jwDH3Rpip5oNnRTgsHwuItO3CA6/yPIvZ8smI+mQkAYUE4W36sO8QgZddG5kLT/Qu+A==",
      "engines": {
        "node": ">=17.6.0"
      }
    },
    "node_modules/@shanzhai/javascript-source-store": {
      "version": "0.0.15",
      "resolved": "https://registry.npmjs.org/@shanzhai/javascript-source-store/-/javascript-source-store-0.0.15.tgz",
      "integrity": "sha512-zwP39DLP8SHGpZgDQ0SCFRyE6CfJbU1V3AaDfVfs46GQzx7TnU9dyjv4VVLWqNcf3kDTgvI75VHCFisd7idZyQ==",
      "dev": true,
      "dependencies": {
        "@shanzhai/ephemeral-unkeyed-store": "0.0.5"
      },
      "engines": {
        "node": ">=17.6.0"
      }
    },
    "node_modules/@shanzhai/keyed-store-get-all-input": {
      "version": "0.0.6",
      "resolved": "https://registry.npmjs.org/@shanzhai/keyed-store-get-all-input/-/keyed-store-get-all-input-0.0.6.tgz",
      "integrity": "sha512-vgD8KC1j9XQazvxKshEBHd89nk9m3//GGXyVo83KJt+UkcZMNZbDHT7Mtlp1WhBbs8uc21Yom5siTqgwW+BkJQ==",
      "engines": {
        "node": ">=17.6.0"
      }
    },
    "node_modules/@shanzhai/parsed-type-script-store": {
      "version": "0.0.13",
      "resolved": "https://registry.npmjs.org/@shanzhai/parsed-type-script-store/-/parsed-type-script-store-0.0.13.tgz",
      "integrity": "sha512-xZKdaI6rVB3NqEl/orp+pRC9gTM+3OwkAayflH1emVPEReqhdsFw4UjT7mrkUkUKDXWT20SpRyc0QX2ngRYrug==",
      "dev": true,
      "dependencies": {
        "@shanzhai/ephemeral-keyed-store": "0.0.5"
      },
      "engines": {
        "node": ">=17.6.0"
      }
    },
    "node_modules/@shanzhai/type-script-compiler-options-store": {
      "version": "0.0.12",
      "resolved": "https://registry.npmjs.org/@shanzhai/type-script-compiler-options-store/-/type-script-compiler-options-store-0.0.12.tgz",
      "integrity": "sha512-XXqUxROGcUBJog3cwY8MbAvOrYksYYHhwx7uKEYPeHZ4HA4zMtcC9jsd2DTbhbWieg4NzDqAYMDjkPH/GyG80g==",
      "dev": true,
      "dependencies": {
        "@shanzhai/ephemeral-unkeyed-store": "0.0.5"
      },
      "engines": {
        "node": ">=17.6.0"
      }
    },
    "node_modules/@shanzhai/unkeyed-store-get-input": {
      "version": "0.0.6",
      "resolved": "https://registry.npmjs.org/@shanzhai/unkeyed-store-get-input/-/unkeyed-store-get-input-0.0.6.tgz",
      "integrity": "sha512-O83jtosVtFlVgeHma/65XCHIWXaJY4/e7RaIVI/jpjO2FeVvCx8MZStFX7G7/wam4NHmvtKaI0p7mNWITds/HA==",
      "engines": {
        "node": ">=17.6.0"
      }
    },
    "node_modules/@shanzhai/unkeyed-store-set-output": {
      "version": "0.0.6",
      "resolved": "https://registry.npmjs.org/@shanzhai/unkeyed-store-set-output/-/unkeyed-store-set-output-0.0.6.tgz",
      "integrity": "sha512-Jg9b8GpLLJReL0PQdiX565EzZy2H2h/FJoNkOH0JmqE3HxwOsrWjfKrnDEyOVZoHAFvnl7iXVzpFhZknaqF4Xg==",
      "engines": {
        "node": ">=17.6.0"
      }
    },
    "node_modules/typescript": {
      "version": "4.6.3",
      "resolved": "https://registry.npmjs.org/typescript/-/typescript-4.6.3.tgz",
      "integrity": "sha512-yNIatDa5iaofVozS/uQJEl3JRWLKKGJKh6Yaiv0GLGSuhpFJe7P3SbHZ8/yjAHRQwKRoA6YZqlfjXWmVzoVSMw==",
      "bin": {
        "tsc": "bin/tsc",
        "tsserver": "bin/tsserver"
      },
      "engines": {
        "node": ">=4.2.0"
      }
    }
  },
  "dependencies": {
    "@shanzhai/compile-type-script-step": {
      "version": "0.0.15",
      "resolved": "https://registry.npmjs.org/@shanzhai/compile-type-script-step/-/compile-type-script-step-0.0.15.tgz",
      "integrity": "sha512-u+H6/wwwzA8BCfTBPcU+ydRvP0xkA7JuAEOpOKIZPmn3JdszEo27KIXCpZmtE0yXL3ZEjdJpyGILGAZ6siVlkQ==",
      "requires": {
        "@shanzhai/interfaces": "0.0.26",
        "typescript": "4.6.3"
      }
    },
    "@shanzhai/ephemeral-keyed-store": {
      "version": "0.0.5",
      "resolved": "https://registry.npmjs.org/@shanzhai/ephemeral-keyed-store/-/ephemeral-keyed-store-0.0.5.tgz",
      "integrity": "sha512-24Patd42bXbbgpr6WjyM+aN3/PY6JSxAXqgDSjAeNURzi2xbBOiS1PuFb2CGCblZq/WyJ1+jsQgU/mquQze4gw==",
      "dev": true
    },
    "@shanzhai/ephemeral-unkeyed-store": {
      "version": "0.0.5",
      "resolved": "https://registry.npmjs.org/@shanzhai/ephemeral-unkeyed-store/-/ephemeral-unkeyed-store-0.0.5.tgz",
      "integrity": "sha512-q8pdG2CKfo94LlqwuFPAvNfXx+fTui6Okx+MHwwHkUTsrbkZuhru70gyX4Qq61o+qsA6kaDT50eh52Re26uQiw==",
      "dev": true
    },
    "@shanzhai/interfaces": {
      "version": "0.0.26",
      "resolved": "https://registry.npmjs.org/@shanzhai/interfaces/-/interfaces-0.0.26.tgz",
      "integrity": "sha512-h0THCzCa63o0ZybdNJ0jwDH3Rpip5oNnRTgsHwuItO3CA6/yPIvZ8smI+mQkAYUE4W36sO8QgZddG5kLT/Qu+A=="
    },
    "@shanzhai/javascript-source-store": {
      "version": "0.0.15",
      "resolved": "https://registry.npmjs.org/@shanzhai/javascript-source-store/-/javascript-source-store-0.0.15.tgz",
      "integrity": "sha512-zwP39DLP8SHGpZgDQ0SCFRyE6CfJbU1V3AaDfVfs46GQzx7TnU9dyjv4VVLWqNcf3kDTgvI75VHCFisd7idZyQ==",
      "dev": true,
      "requires": {
        "@shanzhai/ephemeral-unkeyed-store": "0.0.5"
      }
    },
    "@shanzhai/keyed-store-get-all-input": {
      "version": "0.0.6",
      "resolved": "https://registry.npmjs.org/@shanzhai/keyed-store-get-all-input/-/keyed-store-get-all-input-0.0.6.tgz",
      "integrity": "sha512-vgD8KC1j9XQazvxKshEBHd89nk9m3//GGXyVo83KJt+UkcZMNZbDHT7Mtlp1WhBbs8uc21Yom5siTqgwW+BkJQ=="
    },
    "@shanzhai/parsed-type-script-store": {
      "version": "0.0.13",
      "resolved": "https://registry.npmjs.org/@shanzhai/parsed-type-script-store/-/parsed-type-script-store-0.0.13.tgz",
      "integrity": "sha512-xZKdaI6rVB3NqEl/orp+pRC9gTM+3OwkAayflH1emVPEReqhdsFw4UjT7mrkUkUKDXWT20SpRyc0QX2ngRYrug==",
      "dev": true,
      "requires": {
        "@shanzhai/ephemeral-keyed-store": "0.0.5"
      }
    },
    "@shanzhai/type-script-compiler-options-store": {
      "version": "0.0.12",
      "resolved": "https://registry.npmjs.org/@shanzhai/type-script-compiler-options-store/-/type-script-compiler-options-store-0.0.12.tgz",
      "integrity": "sha512-XXqUxROGcUBJog3cwY8MbAvOrYksYYHhwx7uKEYPeHZ4HA4zMtcC9jsd2DTbhbWieg4NzDqAYMDjkPH/GyG80g==",
      "dev": true,
      "requires": {
        "@shanzhai/ephemeral-unkeyed-store": "0.0.5"
      }
    },
    "@shanzhai/unkeyed-store-get-input": {
      "version": "0.0.6",
      "resolved": "https://registry.npmjs.org/@shanzhai/unkeyed-store-get-input/-/unkeyed-store-get-input-0.0.6.tgz",
      "integrity": "sha512-O83jtosVtFlVgeHma/65XCHIWXaJY4/e7RaIVI/jpjO2FeVvCx8MZStFX7G7/wam4NHmvtKaI0p7mNWITds/HA=="
    },
    "@shanzhai/unkeyed-store-set-output": {
      "version": "0.0.6",
      "resolved": "https://registry.npmjs.org/@shanzhai/unkeyed-store-set-output/-/unkeyed-store-set-output-0.0.6.tgz",
      "integrity": "sha512-Jg9b8GpLLJReL0PQdiX565EzZy2H2h/FJoNkOH0JmqE3HxwOsrWjfKrnDEyOVZoHAFvnl7iXVzpFhZknaqF4Xg=="
    },
    "typescript": {
      "version": "4.6.3",
      "resolved": "https://registry.npmjs.org/typescript/-/typescript-4.6.3.tgz",
      "integrity": "sha512-yNIatDa5iaofVozS/uQJEl3JRWLKKGJKh6Yaiv0GLGSuhpFJe7P3SbHZ8/yjAHRQwKRoA6YZqlfjXWmVzoVSMw=="
    }
  }
}
