{
  "name": "@shanzhai/compile-type-script-plugin",
  "version": "0.0.2",
  "lockfileVersion": 1,
  "requires": true,
  "dependencies": {
    "@shanzhai/compile-type-script-step": {
      "version": "0.0.9",
      "resolved": "https://registry.npmjs.org/@shanzhai/compile-type-script-step/-/compile-type-script-step-0.0.9.tgz",
      "integrity": "sha512-KB7cSfsRI3AJL2q3lIAYWREgHexI6foimJtn80lUncHF8XqqtLQgF9NDR/1BT7RZyS2MmrmnlvVkfuAve/BJsg==",
      "requires": {
        "@shanzhai/interfaces": "0.0.20",
        "typescript": "4.4.2"
      },
      "dependencies": {
        "@shanzhai/interfaces": {
          "version": "0.0.20",
          "resolved": "https://registry.npmjs.org/@shanzhai/interfaces/-/interfaces-0.0.20.tgz",
          "integrity": "sha512-GEH2LwCyzN7f+Xzn/MXW0oNwxLa/IPw0vgDmCzs5w7q+nND9slFml5XdpH/bVnzBUYL5mqslMDV6c44DEdk4Qg=="
        }
      }
    },
    "@shanzhai/ephemeral-keyed-store": {
      "version": "0.0.1",
      "resolved": "https://registry.npmjs.org/@shanzhai/ephemeral-keyed-store/-/ephemeral-keyed-store-0.0.1.tgz",
      "integrity": "sha512-iB53LUD1FOsw9Fl7OxwZwcw0R69v4t3UtdKFsvWm2TNatTtclmFp6ASbzAfQj+EGdvc61z3uu3KBM0hSGaGTYw==",
      "dev": true
    },
    "@shanzhai/ephemeral-unkeyed-store": {
      "version": "0.0.1",
      "resolved": "https://registry.npmjs.org/@shanzhai/ephemeral-unkeyed-store/-/ephemeral-unkeyed-store-0.0.1.tgz",
      "integrity": "sha512-zNaDO52js96TYBKnfhulTf5XhwKGw5KgNCIHJwh7rHM7sOR96y2dx1wJ3L9uSxaeW0/+sZpetIhOVS2teRBk4A==",
      "dev": true
    },
    "@shanzhai/interfaces": {
      "version": "0.0.20",
      "resolved": "https://registry.npmjs.org/@shanzhai/interfaces/-/interfaces-0.0.20.tgz",
      "integrity": "sha512-GEH2LwCyzN7f+Xzn/MXW0oNwxLa/IPw0vgDmCzs5w7q+nND9slFml5XdpH/bVnzBUYL5mqslMDV6c44DEdk4Qg==",
      "dev": true
    },
    "@shanzhai/javascript-source-store": {
      "version": "0.0.8",
      "resolved": "https://registry.npmjs.org/@shanzhai/javascript-source-store/-/javascript-source-store-0.0.8.tgz",
      "integrity": "sha512-1Pz4CRvxFmdn9SS+mKkhgYiieY6FgkdEUjz0XascL/yhAmcWCORqQCZgJttzAj1nbO1KEwwb4tbqpze243mJ2w==",
      "dev": true,
      "requires": {
        "@shanzhai/ephemeral-unkeyed-store": "0.0.1"
      }
    },
    "@shanzhai/keyed-store-get-all-input": {
      "version": "0.0.1",
      "resolved": "https://registry.npmjs.org/@shanzhai/keyed-store-get-all-input/-/keyed-store-get-all-input-0.0.1.tgz",
      "integrity": "sha512-oULtwZzZuWSqaT3L0WIDmuzq21dNiTZyGn3Vi4cUCEh0wtBfjaT4K3e5KMc8Fj4YEq1PaIqpDIxsI0aeUvB0Tg=="
    },
    "@shanzhai/parsed-type-script-store": {
      "version": "0.0.8",
      "resolved": "https://registry.npmjs.org/@shanzhai/parsed-type-script-store/-/parsed-type-script-store-0.0.8.tgz",
      "integrity": "sha512-KzADLiFcpqWFvZaIKsxgXWbS/rrUkXQAS3x8kUF2XzqJjNKSTYOQkF/V5ruQmJ/lFz/9/aJ/A9KHJtAlWgPIvA==",
      "dev": true,
      "requires": {
        "@shanzhai/ephemeral-keyed-store": "0.0.1"
      }
    },
    "@shanzhai/type-script-compiler-options-store": {
      "version": "0.0.7",
      "resolved": "https://registry.npmjs.org/@shanzhai/type-script-compiler-options-store/-/type-script-compiler-options-store-0.0.7.tgz",
      "integrity": "sha512-gPXFdyh5upuGI4e8QQI6w1J0NbaX+KhPEhkveFLqc35rQtRaLjBJVDlNvRNOjGZCSNKMFwdFwWPFILFqc8RmhA==",
      "dev": true,
      "requires": {
        "@shanzhai/ephemeral-unkeyed-store": "0.0.1"
      }
    },
    "@shanzhai/unkeyed-store-get-input": {
      "version": "0.0.1",
      "resolved": "https://registry.npmjs.org/@shanzhai/unkeyed-store-get-input/-/unkeyed-store-get-input-0.0.1.tgz",
      "integrity": "sha512-t/RYbkKfUxf48T1ElzsgdXhcDkWiByJOxIr17cERSOCr196/lSgAo5W6844OaouJexl4OAUCKODHUjGucK0Mvg=="
    },
    "@shanzhai/unkeyed-store-set-output": {
      "version": "0.0.1",
      "resolved": "https://registry.npmjs.org/@shanzhai/unkeyed-store-set-output/-/unkeyed-store-set-output-0.0.1.tgz",
      "integrity": "sha512-avzwUkIkXiKu0j/HU9QkJYn5ts7n+zgj/f/mNyTx7WN605OcqGCLPEkCRztEHM4zMVNXLgVKhURPpPxuXklNTQ=="
    },
    "typescript": {
      "version": "4.4.2",
      "resolved": "https://registry.npmjs.org/typescript/-/typescript-4.4.2.tgz",
      "integrity": "sha512-gzP+t5W4hdy4c+68bfcv0t400HVJMMd2+H9B7gae1nQlBzCqvrXX+6GL/b3GAgyTH966pzrZ70/fRjwAtZksSQ=="
    }
  }
}
