{
  "name": "@shanzhai/compile-type-script-plugin",
  "version": "0.0.1",
  "lockfileVersion": 1,
  "requires": true,
  "dependencies": {
    "@shanzhai/compile-type-script-step": {
      "version": "0.0.9",
      "resolved": "https://registry.npmjs.org/@shanzhai/compile-type-script-step/-/compile-type-script-step-0.0.9.tgz",
      "integrity": "sha512-KB7cSfsRI3AJL2q3lIAYWREgHexI6foimJtn80lUncHF8XqqtLQgF9NDR/1BT7RZyS2MmrmnlvVkfuAve/BJsg==",
      "requires": {
        "@shanzhai/interfaces": "0.0.20",
        "typescript": "4.4.2"
      },
      "dependencies": {
        "@shanzhai/interfaces": {
          "version": "0.0.20",
          "resolved": "https://registry.npmjs.org/@shanzhai/interfaces/-/interfaces-0.0.20.tgz",
          "integrity": "sha512-GEH2LwCyzN7f+Xzn/MXW0oNwxLa/IPw0vgDmCzs5w7q+nND9slFml5XdpH/bVnzBUYL5mqslMDV6c44DEdk4Qg=="
        }
      }
    },
    "@shanzhai/delete-from-unkeyed-store-step": {
      "version": "0.0.0",
      "resolved": "https://registry.npmjs.org/@shanzhai/delete-from-unkeyed-store-step/-/delete-from-unkeyed-store-step-0.0.0.tgz",
      "integrity": "sha512-bWqWZlbQ03JTkvXmhIo4UCIF6EGkHhrNBgjFHgOujiqj+s+VVwiaDHbCAFYZELMTmC0ALVuLP25/LndFf71gng==",
      "requires": {
        "@shanzhai/interfaces": "0.0.18"
      }
    },
    "@shanzhai/ephemeral-keyed-store": {
      "version": "0.0.0",
      "resolved": "https://registry.npmjs.org/@shanzhai/ephemeral-keyed-store/-/ephemeral-keyed-store-0.0.0.tgz",
      "integrity": "sha512-BS9zPghB3qi5F/2YXc7SfTI8HLWIOLjnakjv8FCH3FOwwcHjBVv5LbsQyi25/tPWKeq672G96YQa8qLd12VqnQ==",
      "dev": true
    },
    "@shanzhai/ephemeral-unkeyed-store": {
      "version": "0.0.0",
      "resolved": "https://registry.npmjs.org/@shanzhai/ephemeral-unkeyed-store/-/ephemeral-unkeyed-store-0.0.0.tgz",
      "integrity": "sha512-K8tHWB9kQ3TLHa2IDItirCkrEgr+6peDUgL1TVBBU5TGa2Pdaz6ROJqnf2/DYQKWwdIL5YmTsPja6TbyE2HVKQ==",
      "dev": true
    },
    "@shanzhai/interfaces": {
      "version": "0.0.18",
      "resolved": "https://registry.npmjs.org/@shanzhai/interfaces/-/interfaces-0.0.18.tgz",
      "integrity": "sha512-NStIFvxoL8noS+CIPSfDmQX0Fq13VLe2jmR1c0yMhY6oN1qpwTjemm2HlYRXRv2wL03T1PfvwhicTw7BesPo4Q=="
    },
    "@shanzhai/javascript-source-store": {
      "version": "0.0.7",
      "resolved": "https://registry.npmjs.org/@shanzhai/javascript-source-store/-/javascript-source-store-0.0.7.tgz",
      "integrity": "sha512-ZI7wrT9Q6ipQqWV8KZPJagC3T2Vz5E09D54ucrdf5jJdUEhpZ0YzfNpBY7LxFG1j+3Wdp1YC/ZZe8r68lk3wJA==",
      "dev": true,
      "requires": {
        "@shanzhai/ephemeral-unkeyed-store": "0.0.0"
      }
    },
    "@shanzhai/keyed-store-get-all-input": {
      "version": "0.0.0",
      "resolved": "https://registry.npmjs.org/@shanzhai/keyed-store-get-all-input/-/keyed-store-get-all-input-0.0.0.tgz",
      "integrity": "sha512-A8zmNaRUcPlwgPe9R3cZ3BbQ9aQLcWoZl5NwmO3L4z8oZ5lHb8fxuAw8pjhLLTMmj5GuDxoY9jQoqbgplBhnKA=="
    },
    "@shanzhai/parsed-type-script-store": {
      "version": "0.0.7",
      "resolved": "https://registry.npmjs.org/@shanzhai/parsed-type-script-store/-/parsed-type-script-store-0.0.7.tgz",
      "integrity": "sha512-rIP2vu4k6apywtw4ycW8TJ+vOKiQx/YTrV+eAI8CaaGPiAMB2G/ApcS4OKpxwJjVn6rfjgQL/gMsxNKzge5AuA==",
      "dev": true,
      "requires": {
        "@shanzhai/ephemeral-keyed-store": "0.0.0"
      }
    },
    "@shanzhai/serial-step": {
      "version": "0.0.6",
      "resolved": "https://registry.npmjs.org/@shanzhai/serial-step/-/serial-step-0.0.6.tgz",
      "integrity": "sha512-KTVm6YCG/q99wCiweaVt/OYLHwMzIsY2EjbRJxnYPYMJN4vw5EsWeWBj125iAymzG9SGWmx5Xb84FrzbO8Jb+g==",
      "requires": {
        "@shanzhai/interfaces": "0.0.18"
      }
    },
    "@shanzhai/type-script-compiler-options-store": {
      "version": "0.0.6",
      "resolved": "https://registry.npmjs.org/@shanzhai/type-script-compiler-options-store/-/type-script-compiler-options-store-0.0.6.tgz",
      "integrity": "sha512-qQCTAVFmt0kW69wNPj6Dv5FpjT2xQsjgHr6Te7lIIG3jyhRNq/s1xFy0/Mere1T3M5IbDhTQ0N2ypvvwxzhJNA==",
      "dev": true,
      "requires": {
        "@shanzhai/ephemeral-unkeyed-store": "0.0.0"
      }
    },
    "@shanzhai/unkeyed-store-get-input": {
      "version": "0.0.0",
      "resolved": "https://registry.npmjs.org/@shanzhai/unkeyed-store-get-input/-/unkeyed-store-get-input-0.0.0.tgz",
      "integrity": "sha512-0R69pPV8LNC8HdvpyEEgezlNTCZiR85KfmACYJgc3O62oStibZwi0s5zJ0RyC9WWNXn8vgjsFdBDl5/13UsLCQ=="
    },
    "@shanzhai/unkeyed-store-set-output": {
      "version": "0.0.0",
      "resolved": "https://registry.npmjs.org/@shanzhai/unkeyed-store-set-output/-/unkeyed-store-set-output-0.0.0.tgz",
      "integrity": "sha512-V6mL0w8t2VRWPZhHLKqP0n6R0VKUc/Ct0+c4NHmpXnbUMMPEJ8ooqpC4mOjUV5a1whM+X74kCdkacjHEkDgS0A=="
    },
    "typescript": {
      "version": "4.4.2",
      "resolved": "https://registry.npmjs.org/typescript/-/typescript-4.4.2.tgz",
      "integrity": "sha512-gzP+t5W4hdy4c+68bfcv0t400HVJMMd2+H9B7gae1nQlBzCqvrXX+6GL/b3GAgyTH966pzrZ70/fRjwAtZksSQ=="
    }
  }
}
