{
  "name": "@shanzhai/read-favicons-options-plugin",
  "version": "0.0.5",
  "lockfileVersion": 2,
  "requires": true,
  "packages": {
    "": {
      "name": "@shanzhai/read-favicons-options-plugin",
      "version": "0.0.5",
      "license": "MIT",
      "dependencies": {
        "@shanzhai/nop-step": "0.0.2",
        "@shanzhai/read-text-file-step": "0.0.12",
        "@shanzhai/unkeyed-store-set-output": "0.0.6"
      },
      "devDependencies": {
        "@shanzhai/favicons-options-source-store": "0.0.3",
        "@shanzhai/interfaces": "0.0.26"
      },
      "engines": {
        "node": ">=17.6.0"
      },
      "peerDependencies": {
        "@shanzhai/favicons-options-source-store": "0.0.3"
      }
    },
    "node_modules/@shanzhai/ephemeral-unkeyed-store": {
      "version": "0.0.5",
      "resolved": "https://registry.npmjs.org/@shanzhai/ephemeral-unkeyed-store/-/ephemeral-unkeyed-store-0.0.5.tgz",
      "integrity": "sha512-q8pdG2CKfo94LlqwuFPAvNfXx+fTui6Okx+MHwwHkUTsrbkZuhru70gyX4Qq61o+qsA6kaDT50eh52Re26uQiw==",
      "dev": true,
      "engines": {
        "node": ">=17.6.0"
      }
    },
    "node_modules/@shanzhai/favicons-options-source-store": {
      "version": "0.0.3",
      "resolved": "https://registry.npmjs.org/@shanzhai/favicons-options-source-store/-/favicons-options-source-store-0.0.3.tgz",
      "integrity": "sha512-eAiuqUyTvxOuGOqFXID4kzF3ckGLaAgg2VhVqaiD9t4EqJIRU9kud9KnPWVevIHhyMdZk1Y8pmj7wzrFzBFxjw==",
      "dev": true,
      "dependencies": {
        "@shanzhai/ephemeral-unkeyed-store": "0.0.5"
      },
      "engines": {
        "node": ">=17.6.0"
      }
    },
    "node_modules/@shanzhai/interfaces": {
      "version": "0.0.26",
      "resolved": "https://registry.npmjs.org/@shanzhai/interfaces/-/interfaces-0.0.26.tgz",
      "integrity": "sha512-h0THCzCa63o0ZybdNJ0jwDH3Rpip5oNnRTgsHwuItO3CA6/yPIvZ8smI+mQkAYUE4W36sO8QgZddG5kLT/Qu+A==",
      "engines": {
        "node": ">=17.6.0"
      }
    },
    "node_modules/@shanzhai/nop-step": {
      "version": "0.0.2",
      "resolved": "https://registry.npmjs.org/@shanzhai/nop-step/-/nop-step-0.0.2.tgz",
      "integrity": "sha512-fUmjR0Ru8w0a0BMl4UbFEc1h4nAoUf/f/nRCJp47krzahULBpBXlVheZb3714S9uEj42NlIZi9SSH370jO4UBA==",
      "dependencies": {
        "@shanzhai/interfaces": "0.0.26"
      },
      "engines": {
        "node": ">=17.6.0"
      }
    },
    "node_modules/@shanzhai/read-text-file-step": {
      "version": "0.0.12",
      "resolved": "https://registry.npmjs.org/@shanzhai/read-text-file-step/-/read-text-file-step-0.0.12.tgz",
      "integrity": "sha512-Hb6h7aamy95QValgLIWq+ChiNzgxJwVtDQ54mDOL7RRXyB+w8ByH2SRCOQrlFyYL/pC95XqTGTupeuln0qXGDw==",
      "dependencies": {
        "@shanzhai/interfaces": "0.0.26"
      },
      "engines": {
        "node": ">=17.6.0"
      }
    },
    "node_modules/@shanzhai/unkeyed-store-set-output": {
      "version": "0.0.6",
      "resolved": "https://registry.npmjs.org/@shanzhai/unkeyed-store-set-output/-/unkeyed-store-set-output-0.0.6.tgz",
      "integrity": "sha512-Jg9b8GpLLJReL0PQdiX565EzZy2H2h/FJoNkOH0JmqE3HxwOsrWjfKrnDEyOVZoHAFvnl7iXVzpFhZknaqF4Xg==",
      "engines": {
        "node": ">=17.6.0"
      }
    }
  },
  "dependencies": {
    "@shanzhai/ephemeral-unkeyed-store": {
      "version": "0.0.5",
      "resolved": "https://registry.npmjs.org/@shanzhai/ephemeral-unkeyed-store/-/ephemeral-unkeyed-store-0.0.5.tgz",
      "integrity": "sha512-q8pdG2CKfo94LlqwuFPAvNfXx+fTui6Okx+MHwwHkUTsrbkZuhru70gyX4Qq61o+qsA6kaDT50eh52Re26uQiw==",
      "dev": true
    },
    "@shanzhai/favicons-options-source-store": {
      "version": "0.0.3",
      "resolved": "https://registry.npmjs.org/@shanzhai/favicons-options-source-store/-/favicons-options-source-store-0.0.3.tgz",
      "integrity": "sha512-eAiuqUyTvxOuGOqFXID4kzF3ckGLaAgg2VhVqaiD9t4EqJIRU9kud9KnPWVevIHhyMdZk1Y8pmj7wzrFzBFxjw==",
      "dev": true,
      "requires": {
        "@shanzhai/ephemeral-unkeyed-store": "0.0.5"
      }
    },
    "@shanzhai/interfaces": {
      "version": "0.0.26",
      "resolved": "https://registry.npmjs.org/@shanzhai/interfaces/-/interfaces-0.0.26.tgz",
      "integrity": "sha512-h0THCzCa63o0ZybdNJ0jwDH3Rpip5oNnRTgsHwuItO3CA6/yPIvZ8smI+mQkAYUE4W36sO8QgZddG5kLT/Qu+A=="
    },
    "@shanzhai/nop-step": {
      "version": "0.0.2",
      "resolved": "https://registry.npmjs.org/@shanzhai/nop-step/-/nop-step-0.0.2.tgz",
      "integrity": "sha512-fUmjR0Ru8w0a0BMl4UbFEc1h4nAoUf/f/nRCJp47krzahULBpBXlVheZb3714S9uEj42NlIZi9SSH370jO4UBA==",
      "requires": {
        "@shanzhai/interfaces": "0.0.26"
      }
    },
    "@shanzhai/read-text-file-step": {
      "version": "0.0.12",
      "resolved": "https://registry.npmjs.org/@shanzhai/read-text-file-step/-/read-text-file-step-0.0.12.tgz",
      "integrity": "sha512-Hb6h7aamy95QValgLIWq+ChiNzgxJwVtDQ54mDOL7RRXyB+w8ByH2SRCOQrlFyYL/pC95XqTGTupeuln0qXGDw==",
      "requires": {
        "@shanzhai/interfaces": "0.0.26"
      }
    },
    "@shanzhai/unkeyed-store-set-output": {
      "version": "0.0.6",
      "resolved": "https://registry.npmjs.org/@shanzhai/unkeyed-store-set-output/-/unkeyed-store-set-output-0.0.6.tgz",
      "integrity": "sha512-Jg9b8GpLLJReL0PQdiX565EzZy2H2h/FJoNkOH0JmqE3HxwOsrWjfKrnDEyOVZoHAFvnl7iXVzpFhZknaqF4Xg=="
    }
  }
}
