{
  "name": "@shanzhai/collect-svg-defs-plugin",
  "version": "0.0.17",
  "lockfileVersion": 2,
  "requires": true,
  "packages": {
    "": {
      "name": "@shanzhai/collect-svg-defs-plugin",
      "version": "0.0.17",
      "license": "MIT",
      "dependencies": {
        "@shanzhai/collect-svg-defs-step": "0.0.12",
        "@shanzhai/delete-from-keyed-store-step": "0.0.6",
        "@shanzhai/keyed-store-get-all-input": "0.0.6",
        "@shanzhai/keyed-store-set-output": "0.0.6",
        "@shanzhai/parallel-step": "0.0.12",
        "@shanzhai/serial-step": "0.0.12",
        "@shanzhai/wrap-in-object-output": "0.0.7"
      },
      "devDependencies": {
        "@shanzhai/interfaces": "0.0.26",
        "@shanzhai/pug-local-store": "0.0.11",
        "@shanzhai/svg-def-store": "0.0.7",
        "@shanzhai/type-script-global-store": "0.0.17",
        "@shanzhai/type-script-source-store": "0.0.12"
      },
      "engines": {
        "node": ">=17.6.0"
      },
      "peerDependencies": {
        "@shanzhai/pug-local-store": "0.0.11",
        "@shanzhai/svg-def-store": "0.0.7",
        "@shanzhai/type-script-global-store": "0.0.17",
        "@shanzhai/type-script-source-store": "0.0.12"
      }
    },
    "node_modules/@shanzhai/collect-svg-defs-step": {
      "version": "0.0.12",
      "resolved": "https://registry.npmjs.org/@shanzhai/collect-svg-defs-step/-/collect-svg-defs-step-0.0.12.tgz",
      "integrity": "sha512-7/IK9ECpCKZz24vFrnVGyNHFj5zARGaeK1nCBpc6tV6BkPN5om3ozkNk0w7QZmdgPtw2kWUq0OHDwIytaM0q1A==",
      "dependencies": {
        "@shanzhai/interfaces": "0.0.26"
      },
      "engines": {
        "node": ">=17.6.0"
      }
    },
    "node_modules/@shanzhai/delete-from-keyed-store-step": {
      "version": "0.0.6",
      "resolved": "https://registry.npmjs.org/@shanzhai/delete-from-keyed-store-step/-/delete-from-keyed-store-step-0.0.6.tgz",
      "integrity": "sha512-Q7k4I6QZuCc7SpYToJJdE1Qa1oNTQbiQPCAKQsUr2lHIcQqRHKBRlDEb3ANsP7Bg9ArjtZNDFrSB4OmhzuWX/Q==",
      "dependencies": {
        "@shanzhai/interfaces": "0.0.26"
      },
      "engines": {
        "node": ">=17.6.0"
      }
    },
    "node_modules/@shanzhai/ephemeral-keyed-store": {
      "version": "0.0.6",
      "resolved": "https://registry.npmjs.org/@shanzhai/ephemeral-keyed-store/-/ephemeral-keyed-store-0.0.6.tgz",
      "integrity": "sha512-6Erj5x7v4X9FvCe4vNF3uIfdnLMXCk+QeIQyyiV5enAwQ+NbW2N3TRz8mvHct1acKWsrHRkQPQ+06sYzsWoYpQ==",
      "dev": true,
      "engines": {
        "node": ">=17.6.0"
      }
    },
    "node_modules/@shanzhai/interfaces": {
      "version": "0.0.26",
      "resolved": "https://registry.npmjs.org/@shanzhai/interfaces/-/interfaces-0.0.26.tgz",
      "integrity": "sha512-h0THCzCa63o0ZybdNJ0jwDH3Rpip5oNnRTgsHwuItO3CA6/yPIvZ8smI+mQkAYUE4W36sO8QgZddG5kLT/Qu+A==",
      "engines": {
        "node": ">=17.6.0"
      }
    },
    "node_modules/@shanzhai/keyed-store-get-all-input": {
      "version": "0.0.6",
      "resolved": "https://registry.npmjs.org/@shanzhai/keyed-store-get-all-input/-/keyed-store-get-all-input-0.0.6.tgz",
      "integrity": "sha512-vgD8KC1j9XQazvxKshEBHd89nk9m3//GGXyVo83KJt+UkcZMNZbDHT7Mtlp1WhBbs8uc21Yom5siTqgwW+BkJQ==",
      "engines": {
        "node": ">=17.6.0"
      }
    },
    "node_modules/@shanzhai/keyed-store-set-output": {
      "version": "0.0.6",
      "resolved": "https://registry.npmjs.org/@shanzhai/keyed-store-set-output/-/keyed-store-set-output-0.0.6.tgz",
      "integrity": "sha512-S+YjNXDYZSHMgm2omaR/BR35nQVPrg//D5EwW4Rzv6h08AA/ISjyO4tEqKFnYDUYsn+MZanGzHMQvPfzoJH9hA==",
      "engines": {
        "node": ">=17.6.0"
      }
    },
    "node_modules/@shanzhai/parallel-step": {
      "version": "0.0.12",
      "resolved": "https://registry.npmjs.org/@shanzhai/parallel-step/-/parallel-step-0.0.12.tgz",
      "integrity": "sha512-BRWIeDWMRs4f9/lgsNAPzqyCGgrk7PllOw7oaSeY/QlV6faeobRX6abwJa1glEfE1vbH07A+gmWJdBZ7wX19Qw==",
      "dependencies": {
        "@shanzhai/interfaces": "0.0.26"
      },
      "engines": {
        "node": ">=17.6.0"
      }
    },
    "node_modules/@shanzhai/pug-local-store": {
      "version": "0.0.11",
      "resolved": "https://registry.npmjs.org/@shanzhai/pug-local-store/-/pug-local-store-0.0.11.tgz",
      "integrity": "sha512-90T5n+K7Sy+ni9oXaBI+6vRKz5s+h334ldMb06QawBzjNNwShs2YcNgih7kODUWyh1f61nYjGoB6b/0bT4veMw==",
      "dev": true,
      "dependencies": {
        "@shanzhai/ephemeral-keyed-store": "0.0.6"
      },
      "engines": {
        "node": ">=17.6.0"
      }
    },
    "node_modules/@shanzhai/serial-step": {
      "version": "0.0.12",
      "resolved": "https://registry.npmjs.org/@shanzhai/serial-step/-/serial-step-0.0.12.tgz",
      "integrity": "sha512-f3BwGiEda4PqTrqPDpGPuc2+qy7ZV7Ot9PcaU1AW7mlwkyKl/4IcoCAI28gzVxd1PSYiWG8+Q0nNRenHGyn3Jg==",
      "dependencies": {
        "@shanzhai/interfaces": "0.0.26"
      },
      "engines": {
        "node": ">=17.6.0"
      }
    },
    "node_modules/@shanzhai/svg-def-store": {
      "version": "0.0.7",
      "resolved": "https://registry.npmjs.org/@shanzhai/svg-def-store/-/svg-def-store-0.0.7.tgz",
      "integrity": "sha512-PUSYfxW2wxEeiw40E7A9RdkxP6lg5yoX+LF/ZalV6pzvDhKHFPUzKhP2vDIYr/2pARPJdZKrRc0VGvA9oyREkQ==",
      "dev": true,
      "dependencies": {
        "@shanzhai/ephemeral-keyed-store": "0.0.6"
      },
      "engines": {
        "node": ">=17.6.0"
      }
    },
    "node_modules/@shanzhai/type-script-global-store": {
      "version": "0.0.17",
      "resolved": "https://registry.npmjs.org/@shanzhai/type-script-global-store/-/type-script-global-store-0.0.17.tgz",
      "integrity": "sha512-/JfnPnV9hkzkQeip3xb74E1Tbv5CTy02+7+FSktToF2fleENJwbdVcuNRSi/We4s5y/ttYG0AfjdEDvGMSQYdg==",
      "dev": true,
      "dependencies": {
        "@shanzhai/ephemeral-keyed-store": "0.0.6"
      },
      "engines": {
        "node": ">=17.6.0"
      }
    },
    "node_modules/@shanzhai/type-script-source-store": {
      "version": "0.0.12",
      "resolved": "https://registry.npmjs.org/@shanzhai/type-script-source-store/-/type-script-source-store-0.0.12.tgz",
      "integrity": "sha512-KGDU7ZCa8e8KCdDVye6xj8NGDntRwVNgJ0RRMAJEGsQPZnmI8das9S7FaehV+dv32eAkg3Wx2glimzn3n0wi8w==",
      "dev": true,
      "dependencies": {
        "@shanzhai/ephemeral-keyed-store": "0.0.6"
      },
      "engines": {
        "node": ">=17.6.0"
      }
    },
    "node_modules/@shanzhai/wrap-in-object-output": {
      "version": "0.0.7",
      "resolved": "https://registry.npmjs.org/@shanzhai/wrap-in-object-output/-/wrap-in-object-output-0.0.7.tgz",
      "integrity": "sha512-GGNXHe0EutclFGjKKJu8pR1wc1XVUc45odvH88Un11Crrn5Fmasl2eQrPWQl/n9DwwRnN0J632jrwlzqOfP03Q==",
      "engines": {
        "node": ">=17.6.0"
      }
    }
  },
  "dependencies": {
    "@shanzhai/collect-svg-defs-step": {
      "version": "0.0.12",
      "resolved": "https://registry.npmjs.org/@shanzhai/collect-svg-defs-step/-/collect-svg-defs-step-0.0.12.tgz",
      "integrity": "sha512-7/IK9ECpCKZz24vFrnVGyNHFj5zARGaeK1nCBpc6tV6BkPN5om3ozkNk0w7QZmdgPtw2kWUq0OHDwIytaM0q1A==",
      "requires": {
        "@shanzhai/interfaces": "0.0.26"
      }
    },
    "@shanzhai/delete-from-keyed-store-step": {
      "version": "0.0.6",
      "resolved": "https://registry.npmjs.org/@shanzhai/delete-from-keyed-store-step/-/delete-from-keyed-store-step-0.0.6.tgz",
      "integrity": "sha512-Q7k4I6QZuCc7SpYToJJdE1Qa1oNTQbiQPCAKQsUr2lHIcQqRHKBRlDEb3ANsP7Bg9ArjtZNDFrSB4OmhzuWX/Q==",
      "requires": {
        "@shanzhai/interfaces": "0.0.26"
      }
    },
    "@shanzhai/ephemeral-keyed-store": {
      "version": "0.0.6",
      "resolved": "https://registry.npmjs.org/@shanzhai/ephemeral-keyed-store/-/ephemeral-keyed-store-0.0.6.tgz",
      "integrity": "sha512-6Erj5x7v4X9FvCe4vNF3uIfdnLMXCk+QeIQyyiV5enAwQ+NbW2N3TRz8mvHct1acKWsrHRkQPQ+06sYzsWoYpQ==",
      "dev": true
    },
    "@shanzhai/interfaces": {
      "version": "0.0.26",
      "resolved": "https://registry.npmjs.org/@shanzhai/interfaces/-/interfaces-0.0.26.tgz",
      "integrity": "sha512-h0THCzCa63o0ZybdNJ0jwDH3Rpip5oNnRTgsHwuItO3CA6/yPIvZ8smI+mQkAYUE4W36sO8QgZddG5kLT/Qu+A=="
    },
    "@shanzhai/keyed-store-get-all-input": {
      "version": "0.0.6",
      "resolved": "https://registry.npmjs.org/@shanzhai/keyed-store-get-all-input/-/keyed-store-get-all-input-0.0.6.tgz",
      "integrity": "sha512-vgD8KC1j9XQazvxKshEBHd89nk9m3//GGXyVo83KJt+UkcZMNZbDHT7Mtlp1WhBbs8uc21Yom5siTqgwW+BkJQ=="
    },
    "@shanzhai/keyed-store-set-output": {
      "version": "0.0.6",
      "resolved": "https://registry.npmjs.org/@shanzhai/keyed-store-set-output/-/keyed-store-set-output-0.0.6.tgz",
      "integrity": "sha512-S+YjNXDYZSHMgm2omaR/BR35nQVPrg//D5EwW4Rzv6h08AA/ISjyO4tEqKFnYDUYsn+MZanGzHMQvPfzoJH9hA=="
    },
    "@shanzhai/parallel-step": {
      "version": "0.0.12",
      "resolved": "https://registry.npmjs.org/@shanzhai/parallel-step/-/parallel-step-0.0.12.tgz",
      "integrity": "sha512-BRWIeDWMRs4f9/lgsNAPzqyCGgrk7PllOw7oaSeY/QlV6faeobRX6abwJa1glEfE1vbH07A+gmWJdBZ7wX19Qw==",
      "requires": {
        "@shanzhai/interfaces": "0.0.26"
      }
    },
    "@shanzhai/pug-local-store": {
      "version": "0.0.11",
      "resolved": "https://registry.npmjs.org/@shanzhai/pug-local-store/-/pug-local-store-0.0.11.tgz",
      "integrity": "sha512-90T5n+K7Sy+ni9oXaBI+6vRKz5s+h334ldMb06QawBzjNNwShs2YcNgih7kODUWyh1f61nYjGoB6b/0bT4veMw==",
      "dev": true,
      "requires": {
        "@shanzhai/ephemeral-keyed-store": "0.0.6"
      }
    },
    "@shanzhai/serial-step": {
      "version": "0.0.12",
      "resolved": "https://registry.npmjs.org/@shanzhai/serial-step/-/serial-step-0.0.12.tgz",
      "integrity": "sha512-f3BwGiEda4PqTrqPDpGPuc2+qy7ZV7Ot9PcaU1AW7mlwkyKl/4IcoCAI28gzVxd1PSYiWG8+Q0nNRenHGyn3Jg==",
      "requires": {
        "@shanzhai/interfaces": "0.0.26"
      }
    },
    "@shanzhai/svg-def-store": {
      "version": "0.0.7",
      "resolved": "https://registry.npmjs.org/@shanzhai/svg-def-store/-/svg-def-store-0.0.7.tgz",
      "integrity": "sha512-PUSYfxW2wxEeiw40E7A9RdkxP6lg5yoX+LF/ZalV6pzvDhKHFPUzKhP2vDIYr/2pARPJdZKrRc0VGvA9oyREkQ==",
      "dev": true,
      "requires": {
        "@shanzhai/ephemeral-keyed-store": "0.0.6"
      }
    },
    "@shanzhai/type-script-global-store": {
      "version": "0.0.17",
      "resolved": "https://registry.npmjs.org/@shanzhai/type-script-global-store/-/type-script-global-store-0.0.17.tgz",
      "integrity": "sha512-/JfnPnV9hkzkQeip3xb74E1Tbv5CTy02+7+FSktToF2fleENJwbdVcuNRSi/We4s5y/ttYG0AfjdEDvGMSQYdg==",
      "dev": true,
      "requires": {
        "@shanzhai/ephemeral-keyed-store": "0.0.6"
      }
    },
    "@shanzhai/type-script-source-store": {
      "version": "0.0.12",
      "resolved": "https://registry.npmjs.org/@shanzhai/type-script-source-store/-/type-script-source-store-0.0.12.tgz",
      "integrity": "sha512-KGDU7ZCa8e8KCdDVye6xj8NGDntRwVNgJ0RRMAJEGsQPZnmI8das9S7FaehV+dv32eAkg3Wx2glimzn3n0wi8w==",
      "dev": true,
      "requires": {
        "@shanzhai/ephemeral-keyed-store": "0.0.6"
      }
    },
    "@shanzhai/wrap-in-object-output": {
      "version": "0.0.7",
      "resolved": "https://registry.npmjs.org/@shanzhai/wrap-in-object-output/-/wrap-in-object-output-0.0.7.tgz",
      "integrity": "sha512-GGNXHe0EutclFGjKKJu8pR1wc1XVUc45odvH88Un11Crrn5Fmasl2eQrPWQl/n9DwwRnN0J632jrwlzqOfP03Q=="
    }
  }
}
