{
  "name": "@shanzhai/collect-svg-defs-plugin",
  "version": "0.0.0",
  "lockfileVersion": 1,
  "requires": true,
  "dependencies": {
    "@shanzhai/collect-svg-defs-step": {
      "version": "0.0.5",
      "resolved": "https://registry.npmjs.org/@shanzhai/collect-svg-defs-step/-/collect-svg-defs-step-0.0.5.tgz",
      "integrity": "sha512-tyCZcOOVqE1Fct4LKK6wOKiKtF7XWszV/Sn+wWJtshVhglGegwo8MW+T0J6EZuCkKThtVWKkx5frJBVQ9nubiA==",
      "requires": {
        "@shanzhai/interfaces": "0.0.16"
      }
    },
    "@shanzhai/collected-svg-def-store": {
      "version": "0.0.0",
      "resolved": "https://registry.npmjs.org/@shanzhai/collected-svg-def-store/-/collected-svg-def-store-0.0.0.tgz",
      "integrity": "sha512-vhTtfXvCkc/lEUG/0VPOhljfpH9bQL1hBsCvdmKHrieuzvVi3goHUl4I8l6XGxG4og7Z1+sy8nwa72iGRW5zgA==",
      "dev": true,
      "requires": {
        "@shanzhai/value-store": "0.0.6"
      }
    },
    "@shanzhai/global-store": {
      "version": "0.0.6",
      "resolved": "https://registry.npmjs.org/@shanzhai/global-store/-/global-store-0.0.6.tgz",
      "integrity": "sha512-OamIiwkfjCfwuYGGdOqhx3kjOMq05ogE+xLxMdxo+JJ36ahQdjGqrge0b74rlkLIMS8pKLyYroPZijYHxX8xNA==",
      "dev": true,
      "requires": {
        "@shanzhai/key-value-store": "0.0.7"
      },
      "dependencies": {
        "@shanzhai/key-value-store": {
          "version": "0.0.7",
          "resolved": "https://registry.npmjs.org/@shanzhai/key-value-store/-/key-value-store-0.0.7.tgz",
          "integrity": "sha512-88Il0bb4ZvMJ38VVp/CFE4koS8K9GoA+Js7ADC7zrhGdi7ombkOhOOpbe/hC9F/epQOHrTidLLlCsUZ3j4FCqw==",
          "dev": true,
          "requires": {
            "@shanzhai/interfaces": "0.0.16"
          }
        }
      }
    },
    "@shanzhai/interfaces": {
      "version": "0.0.16",
      "resolved": "https://registry.npmjs.org/@shanzhai/interfaces/-/interfaces-0.0.16.tgz",
      "integrity": "sha512-rzqxtI7/wZBOr0whKuQrFAD6hvUJQxnRMP/qpLchieuk0X6xbqhukU9KL592UgdSAthHXWqYc+sFwwnSaLPqMw=="
    },
    "@shanzhai/key-value-store": {
      "version": "0.0.8",
      "resolved": "https://registry.npmjs.org/@shanzhai/key-value-store/-/key-value-store-0.0.8.tgz",
      "integrity": "sha512-tyX0m+ErULOoHKh0cKX7YfRwbrE4nLbgPB99pnVmBVEjfI+OJiU202DMVDwmKQLh7BwW4paoC/2Er2qMZbEfSQ==",
      "requires": {
        "@shanzhai/interfaces": "0.0.16"
      }
    },
    "@shanzhai/parallel-step": {
      "version": "0.0.4",
      "resolved": "https://registry.npmjs.org/@shanzhai/parallel-step/-/parallel-step-0.0.4.tgz",
      "integrity": "sha512-V1zBY2dfvvFGI+EF5fMhyjgs3vyj4VGzui81Jjlygb6vu6OrKVjhhedQRDnN907SsHJ/oXRAIkyyKmWhaLAKaQ=="
    },
    "@shanzhai/serial-step": {
      "version": "0.0.4",
      "resolved": "https://registry.npmjs.org/@shanzhai/serial-step/-/serial-step-0.0.4.tgz",
      "integrity": "sha512-ERc9YXdwkA6Lz0NWtmEFbIxZjt8i+qEQTQ0D/hYXDvnXO4zY9DYnxrpV375ZwS3MYYyjU9rOaO2rEQUGENVqKg=="
    },
    "@shanzhai/svg-def-store": {
      "version": "0.0.0",
      "resolved": "https://registry.npmjs.org/@shanzhai/svg-def-store/-/svg-def-store-0.0.0.tgz",
      "integrity": "sha512-TEUxqcSbvUQClGwarTQKemHJJHjnbPiywdqCA8Cy46Dqc6iSGKHjFLBCfIh30MXikkuGbbWaXrk3z9/5Xvf6Ww==",
      "dev": true,
      "requires": {
        "@shanzhai/key-value-store": "0.0.7"
      },
      "dependencies": {
        "@shanzhai/key-value-store": {
          "version": "0.0.7",
          "resolved": "https://registry.npmjs.org/@shanzhai/key-value-store/-/key-value-store-0.0.7.tgz",
          "integrity": "sha512-88Il0bb4ZvMJ38VVp/CFE4koS8K9GoA+Js7ADC7zrhGdi7ombkOhOOpbe/hC9F/epQOHrTidLLlCsUZ3j4FCqw==",
          "dev": true,
          "requires": {
            "@shanzhai/interfaces": "0.0.16"
          }
        }
      }
    },
    "@shanzhai/type-script-source-store": {
      "version": "0.0.5",
      "resolved": "https://registry.npmjs.org/@shanzhai/type-script-source-store/-/type-script-source-store-0.0.5.tgz",
      "integrity": "sha512-vqc0Jc+mU5Hx5UN36eW/+fucP2nvnaFO4zHVBYrNBe3CTkuCKQk/V5ETqYl2tSNiajV0Tm1XW4P0vQtDBI+ihg==",
      "dev": true,
      "requires": {
        "@shanzhai/key-value-store": "0.0.7"
      },
      "dependencies": {
        "@shanzhai/key-value-store": {
          "version": "0.0.7",
          "resolved": "https://registry.npmjs.org/@shanzhai/key-value-store/-/key-value-store-0.0.7.tgz",
          "integrity": "sha512-88Il0bb4ZvMJ38VVp/CFE4koS8K9GoA+Js7ADC7zrhGdi7ombkOhOOpbe/hC9F/epQOHrTidLLlCsUZ3j4FCqw==",
          "dev": true,
          "requires": {
            "@shanzhai/interfaces": "0.0.16"
          }
        }
      }
    },
    "@shanzhai/value-store": {
      "version": "0.0.6",
      "resolved": "https://registry.npmjs.org/@shanzhai/value-store/-/value-store-0.0.6.tgz",
      "integrity": "sha512-eTAOugj1c+zWtSh/6W1UEOlwJSi6Cp1nORI7LRdgdpYQ0zxO2WmcJGpbwUwWXXD9pjZPPTXrQWrexg58Rd759A==",
      "dev": true,
      "requires": {
        "@shanzhai/interfaces": "0.0.16"
      }
    }
  }
}
