{
  "name": "@shanzhai/collect-svg-defs-plugin",
  "version": "0.0.10",
  "lockfileVersion": 2,
  "requires": true,
  "packages": {
    "": {
      "name": "@shanzhai/collect-svg-defs-plugin",
      "version": "0.0.10",
      "license": "MIT",
      "dependencies": {
        "@shanzhai/collect-svg-defs-step": "0.0.10",
        "@shanzhai/delete-from-keyed-store-step": "0.0.4",
        "@shanzhai/keyed-store-get-all-input": "0.0.4",
        "@shanzhai/keyed-store-set-output": "0.0.4",
        "@shanzhai/parallel-step": "0.0.10",
        "@shanzhai/serial-step": "0.0.10",
        "@shanzhai/wrap-in-object-output": "0.0.5"
      },
      "devDependencies": {
        "@shanzhai/interfaces": "0.0.24",
        "@shanzhai/pug-local-store": "0.0.4",
        "@shanzhai/svg-def-store": "0.0.5",
        "@shanzhai/type-script-global-store": "0.0.10",
        "@shanzhai/type-script-source-store": "0.0.10"
      },
      "engines": {
        "node": ">=17.6.0"
      },
      "peerDependencies": {
        "@shanzhai/pug-local-store": "0.0.7",
        "@shanzhai/svg-def-store": "0.0.3",
        "@shanzhai/type-script-global-store": "0.0.13",
        "@shanzhai/type-script-source-store": "0.0.8"
      }
    },
    "node_modules/@shanzhai/collect-svg-defs-step": {
      "version": "0.0.10",
      "resolved": "https://registry.npmjs.org/@shanzhai/collect-svg-defs-step/-/collect-svg-defs-step-0.0.10.tgz",
      "integrity": "sha512-zEHIpFgASqZIHBQPXOHsJ7LRdIajYHl3HMTg/wKkGRB13HniAjx1dv2tQAm63Fd1s5dqLnXINCJnEU2FHtZlBw==",
      "dependencies": {
        "@shanzhai/interfaces": "0.0.24"
      },
      "engines": {
        "node": ">=17.6.0"
      }
    },
    "node_modules/@shanzhai/delete-from-keyed-store-step": {
      "version": "0.0.4",
      "resolved": "https://registry.npmjs.org/@shanzhai/delete-from-keyed-store-step/-/delete-from-keyed-store-step-0.0.4.tgz",
      "integrity": "sha512-XUSiZotWSdY5ubA/07Vc/bG4TE94GzZwPQVXsJDIrVi7Eyg/cBExVTiJRra6o3BjfUl3J9QfnbSlP24f3Y1+gw==",
      "dependencies": {
        "@shanzhai/interfaces": "0.0.24"
      },
      "engines": {
        "node": ">=17.6.0"
      }
    },
    "node_modules/@shanzhai/ephemeral-keyed-store": {
      "version": "0.0.2",
      "resolved": "https://registry.npmjs.org/@shanzhai/ephemeral-keyed-store/-/ephemeral-keyed-store-0.0.2.tgz",
      "integrity": "sha512-4E7xyYY6DxrF9XPYbmWtR/imwTvAPOKrwNMA8vB1/FknsH7rdH9qN9PBhBxJwqhMySOhHynWE813A+1PfsX8rQ==",
      "dev": true,
      "engines": {
        "node": ">=12.13.0"
      }
    },
    "node_modules/@shanzhai/interfaces": {
      "version": "0.0.24",
      "resolved": "https://registry.npmjs.org/@shanzhai/interfaces/-/interfaces-0.0.24.tgz",
      "integrity": "sha512-5y2+CvtOKnh3jkwdIAHY2bcuFwnCE9hn4QFo8UawjbIow5i3PAC0fTFQ00baMxb/BK6s2JajHvt96aIasgTn2w==",
      "engines": {
        "node": ">=17.6.0"
      }
    },
    "node_modules/@shanzhai/keyed-store-get-all-input": {
      "version": "0.0.4",
      "resolved": "https://registry.npmjs.org/@shanzhai/keyed-store-get-all-input/-/keyed-store-get-all-input-0.0.4.tgz",
      "integrity": "sha512-p4M8v20QeqalNk8RiiE+uA6OXDZy9yyL+imkQhENh7tdtz8rVALH6DlQeq+A0dOqqZuTOLKcUlV3+oEj0092SQ==",
      "engines": {
        "node": ">=17.6.0"
      }
    },
    "node_modules/@shanzhai/keyed-store-set-output": {
      "version": "0.0.4",
      "resolved": "https://registry.npmjs.org/@shanzhai/keyed-store-set-output/-/keyed-store-set-output-0.0.4.tgz",
      "integrity": "sha512-Y85m6AHlrmG/NiA0RUGWziEpVbnheXA9YCzbDIgIfa37F0dWz1vceBqdbC/JZhsIhcQR2JErGpGbNr6ZBgiu5A==",
      "engines": {
        "node": ">=17.6.0"
      }
    },
    "node_modules/@shanzhai/parallel-step": {
      "version": "0.0.10",
      "resolved": "https://registry.npmjs.org/@shanzhai/parallel-step/-/parallel-step-0.0.10.tgz",
      "integrity": "sha512-4wBHhiEDrFLkB9EXLJocxkt+lgtkxwAu3d3kY6/TDmpZjS7dcvxj5GvHjcIRh7kYqWh4U4cMTs9QfW3lptMeZw==",
      "dependencies": {
        "@shanzhai/interfaces": "0.0.24"
      },
      "engines": {
        "node": ">=17.6.0"
      }
    },
    "node_modules/@shanzhai/pug-local-store": {
      "version": "0.0.4",
      "resolved": "https://registry.npmjs.org/@shanzhai/pug-local-store/-/pug-local-store-0.0.4.tgz",
      "integrity": "sha512-Jut4ZGdYDprQRDEsWRz9AMziYJ6SvqM3lnj+ix11pWLfzw4seoZ1p/D3e1ljHkyAw3jO+dlXOz/gqpAaWx92eQ==",
      "dev": true,
      "dependencies": {
        "@shanzhai/ephemeral-keyed-store": "0.0.2"
      },
      "engines": {
        "node": ">=12.13.0"
      }
    },
    "node_modules/@shanzhai/serial-step": {
      "version": "0.0.10",
      "resolved": "https://registry.npmjs.org/@shanzhai/serial-step/-/serial-step-0.0.10.tgz",
      "integrity": "sha512-rdQVyVeLnf0544LQVOxtC9Z40L76KX0+J1Jb3xKhcnirHu2vXBpuQWMJP3kEOyuNllXqpn4b1yXe5l1J96/fUw==",
      "dependencies": {
        "@shanzhai/interfaces": "0.0.24"
      },
      "engines": {
        "node": ">=17.6.0"
      }
    },
    "node_modules/@shanzhai/svg-def-store": {
      "version": "0.0.5",
      "resolved": "https://registry.npmjs.org/@shanzhai/svg-def-store/-/svg-def-store-0.0.5.tgz",
      "integrity": "sha512-pXj1HalE9DyEFbyJ+5CTQpOfS4XkwddA5AFYFbg/njhwtQrMXlO8RzxfhvE1NaV3qbiHU227RmgUznNkDaoSKA==",
      "dev": true,
      "dependencies": {
        "@shanzhai/ephemeral-keyed-store": "0.0.4"
      },
      "engines": {
        "node": ">=17.6.0"
      }
    },
    "node_modules/@shanzhai/svg-def-store/node_modules/@shanzhai/ephemeral-keyed-store": {
      "version": "0.0.4",
      "resolved": "https://registry.npmjs.org/@shanzhai/ephemeral-keyed-store/-/ephemeral-keyed-store-0.0.4.tgz",
      "integrity": "sha512-7EDOQhH7OATy0mzKFcoBpfrZjZaFUaW4P7Pejs6I8rH1jGPAS1CqXEjzCUs7RAdKShMoWciqlGFlryn7a8Hgag==",
      "dev": true,
      "engines": {
        "node": ">=17.6.0"
      }
    },
    "node_modules/@shanzhai/type-script-global-store": {
      "version": "0.0.10",
      "resolved": "https://registry.npmjs.org/@shanzhai/type-script-global-store/-/type-script-global-store-0.0.10.tgz",
      "integrity": "sha512-0ZnO0doshDIxlJxP7saGj2j1cuoDW1J7UOENjjiu2BZWI5xCde+y/vYfia0cLXxg5D1WyZ7mGNQclugJxCA7bA==",
      "dev": true,
      "dependencies": {
        "@shanzhai/ephemeral-keyed-store": "0.0.2"
      },
      "engines": {
        "node": ">=12.13.0"
      }
    },
    "node_modules/@shanzhai/type-script-source-store": {
      "version": "0.0.10",
      "resolved": "https://registry.npmjs.org/@shanzhai/type-script-source-store/-/type-script-source-store-0.0.10.tgz",
      "integrity": "sha512-C0ojsqsVt9YW0aqMxhUvK/glBR77K2TNEwM0TXdusAiRN1Y+g9yTmzv5spKs8t4tYOnpLTPaYGWt7cMvyCmHHQ==",
      "dev": true,
      "dependencies": {
        "@shanzhai/ephemeral-keyed-store": "0.0.4"
      },
      "engines": {
        "node": ">=17.6.0"
      }
    },
    "node_modules/@shanzhai/type-script-source-store/node_modules/@shanzhai/ephemeral-keyed-store": {
      "version": "0.0.4",
      "resolved": "https://registry.npmjs.org/@shanzhai/ephemeral-keyed-store/-/ephemeral-keyed-store-0.0.4.tgz",
      "integrity": "sha512-7EDOQhH7OATy0mzKFcoBpfrZjZaFUaW4P7Pejs6I8rH1jGPAS1CqXEjzCUs7RAdKShMoWciqlGFlryn7a8Hgag==",
      "dev": true,
      "engines": {
        "node": ">=17.6.0"
      }
    },
    "node_modules/@shanzhai/wrap-in-object-output": {
      "version": "0.0.5",
      "resolved": "https://registry.npmjs.org/@shanzhai/wrap-in-object-output/-/wrap-in-object-output-0.0.5.tgz",
      "integrity": "sha512-JEGXMjHxJocFNrfrhX20Ul71DHjElUGYkKAbMtmzOOKJ8G6iVFUxzP5wkSNnGW6HGvIzhQkemRxpQdOcnC0pEg==",
      "engines": {
        "node": ">=17.6.0"
      }
    }
  },
  "dependencies": {
    "@shanzhai/collect-svg-defs-step": {
      "version": "0.0.10",
      "resolved": "https://registry.npmjs.org/@shanzhai/collect-svg-defs-step/-/collect-svg-defs-step-0.0.10.tgz",
      "integrity": "sha512-zEHIpFgASqZIHBQPXOHsJ7LRdIajYHl3HMTg/wKkGRB13HniAjx1dv2tQAm63Fd1s5dqLnXINCJnEU2FHtZlBw==",
      "requires": {
        "@shanzhai/interfaces": "0.0.24"
      }
    },
    "@shanzhai/delete-from-keyed-store-step": {
      "version": "0.0.4",
      "resolved": "https://registry.npmjs.org/@shanzhai/delete-from-keyed-store-step/-/delete-from-keyed-store-step-0.0.4.tgz",
      "integrity": "sha512-XUSiZotWSdY5ubA/07Vc/bG4TE94GzZwPQVXsJDIrVi7Eyg/cBExVTiJRra6o3BjfUl3J9QfnbSlP24f3Y1+gw==",
      "requires": {
        "@shanzhai/interfaces": "0.0.24"
      }
    },
    "@shanzhai/ephemeral-keyed-store": {
      "version": "0.0.2",
      "resolved": "https://registry.npmjs.org/@shanzhai/ephemeral-keyed-store/-/ephemeral-keyed-store-0.0.2.tgz",
      "integrity": "sha512-4E7xyYY6DxrF9XPYbmWtR/imwTvAPOKrwNMA8vB1/FknsH7rdH9qN9PBhBxJwqhMySOhHynWE813A+1PfsX8rQ==",
      "dev": true
    },
    "@shanzhai/interfaces": {
      "version": "0.0.24",
      "resolved": "https://registry.npmjs.org/@shanzhai/interfaces/-/interfaces-0.0.24.tgz",
      "integrity": "sha512-5y2+CvtOKnh3jkwdIAHY2bcuFwnCE9hn4QFo8UawjbIow5i3PAC0fTFQ00baMxb/BK6s2JajHvt96aIasgTn2w=="
    },
    "@shanzhai/keyed-store-get-all-input": {
      "version": "0.0.4",
      "resolved": "https://registry.npmjs.org/@shanzhai/keyed-store-get-all-input/-/keyed-store-get-all-input-0.0.4.tgz",
      "integrity": "sha512-p4M8v20QeqalNk8RiiE+uA6OXDZy9yyL+imkQhENh7tdtz8rVALH6DlQeq+A0dOqqZuTOLKcUlV3+oEj0092SQ=="
    },
    "@shanzhai/keyed-store-set-output": {
      "version": "0.0.4",
      "resolved": "https://registry.npmjs.org/@shanzhai/keyed-store-set-output/-/keyed-store-set-output-0.0.4.tgz",
      "integrity": "sha512-Y85m6AHlrmG/NiA0RUGWziEpVbnheXA9YCzbDIgIfa37F0dWz1vceBqdbC/JZhsIhcQR2JErGpGbNr6ZBgiu5A=="
    },
    "@shanzhai/parallel-step": {
      "version": "0.0.10",
      "resolved": "https://registry.npmjs.org/@shanzhai/parallel-step/-/parallel-step-0.0.10.tgz",
      "integrity": "sha512-4wBHhiEDrFLkB9EXLJocxkt+lgtkxwAu3d3kY6/TDmpZjS7dcvxj5GvHjcIRh7kYqWh4U4cMTs9QfW3lptMeZw==",
      "requires": {
        "@shanzhai/interfaces": "0.0.24"
      }
    },
    "@shanzhai/pug-local-store": {
      "version": "0.0.4",
      "resolved": "https://registry.npmjs.org/@shanzhai/pug-local-store/-/pug-local-store-0.0.4.tgz",
      "integrity": "sha512-Jut4ZGdYDprQRDEsWRz9AMziYJ6SvqM3lnj+ix11pWLfzw4seoZ1p/D3e1ljHkyAw3jO+dlXOz/gqpAaWx92eQ==",
      "dev": true,
      "requires": {
        "@shanzhai/ephemeral-keyed-store": "0.0.2"
      }
    },
    "@shanzhai/serial-step": {
      "version": "0.0.10",
      "resolved": "https://registry.npmjs.org/@shanzhai/serial-step/-/serial-step-0.0.10.tgz",
      "integrity": "sha512-rdQVyVeLnf0544LQVOxtC9Z40L76KX0+J1Jb3xKhcnirHu2vXBpuQWMJP3kEOyuNllXqpn4b1yXe5l1J96/fUw==",
      "requires": {
        "@shanzhai/interfaces": "0.0.24"
      }
    },
    "@shanzhai/svg-def-store": {
      "version": "0.0.5",
      "resolved": "https://registry.npmjs.org/@shanzhai/svg-def-store/-/svg-def-store-0.0.5.tgz",
      "integrity": "sha512-pXj1HalE9DyEFbyJ+5CTQpOfS4XkwddA5AFYFbg/njhwtQrMXlO8RzxfhvE1NaV3qbiHU227RmgUznNkDaoSKA==",
      "dev": true,
      "requires": {
        "@shanzhai/ephemeral-keyed-store": "0.0.4"
      },
      "dependencies": {
        "@shanzhai/ephemeral-keyed-store": {
          "version": "0.0.4",
          "resolved": "https://registry.npmjs.org/@shanzhai/ephemeral-keyed-store/-/ephemeral-keyed-store-0.0.4.tgz",
          "integrity": "sha512-7EDOQhH7OATy0mzKFcoBpfrZjZaFUaW4P7Pejs6I8rH1jGPAS1CqXEjzCUs7RAdKShMoWciqlGFlryn7a8Hgag==",
          "dev": true
        }
      }
    },
    "@shanzhai/type-script-global-store": {
      "version": "0.0.10",
      "resolved": "https://registry.npmjs.org/@shanzhai/type-script-global-store/-/type-script-global-store-0.0.10.tgz",
      "integrity": "sha512-0ZnO0doshDIxlJxP7saGj2j1cuoDW1J7UOENjjiu2BZWI5xCde+y/vYfia0cLXxg5D1WyZ7mGNQclugJxCA7bA==",
      "dev": true,
      "requires": {
        "@shanzhai/ephemeral-keyed-store": "0.0.2"
      }
    },
    "@shanzhai/type-script-source-store": {
      "version": "0.0.10",
      "resolved": "https://registry.npmjs.org/@shanzhai/type-script-source-store/-/type-script-source-store-0.0.10.tgz",
      "integrity": "sha512-C0ojsqsVt9YW0aqMxhUvK/glBR77K2TNEwM0TXdusAiRN1Y+g9yTmzv5spKs8t4tYOnpLTPaYGWt7cMvyCmHHQ==",
      "dev": true,
      "requires": {
        "@shanzhai/ephemeral-keyed-store": "0.0.4"
      },
      "dependencies": {
        "@shanzhai/ephemeral-keyed-store": {
          "version": "0.0.4",
          "resolved": "https://registry.npmjs.org/@shanzhai/ephemeral-keyed-store/-/ephemeral-keyed-store-0.0.4.tgz",
          "integrity": "sha512-7EDOQhH7OATy0mzKFcoBpfrZjZaFUaW4P7Pejs6I8rH1jGPAS1CqXEjzCUs7RAdKShMoWciqlGFlryn7a8Hgag==",
          "dev": true
        }
      }
    },
    "@shanzhai/wrap-in-object-output": {
      "version": "0.0.5",
      "resolved": "https://registry.npmjs.org/@shanzhai/wrap-in-object-output/-/wrap-in-object-output-0.0.5.tgz",
      "integrity": "sha512-JEGXMjHxJocFNrfrhX20Ul71DHjElUGYkKAbMtmzOOKJ8G6iVFUxzP5wkSNnGW6HGvIzhQkemRxpQdOcnC0pEg=="
    }
  }
}
