{
  "name": "@shanzhai/value-store",
  "version": "0.0.5",
  "lockfileVersion": 1,
  "requires": true,
  "dependencies": {
    "@shanzhai/interfaces": {
      "version": "0.0.16",
      "resolved": "https://registry.npmjs.org/@shanzhai/interfaces/-/interfaces-0.0.16.tgz",
      "integrity": "sha512-rzqxtI7/wZBOr0whKuQrFAD6hvUJQxnRMP/qpLchieuk0X6xbqhukU9KL592UgdSAthHXWqYc+sFwwnSaLPqMw==",
      "dev": true
    }
  }
}
