{
  "name": "@shanzhai/zip-store",
  "version": "0.0.2",
  "lockfileVersion": 1,
  "requires": true,
  "dependencies": {
    "@shanzhai/ephemeral-unkeyed-store": {
      "version": "0.0.1",
      "resolved": "https://registry.npmjs.org/@shanzhai/ephemeral-unkeyed-store/-/ephemeral-unkeyed-store-0.0.1.tgz",
      "integrity": "sha512-zNaDO52js96TYBKnfhulTf5XhwKGw5KgNCIHJwh7rHM7sOR96y2dx1wJ3L9uSxaeW0/+sZpetIhOVS2teRBk4A=="
    }
  }
}
