{
  "name": "@shanzhai/zip-store",
  "version": "0.0.6",
  "lockfileVersion": 2,
  "requires": true,
  "packages": {
    "": {
      "name": "@shanzhai/zip-store",
      "version": "0.0.6",
      "license": "MIT",
      "dependencies": {
        "@shanzhai/ephemeral-unkeyed-store": "0.0.6"
      },
      "engines": {
        "node": ">=17.6.0"
      }
    },
    "node_modules/@shanzhai/ephemeral-unkeyed-store": {
      "version": "0.0.6",
      "resolved": "https://registry.npmjs.org/@shanzhai/ephemeral-unkeyed-store/-/ephemeral-unkeyed-store-0.0.6.tgz",
      "integrity": "sha512-5IwhOoMEqLLCTv4inF+k0xM3y0lKzq6SJUErwP1TQKC/XfMc3JDc4A1q6p6qDg2fjeWkGikPCVKGhV47N+9z4Q==",
      "engines": {
        "node": ">=17.6.0"
      }
    }
  },
  "dependencies": {
    "@shanzhai/ephemeral-unkeyed-store": {
      "version": "0.0.6",
      "resolved": "https://registry.npmjs.org/@shanzhai/ephemeral-unkeyed-store/-/ephemeral-unkeyed-store-0.0.6.tgz",
      "integrity": "sha512-5IwhOoMEqLLCTv4inF+k0xM3y0lKzq6SJUErwP1TQKC/XfMc3JDc4A1q6p6qDg2fjeWkGikPCVKGhV47N+9z4Q=="
    }
  }
}
