{
  "name": "@shanzhai/zip-store",
  "version": "0.0.3",
  "lockfileVersion": 2,
  "requires": true,
  "packages": {
    "": {
      "name": "@shanzhai/zip-store",
      "version": "0.0.3",
      "license": "MIT",
      "dependencies": {
        "@shanzhai/ephemeral-unkeyed-store": "0.0.2"
      },
      "engines": {
        "node": ">=12.13.0"
      }
    },
    "node_modules/@shanzhai/ephemeral-unkeyed-store": {
      "version": "0.0.2",
      "resolved": "https://registry.npmjs.org/@shanzhai/ephemeral-unkeyed-store/-/ephemeral-unkeyed-store-0.0.2.tgz",
      "integrity": "sha512-exZ6QIgrdSjcLBvyuMypXOlbK/H32FLvvRMRFEMUjo3pvxk0Qa1dzUj9OcSNAjc9aRq0EhuqSTxI4m+svNWEfQ==",
      "engines": {
        "node": ">=12.13.0"
      }
    }
  },
  "dependencies": {
    "@shanzhai/ephemeral-unkeyed-store": {
      "version": "0.0.2",
      "resolved": "https://registry.npmjs.org/@shanzhai/ephemeral-unkeyed-store/-/ephemeral-unkeyed-store-0.0.2.tgz",
      "integrity": "sha512-exZ6QIgrdSjcLBvyuMypXOlbK/H32FLvvRMRFEMUjo3pvxk0Qa1dzUj9OcSNAjc9aRq0EhuqSTxI4m+svNWEfQ=="
    }
  }
}
