{
  "name": "@shanzhai/minify-javascript-plugin",
  "version": "0.0.0",
  "lockfileVersion": 1,
  "requires": true,
  "dependencies": {
    "@shanzhai/delete-from-keyed-store-step": {
      "version": "0.0.0",
      "resolved": "https://registry.npmjs.org/@shanzhai/delete-from-keyed-store-step/-/delete-from-keyed-store-step-0.0.0.tgz",
      "integrity": "sha512-9vUOFhAzrdbxn1l7dL15HvKkTPy8FYt1uiyzWaJX5Srg9IlCCeJb3Lm/su+dRoGVFIUcMQyRxbP6nnPH1J+qrg==",
      "requires": {
        "@shanzhai/interfaces": "0.0.18"
      }
    },
    "@shanzhai/ephemeral-keyed-store": {
      "version": "0.0.0",
      "resolved": "https://registry.npmjs.org/@shanzhai/ephemeral-keyed-store/-/ephemeral-keyed-store-0.0.0.tgz",
      "integrity": "sha512-BS9zPghB3qi5F/2YXc7SfTI8HLWIOLjnakjv8FCH3FOwwcHjBVv5LbsQyi25/tPWKeq672G96YQa8qLd12VqnQ==",
      "dev": true
    },
    "@shanzhai/ephemeral-unkeyed-store": {
      "version": "0.0.0",
      "resolved": "https://registry.npmjs.org/@shanzhai/ephemeral-unkeyed-store/-/ephemeral-unkeyed-store-0.0.0.tgz",
      "integrity": "sha512-K8tHWB9kQ3TLHa2IDItirCkrEgr+6peDUgL1TVBBU5TGa2Pdaz6ROJqnf2/DYQKWwdIL5YmTsPja6TbyE2HVKQ==",
      "dev": true
    },
    "@shanzhai/interfaces": {
      "version": "0.0.18",
      "resolved": "https://registry.npmjs.org/@shanzhai/interfaces/-/interfaces-0.0.18.tgz",
      "integrity": "sha512-NStIFvxoL8noS+CIPSfDmQX0Fq13VLe2jmR1c0yMhY6oN1qpwTjemm2HlYRXRv2wL03T1PfvwhicTw7BesPo4Q=="
    },
    "@shanzhai/javascript-source-store": {
      "version": "0.0.7",
      "resolved": "https://registry.npmjs.org/@shanzhai/javascript-source-store/-/javascript-source-store-0.0.7.tgz",
      "integrity": "sha512-ZI7wrT9Q6ipQqWV8KZPJagC3T2Vz5E09D54ucrdf5jJdUEhpZ0YzfNpBY7LxFG1j+3Wdp1YC/ZZe8r68lk3wJA==",
      "dev": true,
      "requires": {
        "@shanzhai/ephemeral-unkeyed-store": "0.0.0"
      }
    },
    "@shanzhai/keyed-store-get-all-input": {
      "version": "0.0.0",
      "resolved": "https://registry.npmjs.org/@shanzhai/keyed-store-get-all-input/-/keyed-store-get-all-input-0.0.0.tgz",
      "integrity": "sha512-A8zmNaRUcPlwgPe9R3cZ3BbQ9aQLcWoZl5NwmO3L4z8oZ5lHb8fxuAw8pjhLLTMmj5GuDxoY9jQoqbgplBhnKA=="
    },
    "@shanzhai/keyed-store-set-output": {
      "version": "0.0.0",
      "resolved": "https://registry.npmjs.org/@shanzhai/keyed-store-set-output/-/keyed-store-set-output-0.0.0.tgz",
      "integrity": "sha512-utLvsUCwQFXF9RqTK94LWppP6w50s0CIx7hQcjYfHgwGGizjBn9OtWhtJbPI6NZ/Yvm4L9feeE4OmPyDVB36gQ=="
    },
    "@shanzhai/merge-object-input": {
      "version": "0.0.5",
      "resolved": "https://registry.npmjs.org/@shanzhai/merge-object-input/-/merge-object-input-0.0.5.tgz",
      "integrity": "sha512-Vk145LvOQJ+CYoiGYcWI5Mnip8j4PA/xlduYi/AAOuXO//uiLugG9ohAxWCv25YAJOqQqLuOdXSUKhm9Qu3bxQ=="
    },
    "@shanzhai/minify-javascript-step": {
      "version": "0.0.6",
      "resolved": "https://registry.npmjs.org/@shanzhai/minify-javascript-step/-/minify-javascript-step-0.0.6.tgz",
      "integrity": "sha512-OgRxngJW73AFFhJGs9BLzGZUOv5efp45ym101xyr5ykyFOjzAjODyCGJbCpr6wjbintpK/NsBMYdWOagFZ7zUA==",
      "requires": {
        "@shanzhai/minify-step": "0.0.5",
        "uglify-js": "3.14.1"
      }
    },
    "@shanzhai/minify-step": {
      "version": "0.0.5",
      "resolved": "https://registry.npmjs.org/@shanzhai/minify-step/-/minify-step-0.0.5.tgz",
      "integrity": "sha512-MrLMDQPqdjdSUkOVkmw9ruZfDuVOlQ4FL2GFaCRB0nXJi+Mnokzuf6JnfwdVQbYtIJD3Bp4xIDdLYBEmMQNOdA==",
      "requires": {
        "@shanzhai/interfaces": "0.0.18"
      }
    },
    "@shanzhai/pug-local-store": {
      "version": "0.0.2",
      "resolved": "https://registry.npmjs.org/@shanzhai/pug-local-store/-/pug-local-store-0.0.2.tgz",
      "integrity": "sha512-8twF5WVsYE0Jl1mJBuACWFQXUHUmzsKrIwEk1qJTyS1tEHVUFZ+oQAtTy/h2VR+/lrpEDVnHVSGYBaRmBGM4dQ==",
      "dev": true,
      "requires": {
        "@shanzhai/ephemeral-keyed-store": "0.0.0"
      }
    },
    "@shanzhai/type-script-global-store": {
      "version": "0.0.8",
      "resolved": "https://registry.npmjs.org/@shanzhai/type-script-global-store/-/type-script-global-store-0.0.8.tgz",
      "integrity": "sha512-xzN4RDdmgLGuyPRvKMjdhwoSY9GrSxlsAWAdZo+z7G06IAIgHVatKoxkDikzOQKf7iaTxkF/D9v/Afa9owRiGQ==",
      "dev": true,
      "requires": {
        "@shanzhai/ephemeral-keyed-store": "0.0.0"
      }
    },
    "@shanzhai/unkeyed-store-get-input": {
      "version": "0.0.0",
      "resolved": "https://registry.npmjs.org/@shanzhai/unkeyed-store-get-input/-/unkeyed-store-get-input-0.0.0.tgz",
      "integrity": "sha512-0R69pPV8LNC8HdvpyEEgezlNTCZiR85KfmACYJgc3O62oStibZwi0s5zJ0RyC9WWNXn8vgjsFdBDl5/13UsLCQ=="
    },
    "@shanzhai/wrap-in-object-output": {
      "version": "0.0.1",
      "resolved": "https://registry.npmjs.org/@shanzhai/wrap-in-object-output/-/wrap-in-object-output-0.0.1.tgz",
      "integrity": "sha512-34wnYnDLhlUAfkdXLo0wFILAkf3HK749nbDwZ7rmgIp3h/tym6SsREi7CA18FOVPB7LwawpYKGkiyv+at5lKOA=="
    },
    "uglify-js": {
      "version": "3.14.1",
      "resolved": "https://registry.npmjs.org/uglify-js/-/uglify-js-3.14.1.tgz",
      "integrity": "sha512-JhS3hmcVaXlp/xSo3PKY5R0JqKs5M3IV+exdLHW99qKvKivPO4Z8qbej6mte17SOPqAOVMjt/XGgWacnFSzM3g=="
    }
  }
}
