{
  "name": "@shanzhai/minify-javascript-plugin",
  "version": "0.0.13",
  "lockfileVersion": 2,
  "requires": true,
  "packages": {
    "": {
      "name": "@shanzhai/minify-javascript-plugin",
      "version": "0.0.13",
      "license": "MIT",
      "dependencies": {
        "@shanzhai/keyed-store-get-all-input": "0.0.6",
        "@shanzhai/keyed-store-set-output": "0.0.6",
        "@shanzhai/merge-object-input": "0.0.11",
        "@shanzhai/minify-javascript-step": "0.0.14",
        "@shanzhai/unkeyed-store-get-input": "0.0.6",
        "@shanzhai/wrap-in-object-output": "0.0.7"
      },
      "devDependencies": {
        "@shanzhai/interfaces": "0.0.26",
        "@shanzhai/javascript-source-store": "0.0.15",
        "@shanzhai/pug-local-store": "0.0.10",
        "@shanzhai/type-script-global-store": "0.0.16"
      },
      "engines": {
        "node": ">=17.6.0"
      },
      "peerDependencies": {
        "@shanzhai/javascript-source-store": "0.0.15",
        "@shanzhai/pug-local-store": "0.0.10",
        "@shanzhai/type-script-global-store": "0.0.16"
      }
    },
    "node_modules/@shanzhai/ephemeral-keyed-store": {
      "version": "0.0.5",
      "resolved": "https://registry.npmjs.org/@shanzhai/ephemeral-keyed-store/-/ephemeral-keyed-store-0.0.5.tgz",
      "integrity": "sha512-24Patd42bXbbgpr6WjyM+aN3/PY6JSxAXqgDSjAeNURzi2xbBOiS1PuFb2CGCblZq/WyJ1+jsQgU/mquQze4gw==",
      "dev": true,
      "engines": {
        "node": ">=17.6.0"
      }
    },
    "node_modules/@shanzhai/ephemeral-unkeyed-store": {
      "version": "0.0.5",
      "resolved": "https://registry.npmjs.org/@shanzhai/ephemeral-unkeyed-store/-/ephemeral-unkeyed-store-0.0.5.tgz",
      "integrity": "sha512-q8pdG2CKfo94LlqwuFPAvNfXx+fTui6Okx+MHwwHkUTsrbkZuhru70gyX4Qq61o+qsA6kaDT50eh52Re26uQiw==",
      "dev": true,
      "engines": {
        "node": ">=17.6.0"
      }
    },
    "node_modules/@shanzhai/interfaces": {
      "version": "0.0.26",
      "resolved": "https://registry.npmjs.org/@shanzhai/interfaces/-/interfaces-0.0.26.tgz",
      "integrity": "sha512-h0THCzCa63o0ZybdNJ0jwDH3Rpip5oNnRTgsHwuItO3CA6/yPIvZ8smI+mQkAYUE4W36sO8QgZddG5kLT/Qu+A==",
      "dev": true,
      "engines": {
        "node": ">=17.6.0"
      }
    },
    "node_modules/@shanzhai/javascript-source-store": {
      "version": "0.0.15",
      "resolved": "https://registry.npmjs.org/@shanzhai/javascript-source-store/-/javascript-source-store-0.0.15.tgz",
      "integrity": "sha512-zwP39DLP8SHGpZgDQ0SCFRyE6CfJbU1V3AaDfVfs46GQzx7TnU9dyjv4VVLWqNcf3kDTgvI75VHCFisd7idZyQ==",
      "dev": true,
      "dependencies": {
        "@shanzhai/ephemeral-unkeyed-store": "0.0.5"
      },
      "engines": {
        "node": ">=17.6.0"
      }
    },
    "node_modules/@shanzhai/keyed-store-get-all-input": {
      "version": "0.0.6",
      "resolved": "https://registry.npmjs.org/@shanzhai/keyed-store-get-all-input/-/keyed-store-get-all-input-0.0.6.tgz",
      "integrity": "sha512-vgD8KC1j9XQazvxKshEBHd89nk9m3//GGXyVo83KJt+UkcZMNZbDHT7Mtlp1WhBbs8uc21Yom5siTqgwW+BkJQ==",
      "engines": {
        "node": ">=17.6.0"
      }
    },
    "node_modules/@shanzhai/keyed-store-set-output": {
      "version": "0.0.6",
      "resolved": "https://registry.npmjs.org/@shanzhai/keyed-store-set-output/-/keyed-store-set-output-0.0.6.tgz",
      "integrity": "sha512-S+YjNXDYZSHMgm2omaR/BR35nQVPrg//D5EwW4Rzv6h08AA/ISjyO4tEqKFnYDUYsn+MZanGzHMQvPfzoJH9hA==",
      "engines": {
        "node": ">=17.6.0"
      }
    },
    "node_modules/@shanzhai/merge-object-input": {
      "version": "0.0.11",
      "resolved": "https://registry.npmjs.org/@shanzhai/merge-object-input/-/merge-object-input-0.0.11.tgz",
      "integrity": "sha512-qZ4vo3mm7ok1l3fqVfvozQOes2i1AaWS8E54vSaON3fcKBQq4G8/DFg/wLdESpR3sK/OnQ+otLh5218vZhcJjA==",
      "engines": {
        "node": ">=17.6.0"
      }
    },
    "node_modules/@shanzhai/minify-javascript-step": {
      "version": "0.0.14",
      "resolved": "https://registry.npmjs.org/@shanzhai/minify-javascript-step/-/minify-javascript-step-0.0.14.tgz",
      "integrity": "sha512-Fy6aXLwXHQISzb4Q989s0Jyph4R+uFcF2511eCjOKCbOV2087VzzlMBlLUj45Lc7c8yS88UVOrJdQ+d2NbZpig==",
      "dependencies": {
        "@shanzhai/minify-step": "0.0.10",
        "uglify-js": "3.15.4"
      },
      "engines": {
        "node": ">=17.6.0"
      }
    },
    "node_modules/@shanzhai/minify-step": {
      "version": "0.0.10",
      "resolved": "https://registry.npmjs.org/@shanzhai/minify-step/-/minify-step-0.0.10.tgz",
      "integrity": "sha512-etB5P+iZU2f10xrd20q/W3U8X9S9RKOza/sx4SureFx8yfIRkO9KwXSQL5GSh4G/dM+oPX3dx9QCwB0yaaLZMA==",
      "dependencies": {
        "@shanzhai/interfaces": "0.0.25"
      },
      "engines": {
        "node": ">=17.6.0"
      }
    },
    "node_modules/@shanzhai/minify-step/node_modules/@shanzhai/interfaces": {
      "version": "0.0.25",
      "resolved": "https://registry.npmjs.org/@shanzhai/interfaces/-/interfaces-0.0.25.tgz",
      "integrity": "sha512-Fak4C4y0+RpL1U7V+ohcZPqzv/vdqW27oEePFin7Tdpnnk9RncPjinFppFxNhw5umvGk5xLRB1oGE67YFI/7Bg==",
      "engines": {
        "node": ">=17.6.0"
      }
    },
    "node_modules/@shanzhai/pug-local-store": {
      "version": "0.0.10",
      "resolved": "https://registry.npmjs.org/@shanzhai/pug-local-store/-/pug-local-store-0.0.10.tgz",
      "integrity": "sha512-Eq270xXwc9Y3WHjHfxoV56rpnqtFAiPrW/o4AU8jX+Jo78/9E7rjSfpNpjzFYneS7gyh8fqHZOZSV76NpDlItg==",
      "dev": true,
      "dependencies": {
        "@shanzhai/ephemeral-keyed-store": "0.0.5"
      },
      "engines": {
        "node": ">=17.6.0"
      }
    },
    "node_modules/@shanzhai/type-script-global-store": {
      "version": "0.0.16",
      "resolved": "https://registry.npmjs.org/@shanzhai/type-script-global-store/-/type-script-global-store-0.0.16.tgz",
      "integrity": "sha512-OXCHpE0/j3VflZqLZeHaxk8jJVMvNvYbj/bhbwAAaAiDSW+3ZX44Bcv7bdT5MbSYVMSHXYsXNGCc490Q1kB0fQ==",
      "dev": true,
      "dependencies": {
        "@shanzhai/ephemeral-keyed-store": "0.0.5"
      },
      "engines": {
        "node": ">=17.6.0"
      }
    },
    "node_modules/@shanzhai/unkeyed-store-get-input": {
      "version": "0.0.6",
      "resolved": "https://registry.npmjs.org/@shanzhai/unkeyed-store-get-input/-/unkeyed-store-get-input-0.0.6.tgz",
      "integrity": "sha512-O83jtosVtFlVgeHma/65XCHIWXaJY4/e7RaIVI/jpjO2FeVvCx8MZStFX7G7/wam4NHmvtKaI0p7mNWITds/HA==",
      "engines": {
        "node": ">=17.6.0"
      }
    },
    "node_modules/@shanzhai/wrap-in-object-output": {
      "version": "0.0.7",
      "resolved": "https://registry.npmjs.org/@shanzhai/wrap-in-object-output/-/wrap-in-object-output-0.0.7.tgz",
      "integrity": "sha512-GGNXHe0EutclFGjKKJu8pR1wc1XVUc45odvH88Un11Crrn5Fmasl2eQrPWQl/n9DwwRnN0J632jrwlzqOfP03Q==",
      "engines": {
        "node": ">=17.6.0"
      }
    },
    "node_modules/uglify-js": {
      "version": "3.15.4",
      "resolved": "https://registry.npmjs.org/uglify-js/-/uglify-js-3.15.4.tgz",
      "integrity": "sha512-vMOPGDuvXecPs34V74qDKk4iJ/SN4vL3Ow/23ixafENYvtrNvtbcgUeugTcUGRGsOF/5fU8/NYSL5Hyb3l1OJA==",
      "bin": {
        "uglifyjs": "bin/uglifyjs"
      },
      "engines": {
        "node": ">=0.8.0"
      }
    }
  },
  "dependencies": {
    "@shanzhai/ephemeral-keyed-store": {
      "version": "0.0.5",
      "resolved": "https://registry.npmjs.org/@shanzhai/ephemeral-keyed-store/-/ephemeral-keyed-store-0.0.5.tgz",
      "integrity": "sha512-24Patd42bXbbgpr6WjyM+aN3/PY6JSxAXqgDSjAeNURzi2xbBOiS1PuFb2CGCblZq/WyJ1+jsQgU/mquQze4gw==",
      "dev": true
    },
    "@shanzhai/ephemeral-unkeyed-store": {
      "version": "0.0.5",
      "resolved": "https://registry.npmjs.org/@shanzhai/ephemeral-unkeyed-store/-/ephemeral-unkeyed-store-0.0.5.tgz",
      "integrity": "sha512-q8pdG2CKfo94LlqwuFPAvNfXx+fTui6Okx+MHwwHkUTsrbkZuhru70gyX4Qq61o+qsA6kaDT50eh52Re26uQiw==",
      "dev": true
    },
    "@shanzhai/interfaces": {
      "version": "0.0.26",
      "resolved": "https://registry.npmjs.org/@shanzhai/interfaces/-/interfaces-0.0.26.tgz",
      "integrity": "sha512-h0THCzCa63o0ZybdNJ0jwDH3Rpip5oNnRTgsHwuItO3CA6/yPIvZ8smI+mQkAYUE4W36sO8QgZddG5kLT/Qu+A==",
      "dev": true
    },
    "@shanzhai/javascript-source-store": {
      "version": "0.0.15",
      "resolved": "https://registry.npmjs.org/@shanzhai/javascript-source-store/-/javascript-source-store-0.0.15.tgz",
      "integrity": "sha512-zwP39DLP8SHGpZgDQ0SCFRyE6CfJbU1V3AaDfVfs46GQzx7TnU9dyjv4VVLWqNcf3kDTgvI75VHCFisd7idZyQ==",
      "dev": true,
      "requires": {
        "@shanzhai/ephemeral-unkeyed-store": "0.0.5"
      }
    },
    "@shanzhai/keyed-store-get-all-input": {
      "version": "0.0.6",
      "resolved": "https://registry.npmjs.org/@shanzhai/keyed-store-get-all-input/-/keyed-store-get-all-input-0.0.6.tgz",
      "integrity": "sha512-vgD8KC1j9XQazvxKshEBHd89nk9m3//GGXyVo83KJt+UkcZMNZbDHT7Mtlp1WhBbs8uc21Yom5siTqgwW+BkJQ=="
    },
    "@shanzhai/keyed-store-set-output": {
      "version": "0.0.6",
      "resolved": "https://registry.npmjs.org/@shanzhai/keyed-store-set-output/-/keyed-store-set-output-0.0.6.tgz",
      "integrity": "sha512-S+YjNXDYZSHMgm2omaR/BR35nQVPrg//D5EwW4Rzv6h08AA/ISjyO4tEqKFnYDUYsn+MZanGzHMQvPfzoJH9hA=="
    },
    "@shanzhai/merge-object-input": {
      "version": "0.0.11",
      "resolved": "https://registry.npmjs.org/@shanzhai/merge-object-input/-/merge-object-input-0.0.11.tgz",
      "integrity": "sha512-qZ4vo3mm7ok1l3fqVfvozQOes2i1AaWS8E54vSaON3fcKBQq4G8/DFg/wLdESpR3sK/OnQ+otLh5218vZhcJjA=="
    },
    "@shanzhai/minify-javascript-step": {
      "version": "0.0.14",
      "resolved": "https://registry.npmjs.org/@shanzhai/minify-javascript-step/-/minify-javascript-step-0.0.14.tgz",
      "integrity": "sha512-Fy6aXLwXHQISzb4Q989s0Jyph4R+uFcF2511eCjOKCbOV2087VzzlMBlLUj45Lc7c8yS88UVOrJdQ+d2NbZpig==",
      "requires": {
        "@shanzhai/minify-step": "0.0.10",
        "uglify-js": "3.15.4"
      }
    },
    "@shanzhai/minify-step": {
      "version": "0.0.10",
      "resolved": "https://registry.npmjs.org/@shanzhai/minify-step/-/minify-step-0.0.10.tgz",
      "integrity": "sha512-etB5P+iZU2f10xrd20q/W3U8X9S9RKOza/sx4SureFx8yfIRkO9KwXSQL5GSh4G/dM+oPX3dx9QCwB0yaaLZMA==",
      "requires": {
        "@shanzhai/interfaces": "0.0.25"
      },
      "dependencies": {
        "@shanzhai/interfaces": {
          "version": "0.0.25",
          "resolved": "https://registry.npmjs.org/@shanzhai/interfaces/-/interfaces-0.0.25.tgz",
          "integrity": "sha512-Fak4C4y0+RpL1U7V+ohcZPqzv/vdqW27oEePFin7Tdpnnk9RncPjinFppFxNhw5umvGk5xLRB1oGE67YFI/7Bg=="
        }
      }
    },
    "@shanzhai/pug-local-store": {
      "version": "0.0.10",
      "resolved": "https://registry.npmjs.org/@shanzhai/pug-local-store/-/pug-local-store-0.0.10.tgz",
      "integrity": "sha512-Eq270xXwc9Y3WHjHfxoV56rpnqtFAiPrW/o4AU8jX+Jo78/9E7rjSfpNpjzFYneS7gyh8fqHZOZSV76NpDlItg==",
      "dev": true,
      "requires": {
        "@shanzhai/ephemeral-keyed-store": "0.0.5"
      }
    },
    "@shanzhai/type-script-global-store": {
      "version": "0.0.16",
      "resolved": "https://registry.npmjs.org/@shanzhai/type-script-global-store/-/type-script-global-store-0.0.16.tgz",
      "integrity": "sha512-OXCHpE0/j3VflZqLZeHaxk8jJVMvNvYbj/bhbwAAaAiDSW+3ZX44Bcv7bdT5MbSYVMSHXYsXNGCc490Q1kB0fQ==",
      "dev": true,
      "requires": {
        "@shanzhai/ephemeral-keyed-store": "0.0.5"
      }
    },
    "@shanzhai/unkeyed-store-get-input": {
      "version": "0.0.6",
      "resolved": "https://registry.npmjs.org/@shanzhai/unkeyed-store-get-input/-/unkeyed-store-get-input-0.0.6.tgz",
      "integrity": "sha512-O83jtosVtFlVgeHma/65XCHIWXaJY4/e7RaIVI/jpjO2FeVvCx8MZStFX7G7/wam4NHmvtKaI0p7mNWITds/HA=="
    },
    "@shanzhai/wrap-in-object-output": {
      "version": "0.0.7",
      "resolved": "https://registry.npmjs.org/@shanzhai/wrap-in-object-output/-/wrap-in-object-output-0.0.7.tgz",
      "integrity": "sha512-GGNXHe0EutclFGjKKJu8pR1wc1XVUc45odvH88Un11Crrn5Fmasl2eQrPWQl/n9DwwRnN0J632jrwlzqOfP03Q=="
    },
    "uglify-js": {
      "version": "3.15.4",
      "resolved": "https://registry.npmjs.org/uglify-js/-/uglify-js-3.15.4.tgz",
      "integrity": "sha512-vMOPGDuvXecPs34V74qDKk4iJ/SN4vL3Ow/23ixafENYvtrNvtbcgUeugTcUGRGsOF/5fU8/NYSL5Hyb3l1OJA=="
    }
  }
}
