{
  "name": "@shanzhai/minify-javascript-plugin",
  "version": "0.0.6",
  "lockfileVersion": 2,
  "requires": true,
  "packages": {
    "": {
      "name": "@shanzhai/minify-javascript-plugin",
      "version": "0.0.6",
      "license": "MIT",
      "dependencies": {
        "@shanzhai/keyed-store-get-all-input": "0.0.2",
        "@shanzhai/keyed-store-set-output": "0.0.2",
        "@shanzhai/merge-object-input": "0.0.7",
        "@shanzhai/minify-javascript-step": "0.0.8",
        "@shanzhai/unkeyed-store-get-input": "0.0.4",
        "@shanzhai/wrap-in-object-output": "0.0.5"
      },
      "devDependencies": {
        "@shanzhai/interfaces": "0.0.24",
        "@shanzhai/javascript-source-store": "0.0.9",
        "@shanzhai/pug-local-store": "0.0.4",
        "@shanzhai/type-script-global-store": "0.0.13"
      },
      "engines": {
        "node": ">=17.6.0"
      },
      "peerDependencies": {
        "@shanzhai/javascript-source-store": "0.0.9",
        "@shanzhai/pug-local-store": "0.0.7",
        "@shanzhai/type-script-global-store": "0.0.10"
      }
    },
    "node_modules/@shanzhai/ephemeral-keyed-store": {
      "version": "0.0.2",
      "resolved": "https://registry.npmjs.org/@shanzhai/ephemeral-keyed-store/-/ephemeral-keyed-store-0.0.2.tgz",
      "integrity": "sha512-4E7xyYY6DxrF9XPYbmWtR/imwTvAPOKrwNMA8vB1/FknsH7rdH9qN9PBhBxJwqhMySOhHynWE813A+1PfsX8rQ==",
      "dev": true,
      "engines": {
        "node": ">=12.13.0"
      }
    },
    "node_modules/@shanzhai/ephemeral-unkeyed-store": {
      "version": "0.0.2",
      "resolved": "https://registry.npmjs.org/@shanzhai/ephemeral-unkeyed-store/-/ephemeral-unkeyed-store-0.0.2.tgz",
      "integrity": "sha512-exZ6QIgrdSjcLBvyuMypXOlbK/H32FLvvRMRFEMUjo3pvxk0Qa1dzUj9OcSNAjc9aRq0EhuqSTxI4m+svNWEfQ==",
      "dev": true,
      "engines": {
        "node": ">=12.13.0"
      }
    },
    "node_modules/@shanzhai/interfaces": {
      "version": "0.0.24",
      "resolved": "https://registry.npmjs.org/@shanzhai/interfaces/-/interfaces-0.0.24.tgz",
      "integrity": "sha512-5y2+CvtOKnh3jkwdIAHY2bcuFwnCE9hn4QFo8UawjbIow5i3PAC0fTFQ00baMxb/BK6s2JajHvt96aIasgTn2w==",
      "dev": true,
      "engines": {
        "node": ">=17.6.0"
      }
    },
    "node_modules/@shanzhai/javascript-source-store": {
      "version": "0.0.9",
      "resolved": "https://registry.npmjs.org/@shanzhai/javascript-source-store/-/javascript-source-store-0.0.9.tgz",
      "integrity": "sha512-ivBM7FzONj4wkHkLmtgTabJ47WlW1Wi49y0Fpz9dA72vv1j3fM1RVEo8y1n1RZSINoqD/XM9PBPPo1L7zqTjSg==",
      "dev": true,
      "dependencies": {
        "@shanzhai/ephemeral-unkeyed-store": "0.0.2"
      },
      "engines": {
        "node": ">=12.13.0"
      }
    },
    "node_modules/@shanzhai/keyed-store-get-all-input": {
      "version": "0.0.2",
      "resolved": "https://registry.npmjs.org/@shanzhai/keyed-store-get-all-input/-/keyed-store-get-all-input-0.0.2.tgz",
      "integrity": "sha512-8yY/ljjS02g814z4voYKQ5TeRPfLAY7ujHJl3zv0is/rPTww8fAjmv7m2pKBCYNApUd3oggpYblsmKxZdzh1Kg==",
      "engines": {
        "node": ">=12.13.0"
      }
    },
    "node_modules/@shanzhai/keyed-store-set-output": {
      "version": "0.0.2",
      "resolved": "https://registry.npmjs.org/@shanzhai/keyed-store-set-output/-/keyed-store-set-output-0.0.2.tgz",
      "integrity": "sha512-sJ3PzoD4yB4q9sgPDc1nuONg08uUmDIbNu7RwNzm4I5TOsBZQ2ZvK7oVjAtwh15EHfTR3hcTDNd6EaR+KKyA7A==",
      "engines": {
        "node": ">=12.13.0"
      }
    },
    "node_modules/@shanzhai/merge-object-input": {
      "version": "0.0.7",
      "resolved": "https://registry.npmjs.org/@shanzhai/merge-object-input/-/merge-object-input-0.0.7.tgz",
      "integrity": "sha512-tkWc7lows/d8No83xYzx/CDJ0ZcLeqfslmiuyYK2lV8VS1stH1XeloXZD4RAddqJlH5RlnTBADRe/LXGtOpxAQ==",
      "engines": {
        "node": ">=12.13.0"
      }
    },
    "node_modules/@shanzhai/minify-javascript-step": {
      "version": "0.0.8",
      "resolved": "https://registry.npmjs.org/@shanzhai/minify-javascript-step/-/minify-javascript-step-0.0.8.tgz",
      "integrity": "sha512-m0cIdzNkj5msu8HZP3SkKy6XUVrP9cbr2wYKY1a2yUnFn1tzvhu42C9nKD2mstC1twgupXRnnafn6jAuSZT1lg==",
      "dependencies": {
        "@shanzhai/minify-step": "0.0.7",
        "uglify-js": "3.14.2"
      },
      "engines": {
        "node": ">=12.13.0"
      }
    },
    "node_modules/@shanzhai/minify-step": {
      "version": "0.0.7",
      "resolved": "https://registry.npmjs.org/@shanzhai/minify-step/-/minify-step-0.0.7.tgz",
      "integrity": "sha512-9iZToZApRL6rh21v6rk3Ggo1HCMRyCo3USZkxIgfmaCKyJsMTeKjKZWrJw0Fb6lXhPugSGHWrZjLiKRVK1CknQ==",
      "dependencies": {
        "@shanzhai/interfaces": "0.0.21"
      },
      "engines": {
        "node": ">=12.13.0"
      }
    },
    "node_modules/@shanzhai/minify-step/node_modules/@shanzhai/interfaces": {
      "version": "0.0.21",
      "resolved": "https://registry.npmjs.org/@shanzhai/interfaces/-/interfaces-0.0.21.tgz",
      "integrity": "sha512-yvZVC7KGepppA7d2qYV3rR1dQVIbvE5T0LvAgkW75BH0obTTCdnB6ndWwfyq2jNo0lCAYEK0jfM1NhJ4HTWBWw==",
      "engines": {
        "node": ">=12.13.0"
      }
    },
    "node_modules/@shanzhai/pug-local-store": {
      "version": "0.0.4",
      "resolved": "https://registry.npmjs.org/@shanzhai/pug-local-store/-/pug-local-store-0.0.4.tgz",
      "integrity": "sha512-Jut4ZGdYDprQRDEsWRz9AMziYJ6SvqM3lnj+ix11pWLfzw4seoZ1p/D3e1ljHkyAw3jO+dlXOz/gqpAaWx92eQ==",
      "dev": true,
      "dependencies": {
        "@shanzhai/ephemeral-keyed-store": "0.0.2"
      },
      "engines": {
        "node": ">=12.13.0"
      }
    },
    "node_modules/@shanzhai/type-script-global-store": {
      "version": "0.0.13",
      "resolved": "https://registry.npmjs.org/@shanzhai/type-script-global-store/-/type-script-global-store-0.0.13.tgz",
      "integrity": "sha512-YzZgHjT6OKsOf/Oz8Gup19eKzfcLyFm6pEuFS6kGWpxPgVZnXHNljtzJb/jc4NeE3/0pGm8N/6iL+d1wYOIfLw==",
      "dev": true,
      "dependencies": {
        "@shanzhai/ephemeral-keyed-store": "0.0.4"
      },
      "engines": {
        "node": ">=17.6.0"
      }
    },
    "node_modules/@shanzhai/type-script-global-store/node_modules/@shanzhai/ephemeral-keyed-store": {
      "version": "0.0.4",
      "resolved": "https://registry.npmjs.org/@shanzhai/ephemeral-keyed-store/-/ephemeral-keyed-store-0.0.4.tgz",
      "integrity": "sha512-7EDOQhH7OATy0mzKFcoBpfrZjZaFUaW4P7Pejs6I8rH1jGPAS1CqXEjzCUs7RAdKShMoWciqlGFlryn7a8Hgag==",
      "dev": true,
      "engines": {
        "node": ">=17.6.0"
      }
    },
    "node_modules/@shanzhai/unkeyed-store-get-input": {
      "version": "0.0.4",
      "resolved": "https://registry.npmjs.org/@shanzhai/unkeyed-store-get-input/-/unkeyed-store-get-input-0.0.4.tgz",
      "integrity": "sha512-6soIhT5ibcncsw2KGkJq1501v9zH7HkjHhRnvfiYNHCFdEtw/3q8fAgZ5UBp67HJZ46Z+UJTZqvi7OVcQVD4ww==",
      "engines": {
        "node": ">=17.6.0"
      }
    },
    "node_modules/@shanzhai/wrap-in-object-output": {
      "version": "0.0.5",
      "resolved": "https://registry.npmjs.org/@shanzhai/wrap-in-object-output/-/wrap-in-object-output-0.0.5.tgz",
      "integrity": "sha512-JEGXMjHxJocFNrfrhX20Ul71DHjElUGYkKAbMtmzOOKJ8G6iVFUxzP5wkSNnGW6HGvIzhQkemRxpQdOcnC0pEg==",
      "engines": {
        "node": ">=17.6.0"
      }
    },
    "node_modules/uglify-js": {
      "version": "3.14.2",
      "resolved": "https://registry.npmjs.org/uglify-js/-/uglify-js-3.14.2.tgz",
      "integrity": "sha512-rtPMlmcO4agTUfz10CbgJ1k6UAoXM2gWb3GoMPPZB/+/Ackf8lNWk11K4rYi2D0apgoFRLtQOZhb+/iGNJq26A==",
      "bin": {
        "uglifyjs": "bin/uglifyjs"
      },
      "engines": {
        "node": ">=0.8.0"
      }
    }
  },
  "dependencies": {
    "@shanzhai/ephemeral-keyed-store": {
      "version": "0.0.2",
      "resolved": "https://registry.npmjs.org/@shanzhai/ephemeral-keyed-store/-/ephemeral-keyed-store-0.0.2.tgz",
      "integrity": "sha512-4E7xyYY6DxrF9XPYbmWtR/imwTvAPOKrwNMA8vB1/FknsH7rdH9qN9PBhBxJwqhMySOhHynWE813A+1PfsX8rQ==",
      "dev": true
    },
    "@shanzhai/ephemeral-unkeyed-store": {
      "version": "0.0.2",
      "resolved": "https://registry.npmjs.org/@shanzhai/ephemeral-unkeyed-store/-/ephemeral-unkeyed-store-0.0.2.tgz",
      "integrity": "sha512-exZ6QIgrdSjcLBvyuMypXOlbK/H32FLvvRMRFEMUjo3pvxk0Qa1dzUj9OcSNAjc9aRq0EhuqSTxI4m+svNWEfQ==",
      "dev": true
    },
    "@shanzhai/interfaces": {
      "version": "0.0.24",
      "resolved": "https://registry.npmjs.org/@shanzhai/interfaces/-/interfaces-0.0.24.tgz",
      "integrity": "sha512-5y2+CvtOKnh3jkwdIAHY2bcuFwnCE9hn4QFo8UawjbIow5i3PAC0fTFQ00baMxb/BK6s2JajHvt96aIasgTn2w==",
      "dev": true
    },
    "@shanzhai/javascript-source-store": {
      "version": "0.0.9",
      "resolved": "https://registry.npmjs.org/@shanzhai/javascript-source-store/-/javascript-source-store-0.0.9.tgz",
      "integrity": "sha512-ivBM7FzONj4wkHkLmtgTabJ47WlW1Wi49y0Fpz9dA72vv1j3fM1RVEo8y1n1RZSINoqD/XM9PBPPo1L7zqTjSg==",
      "dev": true,
      "requires": {
        "@shanzhai/ephemeral-unkeyed-store": "0.0.2"
      }
    },
    "@shanzhai/keyed-store-get-all-input": {
      "version": "0.0.2",
      "resolved": "https://registry.npmjs.org/@shanzhai/keyed-store-get-all-input/-/keyed-store-get-all-input-0.0.2.tgz",
      "integrity": "sha512-8yY/ljjS02g814z4voYKQ5TeRPfLAY7ujHJl3zv0is/rPTww8fAjmv7m2pKBCYNApUd3oggpYblsmKxZdzh1Kg=="
    },
    "@shanzhai/keyed-store-set-output": {
      "version": "0.0.2",
      "resolved": "https://registry.npmjs.org/@shanzhai/keyed-store-set-output/-/keyed-store-set-output-0.0.2.tgz",
      "integrity": "sha512-sJ3PzoD4yB4q9sgPDc1nuONg08uUmDIbNu7RwNzm4I5TOsBZQ2ZvK7oVjAtwh15EHfTR3hcTDNd6EaR+KKyA7A=="
    },
    "@shanzhai/merge-object-input": {
      "version": "0.0.7",
      "resolved": "https://registry.npmjs.org/@shanzhai/merge-object-input/-/merge-object-input-0.0.7.tgz",
      "integrity": "sha512-tkWc7lows/d8No83xYzx/CDJ0ZcLeqfslmiuyYK2lV8VS1stH1XeloXZD4RAddqJlH5RlnTBADRe/LXGtOpxAQ=="
    },
    "@shanzhai/minify-javascript-step": {
      "version": "0.0.8",
      "resolved": "https://registry.npmjs.org/@shanzhai/minify-javascript-step/-/minify-javascript-step-0.0.8.tgz",
      "integrity": "sha512-m0cIdzNkj5msu8HZP3SkKy6XUVrP9cbr2wYKY1a2yUnFn1tzvhu42C9nKD2mstC1twgupXRnnafn6jAuSZT1lg==",
      "requires": {
        "@shanzhai/minify-step": "0.0.7",
        "uglify-js": "3.14.2"
      }
    },
    "@shanzhai/minify-step": {
      "version": "0.0.7",
      "resolved": "https://registry.npmjs.org/@shanzhai/minify-step/-/minify-step-0.0.7.tgz",
      "integrity": "sha512-9iZToZApRL6rh21v6rk3Ggo1HCMRyCo3USZkxIgfmaCKyJsMTeKjKZWrJw0Fb6lXhPugSGHWrZjLiKRVK1CknQ==",
      "requires": {
        "@shanzhai/interfaces": "0.0.21"
      },
      "dependencies": {
        "@shanzhai/interfaces": {
          "version": "0.0.21",
          "resolved": "https://registry.npmjs.org/@shanzhai/interfaces/-/interfaces-0.0.21.tgz",
          "integrity": "sha512-yvZVC7KGepppA7d2qYV3rR1dQVIbvE5T0LvAgkW75BH0obTTCdnB6ndWwfyq2jNo0lCAYEK0jfM1NhJ4HTWBWw=="
        }
      }
    },
    "@shanzhai/pug-local-store": {
      "version": "0.0.4",
      "resolved": "https://registry.npmjs.org/@shanzhai/pug-local-store/-/pug-local-store-0.0.4.tgz",
      "integrity": "sha512-Jut4ZGdYDprQRDEsWRz9AMziYJ6SvqM3lnj+ix11pWLfzw4seoZ1p/D3e1ljHkyAw3jO+dlXOz/gqpAaWx92eQ==",
      "dev": true,
      "requires": {
        "@shanzhai/ephemeral-keyed-store": "0.0.2"
      }
    },
    "@shanzhai/type-script-global-store": {
      "version": "0.0.13",
      "resolved": "https://registry.npmjs.org/@shanzhai/type-script-global-store/-/type-script-global-store-0.0.13.tgz",
      "integrity": "sha512-YzZgHjT6OKsOf/Oz8Gup19eKzfcLyFm6pEuFS6kGWpxPgVZnXHNljtzJb/jc4NeE3/0pGm8N/6iL+d1wYOIfLw==",
      "dev": true,
      "requires": {
        "@shanzhai/ephemeral-keyed-store": "0.0.4"
      },
      "dependencies": {
        "@shanzhai/ephemeral-keyed-store": {
          "version": "0.0.4",
          "resolved": "https://registry.npmjs.org/@shanzhai/ephemeral-keyed-store/-/ephemeral-keyed-store-0.0.4.tgz",
          "integrity": "sha512-7EDOQhH7OATy0mzKFcoBpfrZjZaFUaW4P7Pejs6I8rH1jGPAS1CqXEjzCUs7RAdKShMoWciqlGFlryn7a8Hgag==",
          "dev": true
        }
      }
    },
    "@shanzhai/unkeyed-store-get-input": {
      "version": "0.0.4",
      "resolved": "https://registry.npmjs.org/@shanzhai/unkeyed-store-get-input/-/unkeyed-store-get-input-0.0.4.tgz",
      "integrity": "sha512-6soIhT5ibcncsw2KGkJq1501v9zH7HkjHhRnvfiYNHCFdEtw/3q8fAgZ5UBp67HJZ46Z+UJTZqvi7OVcQVD4ww=="
    },
    "@shanzhai/wrap-in-object-output": {
      "version": "0.0.5",
      "resolved": "https://registry.npmjs.org/@shanzhai/wrap-in-object-output/-/wrap-in-object-output-0.0.5.tgz",
      "integrity": "sha512-JEGXMjHxJocFNrfrhX20Ul71DHjElUGYkKAbMtmzOOKJ8G6iVFUxzP5wkSNnGW6HGvIzhQkemRxpQdOcnC0pEg=="
    },
    "uglify-js": {
      "version": "3.14.2",
      "resolved": "https://registry.npmjs.org/uglify-js/-/uglify-js-3.14.2.tgz",
      "integrity": "sha512-rtPMlmcO4agTUfz10CbgJ1k6UAoXM2gWb3GoMPPZB/+/Ackf8lNWk11K4rYi2D0apgoFRLtQOZhb+/iGNJq26A=="
    }
  }
}
