{
  "name": "@shanzhai/output-zip-content-plugin",
  "version": "0.0.9",
  "lockfileVersion": 2,
  "requires": true,
  "packages": {
    "": {
      "name": "@shanzhai/output-zip-content-plugin",
      "version": "0.0.9",
      "license": "MIT",
      "dependencies": {
        "@shanzhai/create-directory-step": "0.0.9",
        "@shanzhai/delete-step": "0.0.9",
        "@shanzhai/keyed-store-get-input": "0.0.4",
        "@shanzhai/serial-step": "0.0.10",
        "@shanzhai/write-file-step": "0.0.9"
      },
      "devDependencies": {
        "@shanzhai/interfaces": "0.0.24",
        "@shanzhai/zip-content-store": "0.0.5"
      },
      "engines": {
        "node": ">=17.6.0"
      },
      "peerDependencies": {
        "@shanzhai/zip-content-store": "0.0.5"
      }
    },
    "node_modules/@shanzhai/create-directory-step": {
      "version": "0.0.9",
      "resolved": "https://registry.npmjs.org/@shanzhai/create-directory-step/-/create-directory-step-0.0.9.tgz",
      "integrity": "sha512-YWmqIcXh1S72Z25Nazr5qlaJIdOOIKpG/OVoKRKtia7Eu6HjgsAMWnfsjHzQQx/zk5aEAinke1sehc+HIZjKvQ==",
      "dependencies": {
        "@shanzhai/interfaces": "0.0.24"
      },
      "engines": {
        "node": ">=17.6.0"
      }
    },
    "node_modules/@shanzhai/delete-step": {
      "version": "0.0.9",
      "resolved": "https://registry.npmjs.org/@shanzhai/delete-step/-/delete-step-0.0.9.tgz",
      "integrity": "sha512-EwFokHePuxxixoF9y/nb2Di+oQZ2qHYb8SlCUrWXayBw4RuLepdkIZh+zivmcghzI+h175eMXUq/+LgeomxPnA==",
      "dependencies": {
        "@shanzhai/interfaces": "0.0.24"
      },
      "engines": {
        "node": ">=17.6.0"
      }
    },
    "node_modules/@shanzhai/ephemeral-keyed-store": {
      "version": "0.0.4",
      "resolved": "https://registry.npmjs.org/@shanzhai/ephemeral-keyed-store/-/ephemeral-keyed-store-0.0.4.tgz",
      "integrity": "sha512-7EDOQhH7OATy0mzKFcoBpfrZjZaFUaW4P7Pejs6I8rH1jGPAS1CqXEjzCUs7RAdKShMoWciqlGFlryn7a8Hgag==",
      "dev": true,
      "engines": {
        "node": ">=17.6.0"
      }
    },
    "node_modules/@shanzhai/interfaces": {
      "version": "0.0.24",
      "resolved": "https://registry.npmjs.org/@shanzhai/interfaces/-/interfaces-0.0.24.tgz",
      "integrity": "sha512-5y2+CvtOKnh3jkwdIAHY2bcuFwnCE9hn4QFo8UawjbIow5i3PAC0fTFQ00baMxb/BK6s2JajHvt96aIasgTn2w==",
      "engines": {
        "node": ">=17.6.0"
      }
    },
    "node_modules/@shanzhai/keyed-store-get-input": {
      "version": "0.0.4",
      "resolved": "https://registry.npmjs.org/@shanzhai/keyed-store-get-input/-/keyed-store-get-input-0.0.4.tgz",
      "integrity": "sha512-HTFo0E5TLZfUThqYKjSQlrosYtn9PBkIbU3tycsG2QRmoS+9OrgQgs7ANRiL6zSpagZJawfrLod8jmzSXSeepw==",
      "engines": {
        "node": ">=17.6.0"
      }
    },
    "node_modules/@shanzhai/serial-step": {
      "version": "0.0.10",
      "resolved": "https://registry.npmjs.org/@shanzhai/serial-step/-/serial-step-0.0.10.tgz",
      "integrity": "sha512-rdQVyVeLnf0544LQVOxtC9Z40L76KX0+J1Jb3xKhcnirHu2vXBpuQWMJP3kEOyuNllXqpn4b1yXe5l1J96/fUw==",
      "dependencies": {
        "@shanzhai/interfaces": "0.0.24"
      },
      "engines": {
        "node": ">=17.6.0"
      }
    },
    "node_modules/@shanzhai/write-file-step": {
      "version": "0.0.9",
      "resolved": "https://registry.npmjs.org/@shanzhai/write-file-step/-/write-file-step-0.0.9.tgz",
      "integrity": "sha512-h2VvpJwUqf84I+vATsjmxpovrOqzMrz9CIV5kMRMns3m7rucoL90NnhG8IgqU08HkqQ1M5ffu4kHRezS9a+0Lg==",
      "dependencies": {
        "@shanzhai/interfaces": "0.0.24"
      },
      "engines": {
        "node": ">=17.6.0"
      }
    },
    "node_modules/@shanzhai/zip-content-store": {
      "version": "0.0.5",
      "resolved": "https://registry.npmjs.org/@shanzhai/zip-content-store/-/zip-content-store-0.0.5.tgz",
      "integrity": "sha512-zVU0btV3N0oD3lepX4fgRetcVOmagEUj0/wmgaYji5isaQ4RQXDJqc8chFyuBvBZ/rpHtWIcvgZLHh7KgmYasQ==",
      "dev": true,
      "dependencies": {
        "@shanzhai/ephemeral-keyed-store": "0.0.4"
      },
      "engines": {
        "node": ">=17.6.0"
      }
    }
  },
  "dependencies": {
    "@shanzhai/create-directory-step": {
      "version": "0.0.9",
      "resolved": "https://registry.npmjs.org/@shanzhai/create-directory-step/-/create-directory-step-0.0.9.tgz",
      "integrity": "sha512-YWmqIcXh1S72Z25Nazr5qlaJIdOOIKpG/OVoKRKtia7Eu6HjgsAMWnfsjHzQQx/zk5aEAinke1sehc+HIZjKvQ==",
      "requires": {
        "@shanzhai/interfaces": "0.0.24"
      }
    },
    "@shanzhai/delete-step": {
      "version": "0.0.9",
      "resolved": "https://registry.npmjs.org/@shanzhai/delete-step/-/delete-step-0.0.9.tgz",
      "integrity": "sha512-EwFokHePuxxixoF9y/nb2Di+oQZ2qHYb8SlCUrWXayBw4RuLepdkIZh+zivmcghzI+h175eMXUq/+LgeomxPnA==",
      "requires": {
        "@shanzhai/interfaces": "0.0.24"
      }
    },
    "@shanzhai/ephemeral-keyed-store": {
      "version": "0.0.4",
      "resolved": "https://registry.npmjs.org/@shanzhai/ephemeral-keyed-store/-/ephemeral-keyed-store-0.0.4.tgz",
      "integrity": "sha512-7EDOQhH7OATy0mzKFcoBpfrZjZaFUaW4P7Pejs6I8rH1jGPAS1CqXEjzCUs7RAdKShMoWciqlGFlryn7a8Hgag==",
      "dev": true
    },
    "@shanzhai/interfaces": {
      "version": "0.0.24",
      "resolved": "https://registry.npmjs.org/@shanzhai/interfaces/-/interfaces-0.0.24.tgz",
      "integrity": "sha512-5y2+CvtOKnh3jkwdIAHY2bcuFwnCE9hn4QFo8UawjbIow5i3PAC0fTFQ00baMxb/BK6s2JajHvt96aIasgTn2w=="
    },
    "@shanzhai/keyed-store-get-input": {
      "version": "0.0.4",
      "resolved": "https://registry.npmjs.org/@shanzhai/keyed-store-get-input/-/keyed-store-get-input-0.0.4.tgz",
      "integrity": "sha512-HTFo0E5TLZfUThqYKjSQlrosYtn9PBkIbU3tycsG2QRmoS+9OrgQgs7ANRiL6zSpagZJawfrLod8jmzSXSeepw=="
    },
    "@shanzhai/serial-step": {
      "version": "0.0.10",
      "resolved": "https://registry.npmjs.org/@shanzhai/serial-step/-/serial-step-0.0.10.tgz",
      "integrity": "sha512-rdQVyVeLnf0544LQVOxtC9Z40L76KX0+J1Jb3xKhcnirHu2vXBpuQWMJP3kEOyuNllXqpn4b1yXe5l1J96/fUw==",
      "requires": {
        "@shanzhai/interfaces": "0.0.24"
      }
    },
    "@shanzhai/write-file-step": {
      "version": "0.0.9",
      "resolved": "https://registry.npmjs.org/@shanzhai/write-file-step/-/write-file-step-0.0.9.tgz",
      "integrity": "sha512-h2VvpJwUqf84I+vATsjmxpovrOqzMrz9CIV5kMRMns3m7rucoL90NnhG8IgqU08HkqQ1M5ffu4kHRezS9a+0Lg==",
      "requires": {
        "@shanzhai/interfaces": "0.0.24"
      }
    },
    "@shanzhai/zip-content-store": {
      "version": "0.0.5",
      "resolved": "https://registry.npmjs.org/@shanzhai/zip-content-store/-/zip-content-store-0.0.5.tgz",
      "integrity": "sha512-zVU0btV3N0oD3lepX4fgRetcVOmagEUj0/wmgaYji5isaQ4RQXDJqc8chFyuBvBZ/rpHtWIcvgZLHh7KgmYasQ==",
      "dev": true,
      "requires": {
        "@shanzhai/ephemeral-keyed-store": "0.0.4"
      }
    }
  }
}
