{
  "name": "@shanzhai/compile-type-script-step",
  "version": "0.0.3",
  "lockfileVersion": 2,
  "requires": true,
  "packages": {
    "": {
      "version": "0.0.3",
      "license": "MIT",
      "dependencies": {
        "typescript": "4.2.4"
      },
      "devDependencies": {
        "@shanzhai/interfaces": "0.0.7"
      },
      "engines": {
        "node": ">=12.13.0"
      }
    },
    "node_modules/@shanzhai/interfaces": {
      "version": "0.0.7",
      "resolved": "https://registry.npmjs.org/@shanzhai/interfaces/-/interfaces-0.0.7.tgz",
      "integrity": "sha512-P0vVC4Y0PBfzdu56A8euo9OIoIZnrQX4QLo1gvnosz4Yu1NdPaVxSdWKXDFbmWZAnNI/fznF3YKtw8rM4ZkJXA==",
      "dev": true,
      "engines": {
        "node": ">=12.13.0"
      }
    },
    "node_modules/typescript": {
      "version": "4.2.4",
      "resolved": "https://registry.npmjs.org/typescript/-/typescript-4.2.4.tgz",
      "integrity": "sha512-V+evlYHZnQkaz8TRBuxTA92yZBPotr5H+WhQ7bD3hZUndx5tGOa1fuCgeSjxAzM1RiN5IzvadIXTVefuuwZCRg==",
      "bin": {
        "tsc": "bin/tsc",
        "tsserver": "bin/tsserver"
      },
      "engines": {
        "node": ">=4.2.0"
      }
    }
  },
  "dependencies": {
    "@shanzhai/interfaces": {
      "version": "0.0.7",
      "resolved": "https://registry.npmjs.org/@shanzhai/interfaces/-/interfaces-0.0.7.tgz",
      "integrity": "sha512-P0vVC4Y0PBfzdu56A8euo9OIoIZnrQX4QLo1gvnosz4Yu1NdPaVxSdWKXDFbmWZAnNI/fznF3YKtw8rM4ZkJXA==",
      "dev": true
    },
    "typescript": {
      "version": "4.2.4",
      "resolved": "https://registry.npmjs.org/typescript/-/typescript-4.2.4.tgz",
      "integrity": "sha512-V+evlYHZnQkaz8TRBuxTA92yZBPotr5H+WhQ7bD3hZUndx5tGOa1fuCgeSjxAzM1RiN5IzvadIXTVefuuwZCRg=="
    }
  }
}
