{
  "name": "@shanzhai/read-type-script-files-plugin",
  "version": "0.0.11",
  "lockfileVersion": 2,
  "requires": true,
  "packages": {
    "": {
      "name": "@shanzhai/read-type-script-files-plugin",
      "version": "0.0.11",
      "license": "MIT",
      "dependencies": {
        "@shanzhai/delete-from-keyed-store-step": "0.0.2",
        "@shanzhai/keyed-store-set-output": "0.0.4",
        "@shanzhai/read-text-file-step": "0.0.9"
      },
      "devDependencies": {
        "@shanzhai/interfaces": "0.0.24",
        "@shanzhai/type-script-source-store": "0.0.9"
      },
      "engines": {
        "node": ">=17.6.0"
      },
      "peerDependencies": {
        "@shanzhai/type-script-source-store": "0.0.9"
      }
    },
    "node_modules/@shanzhai/delete-from-keyed-store-step": {
      "version": "0.0.2",
      "resolved": "https://registry.npmjs.org/@shanzhai/delete-from-keyed-store-step/-/delete-from-keyed-store-step-0.0.2.tgz",
      "integrity": "sha512-YcTx3iwF9VJ9R9vHu6XForCEgwk/zrdiOpLdrHAClMNnWRnU59xGs83waauNrzKMjORXCh/pnA8ir2SIGHmS3A==",
      "dependencies": {
        "@shanzhai/interfaces": "0.0.21"
      },
      "engines": {
        "node": ">=12.13.0"
      }
    },
    "node_modules/@shanzhai/delete-from-keyed-store-step/node_modules/@shanzhai/interfaces": {
      "version": "0.0.21",
      "resolved": "https://registry.npmjs.org/@shanzhai/interfaces/-/interfaces-0.0.21.tgz",
      "integrity": "sha512-yvZVC7KGepppA7d2qYV3rR1dQVIbvE5T0LvAgkW75BH0obTTCdnB6ndWwfyq2jNo0lCAYEK0jfM1NhJ4HTWBWw==",
      "engines": {
        "node": ">=12.13.0"
      }
    },
    "node_modules/@shanzhai/ephemeral-keyed-store": {
      "version": "0.0.2",
      "resolved": "https://registry.npmjs.org/@shanzhai/ephemeral-keyed-store/-/ephemeral-keyed-store-0.0.2.tgz",
      "integrity": "sha512-4E7xyYY6DxrF9XPYbmWtR/imwTvAPOKrwNMA8vB1/FknsH7rdH9qN9PBhBxJwqhMySOhHynWE813A+1PfsX8rQ==",
      "dev": true,
      "engines": {
        "node": ">=12.13.0"
      }
    },
    "node_modules/@shanzhai/interfaces": {
      "version": "0.0.24",
      "resolved": "https://registry.npmjs.org/@shanzhai/interfaces/-/interfaces-0.0.24.tgz",
      "integrity": "sha512-5y2+CvtOKnh3jkwdIAHY2bcuFwnCE9hn4QFo8UawjbIow5i3PAC0fTFQ00baMxb/BK6s2JajHvt96aIasgTn2w==",
      "engines": {
        "node": ">=17.6.0"
      }
    },
    "node_modules/@shanzhai/keyed-store-set-output": {
      "version": "0.0.4",
      "resolved": "https://registry.npmjs.org/@shanzhai/keyed-store-set-output/-/keyed-store-set-output-0.0.4.tgz",
      "integrity": "sha512-Y85m6AHlrmG/NiA0RUGWziEpVbnheXA9YCzbDIgIfa37F0dWz1vceBqdbC/JZhsIhcQR2JErGpGbNr6ZBgiu5A==",
      "engines": {
        "node": ">=17.6.0"
      }
    },
    "node_modules/@shanzhai/read-text-file-step": {
      "version": "0.0.9",
      "resolved": "https://registry.npmjs.org/@shanzhai/read-text-file-step/-/read-text-file-step-0.0.9.tgz",
      "integrity": "sha512-q8lrtYi6Bp23Qict9Rm4MP4jxDfrmq1mQsDee4t+Ehq3oOcGKu6sgpCvXsixdoJOorep6h5unD7rIbe5rvd7xQ==",
      "dependencies": {
        "@shanzhai/interfaces": "0.0.24"
      },
      "engines": {
        "node": ">=17.6.0"
      }
    },
    "node_modules/@shanzhai/type-script-source-store": {
      "version": "0.0.9",
      "resolved": "https://registry.npmjs.org/@shanzhai/type-script-source-store/-/type-script-source-store-0.0.9.tgz",
      "integrity": "sha512-gsjIemg3Zy//PweOxatKgAN7ACcE/d/KSY9RiqE3hlrw6X/uD/+g9hP4LTunki7x2AjCXMEhl3Z1+q+8VPl1lw==",
      "dev": true,
      "dependencies": {
        "@shanzhai/ephemeral-keyed-store": "0.0.2"
      },
      "engines": {
        "node": ">=17.6.0"
      }
    }
  },
  "dependencies": {
    "@shanzhai/delete-from-keyed-store-step": {
      "version": "0.0.2",
      "resolved": "https://registry.npmjs.org/@shanzhai/delete-from-keyed-store-step/-/delete-from-keyed-store-step-0.0.2.tgz",
      "integrity": "sha512-YcTx3iwF9VJ9R9vHu6XForCEgwk/zrdiOpLdrHAClMNnWRnU59xGs83waauNrzKMjORXCh/pnA8ir2SIGHmS3A==",
      "requires": {
        "@shanzhai/interfaces": "0.0.21"
      },
      "dependencies": {
        "@shanzhai/interfaces": {
          "version": "0.0.21",
          "resolved": "https://registry.npmjs.org/@shanzhai/interfaces/-/interfaces-0.0.21.tgz",
          "integrity": "sha512-yvZVC7KGepppA7d2qYV3rR1dQVIbvE5T0LvAgkW75BH0obTTCdnB6ndWwfyq2jNo0lCAYEK0jfM1NhJ4HTWBWw=="
        }
      }
    },
    "@shanzhai/ephemeral-keyed-store": {
      "version": "0.0.2",
      "resolved": "https://registry.npmjs.org/@shanzhai/ephemeral-keyed-store/-/ephemeral-keyed-store-0.0.2.tgz",
      "integrity": "sha512-4E7xyYY6DxrF9XPYbmWtR/imwTvAPOKrwNMA8vB1/FknsH7rdH9qN9PBhBxJwqhMySOhHynWE813A+1PfsX8rQ==",
      "dev": true
    },
    "@shanzhai/interfaces": {
      "version": "0.0.24",
      "resolved": "https://registry.npmjs.org/@shanzhai/interfaces/-/interfaces-0.0.24.tgz",
      "integrity": "sha512-5y2+CvtOKnh3jkwdIAHY2bcuFwnCE9hn4QFo8UawjbIow5i3PAC0fTFQ00baMxb/BK6s2JajHvt96aIasgTn2w=="
    },
    "@shanzhai/keyed-store-set-output": {
      "version": "0.0.4",
      "resolved": "https://registry.npmjs.org/@shanzhai/keyed-store-set-output/-/keyed-store-set-output-0.0.4.tgz",
      "integrity": "sha512-Y85m6AHlrmG/NiA0RUGWziEpVbnheXA9YCzbDIgIfa37F0dWz1vceBqdbC/JZhsIhcQR2JErGpGbNr6ZBgiu5A=="
    },
    "@shanzhai/read-text-file-step": {
      "version": "0.0.9",
      "resolved": "https://registry.npmjs.org/@shanzhai/read-text-file-step/-/read-text-file-step-0.0.9.tgz",
      "integrity": "sha512-q8lrtYi6Bp23Qict9Rm4MP4jxDfrmq1mQsDee4t+Ehq3oOcGKu6sgpCvXsixdoJOorep6h5unD7rIbe5rvd7xQ==",
      "requires": {
        "@shanzhai/interfaces": "0.0.24"
      }
    },
    "@shanzhai/type-script-source-store": {
      "version": "0.0.9",
      "resolved": "https://registry.npmjs.org/@shanzhai/type-script-source-store/-/type-script-source-store-0.0.9.tgz",
      "integrity": "sha512-gsjIemg3Zy//PweOxatKgAN7ACcE/d/KSY9RiqE3hlrw6X/uD/+g9hP4LTunki7x2AjCXMEhl3Z1+q+8VPl1lw==",
      "dev": true,
      "requires": {
        "@shanzhai/ephemeral-keyed-store": "0.0.2"
      }
    }
  }
}
