{
  "name": "@shanzhai/read-type-script-files-plugin",
  "version": "0.0.2",
  "lockfileVersion": 1,
  "requires": true,
  "dependencies": {
    "@shanzhai/interfaces": {
      "version": "0.0.16",
      "resolved": "https://registry.npmjs.org/@shanzhai/interfaces/-/interfaces-0.0.16.tgz",
      "integrity": "sha512-rzqxtI7/wZBOr0whKuQrFAD6hvUJQxnRMP/qpLchieuk0X6xbqhukU9KL592UgdSAthHXWqYc+sFwwnSaLPqMw=="
    },
    "@shanzhai/key-value-store": {
      "version": "0.0.7",
      "resolved": "https://registry.npmjs.org/@shanzhai/key-value-store/-/key-value-store-0.0.7.tgz",
      "integrity": "sha512-88Il0bb4ZvMJ38VVp/CFE4koS8K9GoA+Js7ADC7zrhGdi7ombkOhOOpbe/hC9F/epQOHrTidLLlCsUZ3j4FCqw==",
      "requires": {
        "@shanzhai/interfaces": "0.0.16"
      }
    },
    "@shanzhai/read-text-file-step": {
      "version": "0.0.4",
      "resolved": "https://registry.npmjs.org/@shanzhai/read-text-file-step/-/read-text-file-step-0.0.4.tgz",
      "integrity": "sha512-WCemPQn56aKIJyCswJS+u6QJI1X0da++54NOwjyzzfiNaAomErnIS1hRUvOeECNn8vOFTsTLmSGP2tu1F9pIoA==",
      "requires": {
        "@shanzhai/interfaces": "0.0.16"
      }
    },
    "@shanzhai/type-script-source-store": {
      "version": "0.0.5",
      "resolved": "https://registry.npmjs.org/@shanzhai/type-script-source-store/-/type-script-source-store-0.0.5.tgz",
      "integrity": "sha512-vqc0Jc+mU5Hx5UN36eW/+fucP2nvnaFO4zHVBYrNBe3CTkuCKQk/V5ETqYl2tSNiajV0Tm1XW4P0vQtDBI+ihg==",
      "dev": true,
      "requires": {
        "@shanzhai/key-value-store": "0.0.7"
      }
    }
  }
}
