{
  "name": "@shanzhai/read-type-script-files-plugin",
  "version": "0.0.14",
  "lockfileVersion": 2,
  "requires": true,
  "packages": {
    "": {
      "name": "@shanzhai/read-type-script-files-plugin",
      "version": "0.0.14",
      "license": "MIT",
      "dependencies": {
        "@shanzhai/delete-from-keyed-store-step": "0.0.5",
        "@shanzhai/keyed-store-set-output": "0.0.5",
        "@shanzhai/read-text-file-step": "0.0.11"
      },
      "devDependencies": {
        "@shanzhai/interfaces": "0.0.25",
        "@shanzhai/type-script-source-store": "0.0.11"
      },
      "engines": {
        "node": ">=17.6.0"
      },
      "peerDependencies": {
        "@shanzhai/type-script-source-store": "0.0.11"
      }
    },
    "node_modules/@shanzhai/delete-from-keyed-store-step": {
      "version": "0.0.5",
      "resolved": "https://registry.npmjs.org/@shanzhai/delete-from-keyed-store-step/-/delete-from-keyed-store-step-0.0.5.tgz",
      "integrity": "sha512-IejpSy6mzFooReQeUfRd6lG8hSRgyI/9NlFVm+43d+h8dvDAhWFE3V0GpchGs8xdpsKjK58eLvhxDoQG1ykTBQ==",
      "dependencies": {
        "@shanzhai/interfaces": "0.0.25"
      },
      "engines": {
        "node": ">=17.6.0"
      }
    },
    "node_modules/@shanzhai/ephemeral-keyed-store": {
      "version": "0.0.5",
      "resolved": "https://registry.npmjs.org/@shanzhai/ephemeral-keyed-store/-/ephemeral-keyed-store-0.0.5.tgz",
      "integrity": "sha512-24Patd42bXbbgpr6WjyM+aN3/PY6JSxAXqgDSjAeNURzi2xbBOiS1PuFb2CGCblZq/WyJ1+jsQgU/mquQze4gw==",
      "dev": true,
      "engines": {
        "node": ">=17.6.0"
      }
    },
    "node_modules/@shanzhai/interfaces": {
      "version": "0.0.25",
      "resolved": "https://registry.npmjs.org/@shanzhai/interfaces/-/interfaces-0.0.25.tgz",
      "integrity": "sha512-Fak4C4y0+RpL1U7V+ohcZPqzv/vdqW27oEePFin7Tdpnnk9RncPjinFppFxNhw5umvGk5xLRB1oGE67YFI/7Bg==",
      "engines": {
        "node": ">=17.6.0"
      }
    },
    "node_modules/@shanzhai/keyed-store-set-output": {
      "version": "0.0.5",
      "resolved": "https://registry.npmjs.org/@shanzhai/keyed-store-set-output/-/keyed-store-set-output-0.0.5.tgz",
      "integrity": "sha512-SNTqZP9KjA8aXgR6O5JVzfV1+U/jamr5rkukuD+fVw8IiE9CrlkphKxzYUYhaZvFJoe+N1l73W0SX0zPuvI0QQ==",
      "engines": {
        "node": ">=17.6.0"
      }
    },
    "node_modules/@shanzhai/read-text-file-step": {
      "version": "0.0.11",
      "resolved": "https://registry.npmjs.org/@shanzhai/read-text-file-step/-/read-text-file-step-0.0.11.tgz",
      "integrity": "sha512-hz4LOX9iaUklYlYJyMqyfaXQ2oY+YlyGELMqv3OURAUKr+9rh1aH+kOsm2QuqVjDq86dc3llGzePmEVN97Psmg==",
      "dependencies": {
        "@shanzhai/interfaces": "0.0.25"
      },
      "engines": {
        "node": ">=17.6.0"
      }
    },
    "node_modules/@shanzhai/type-script-source-store": {
      "version": "0.0.11",
      "resolved": "https://registry.npmjs.org/@shanzhai/type-script-source-store/-/type-script-source-store-0.0.11.tgz",
      "integrity": "sha512-ISIXHBPplq21HlFUVR4x2OWwJmed8HoW+nKjHH39UC4/E5l6wv0Qwf0iXChyN3yvT05g04wp5OheQgL7uXh9lg==",
      "dev": true,
      "dependencies": {
        "@shanzhai/ephemeral-keyed-store": "0.0.5"
      },
      "engines": {
        "node": ">=17.6.0"
      }
    }
  },
  "dependencies": {
    "@shanzhai/delete-from-keyed-store-step": {
      "version": "0.0.5",
      "resolved": "https://registry.npmjs.org/@shanzhai/delete-from-keyed-store-step/-/delete-from-keyed-store-step-0.0.5.tgz",
      "integrity": "sha512-IejpSy6mzFooReQeUfRd6lG8hSRgyI/9NlFVm+43d+h8dvDAhWFE3V0GpchGs8xdpsKjK58eLvhxDoQG1ykTBQ==",
      "requires": {
        "@shanzhai/interfaces": "0.0.25"
      }
    },
    "@shanzhai/ephemeral-keyed-store": {
      "version": "0.0.5",
      "resolved": "https://registry.npmjs.org/@shanzhai/ephemeral-keyed-store/-/ephemeral-keyed-store-0.0.5.tgz",
      "integrity": "sha512-24Patd42bXbbgpr6WjyM+aN3/PY6JSxAXqgDSjAeNURzi2xbBOiS1PuFb2CGCblZq/WyJ1+jsQgU/mquQze4gw==",
      "dev": true
    },
    "@shanzhai/interfaces": {
      "version": "0.0.25",
      "resolved": "https://registry.npmjs.org/@shanzhai/interfaces/-/interfaces-0.0.25.tgz",
      "integrity": "sha512-Fak4C4y0+RpL1U7V+ohcZPqzv/vdqW27oEePFin7Tdpnnk9RncPjinFppFxNhw5umvGk5xLRB1oGE67YFI/7Bg=="
    },
    "@shanzhai/keyed-store-set-output": {
      "version": "0.0.5",
      "resolved": "https://registry.npmjs.org/@shanzhai/keyed-store-set-output/-/keyed-store-set-output-0.0.5.tgz",
      "integrity": "sha512-SNTqZP9KjA8aXgR6O5JVzfV1+U/jamr5rkukuD+fVw8IiE9CrlkphKxzYUYhaZvFJoe+N1l73W0SX0zPuvI0QQ=="
    },
    "@shanzhai/read-text-file-step": {
      "version": "0.0.11",
      "resolved": "https://registry.npmjs.org/@shanzhai/read-text-file-step/-/read-text-file-step-0.0.11.tgz",
      "integrity": "sha512-hz4LOX9iaUklYlYJyMqyfaXQ2oY+YlyGELMqv3OURAUKr+9rh1aH+kOsm2QuqVjDq86dc3llGzePmEVN97Psmg==",
      "requires": {
        "@shanzhai/interfaces": "0.0.25"
      }
    },
    "@shanzhai/type-script-source-store": {
      "version": "0.0.11",
      "resolved": "https://registry.npmjs.org/@shanzhai/type-script-source-store/-/type-script-source-store-0.0.11.tgz",
      "integrity": "sha512-ISIXHBPplq21HlFUVR4x2OWwJmed8HoW+nKjHH39UC4/E5l6wv0Qwf0iXChyN3yvT05g04wp5OheQgL7uXh9lg==",
      "dev": true,
      "requires": {
        "@shanzhai/ephemeral-keyed-store": "0.0.5"
      }
    }
  }
}
