{
  "name": "@shanzhai/planning-helpers",
  "version": "0.0.2",
  "lockfileVersion": 1,
  "requires": true,
  "dependencies": {
    "@shanzhai/change-tracking-helpers": {
      "version": "0.0.7",
      "resolved": "https://registry.npmjs.org/@shanzhai/change-tracking-helpers/-/change-tracking-helpers-0.0.7.tgz",
      "integrity": "sha512-7W7ulkG15+JozBDpV5cgjx5eE21EjwNoIzRjJ3tV5QdQmtAjtqn2pHaX9LWicXz6HJDSmVgtiZzt8D6m70Mt3A=="
    },
    "@shanzhai/interfaces": {
      "version": "0.0.12",
      "resolved": "https://registry.npmjs.org/@shanzhai/interfaces/-/interfaces-0.0.12.tgz",
      "integrity": "sha512-Z2UlP6Ufu/Ey27xlRnlcmBHV21udBkgzhfUS+1ecrbs4oO4k8yVxFOwBsqtAvdizNUFZnWZ8XIbY8z5rGIb95A==",
      "dev": true
    },
    "@shanzhai/parallel-step": {
      "version": "0.0.2",
      "resolved": "https://registry.npmjs.org/@shanzhai/parallel-step/-/parallel-step-0.0.2.tgz",
      "integrity": "sha512-fn6OsnErzZ7HFkKCgJDyJFSGqfizB2PgtOFv2bAbBby+Do4NuXV1hsWLnoMfY3i9Dp0B9yj7f2prCUObULNa1w=="
    },
    "@shanzhai/serial-step": {
      "version": "0.0.2",
      "resolved": "https://registry.npmjs.org/@shanzhai/serial-step/-/serial-step-0.0.2.tgz",
      "integrity": "sha512-MRV7Sl9uIH/m0TXR0rIcPbkFoIaUShDjZK55ZFvU7qcCZnwk9Xm5sQ/0hAcAXIEbn0haeRQ8syDJuHBPUn6cAw=="
    }
  }
}
