{
  "name": "@shanzhai/validate-json-schema-step",
  "version": "0.0.2",
  "lockfileVersion": 1,
  "requires": true,
  "dependencies": {
    "@shanzhai/interfaces": {
      "version": "0.0.7",
      "resolved": "https://registry.npmjs.org/@shanzhai/interfaces/-/interfaces-0.0.7.tgz",
      "integrity": "sha512-P0vVC4Y0PBfzdu56A8euo9OIoIZnrQX4QLo1gvnosz4Yu1NdPaVxSdWKXDFbmWZAnNI/fznF3YKtw8rM4ZkJXA==",
      "dev": true
    },
    "jsonschema": {
      "version": "1.3.0",
      "resolved": "https://registry.npmjs.org/jsonschema/-/jsonschema-1.3.0.tgz",
      "integrity": "sha512-qg48ckmeeQNPyPAUVIb4Qgmg/U2Kgg5SuEyMs8Z72cnxsw5Ra088U/Foi6sMp/cs7sZ+LNrmvX0Ww+ohE2By0g=="
    }
  }
}
