{
  "name": "@shanzhai/validate-json-schema-step",
  "version": "0.0.10",
  "lockfileVersion": 2,
  "requires": true,
  "packages": {
    "": {
      "name": "@shanzhai/validate-json-schema-step",
      "version": "0.0.10",
      "license": "MIT",
      "dependencies": {
        "@shanzhai/interfaces": "0.0.25",
        "jsonschema": "1.4.0"
      },
      "engines": {
        "node": ">=17.6.0"
      }
    },
    "node_modules/@shanzhai/interfaces": {
      "version": "0.0.25",
      "resolved": "https://registry.npmjs.org/@shanzhai/interfaces/-/interfaces-0.0.25.tgz",
      "integrity": "sha512-Fak4C4y0+RpL1U7V+ohcZPqzv/vdqW27oEePFin7Tdpnnk9RncPjinFppFxNhw5umvGk5xLRB1oGE67YFI/7Bg==",
      "engines": {
        "node": ">=17.6.0"
      }
    },
    "node_modules/jsonschema": {
      "version": "1.4.0",
      "resolved": "https://registry.npmjs.org/jsonschema/-/jsonschema-1.4.0.tgz",
      "integrity": "sha512-/YgW6pRMr6M7C+4o8kS+B/2myEpHCrxO4PEWnqJNBFMjn7EWXqlQ4tGwL6xTHeRplwuZmcAncdvfOad1nT2yMw==",
      "engines": {
        "node": "*"
      }
    }
  },
  "dependencies": {
    "@shanzhai/interfaces": {
      "version": "0.0.25",
      "resolved": "https://registry.npmjs.org/@shanzhai/interfaces/-/interfaces-0.0.25.tgz",
      "integrity": "sha512-Fak4C4y0+RpL1U7V+ohcZPqzv/vdqW27oEePFin7Tdpnnk9RncPjinFppFxNhw5umvGk5xLRB1oGE67YFI/7Bg=="
    },
    "jsonschema": {
      "version": "1.4.0",
      "resolved": "https://registry.npmjs.org/jsonschema/-/jsonschema-1.4.0.tgz",
      "integrity": "sha512-/YgW6pRMr6M7C+4o8kS+B/2myEpHCrxO4PEWnqJNBFMjn7EWXqlQ4tGwL6xTHeRplwuZmcAncdvfOad1nT2yMw=="
    }
  }
}
