{
  "name": "@shanzhai/validate-json-schema-step",
  "version": "0.0.3",
  "lockfileVersion": 1,
  "requires": true,
  "dependencies": {
    "@shanzhai/interfaces": {
      "version": "0.0.13",
      "resolved": "https://registry.npmjs.org/@shanzhai/interfaces/-/interfaces-0.0.13.tgz",
      "integrity": "sha512-Ds9U9ZglO8fsHayX43wkr8ub25T1O/viZhSUytgEYup3yNhAXnE+ZnSOKKcvbn+0pmNLA+9I6CSGecb0FkMBzQ==",
      "dev": true
    },
    "jsonschema": {
      "version": "1.4.0",
      "resolved": "https://registry.npmjs.org/jsonschema/-/jsonschema-1.4.0.tgz",
      "integrity": "sha512-/YgW6pRMr6M7C+4o8kS+B/2myEpHCrxO4PEWnqJNBFMjn7EWXqlQ4tGwL6xTHeRplwuZmcAncdvfOad1nT2yMw=="
    }
  }
}
