{
  "name": "@shanzhai/read-pug-files-plugin",
  "version": "0.0.5",
  "lockfileVersion": 2,
  "requires": true,
  "packages": {
    "": {
      "name": "@shanzhai/read-pug-files-plugin",
      "version": "0.0.5",
      "license": "MIT",
      "dependencies": {
        "@shanzhai/delete-from-keyed-store-step": "0.0.2",
        "@shanzhai/keyed-store-set-output": "0.0.2",
        "@shanzhai/read-text-file-step": "0.0.7"
      },
      "devDependencies": {
        "@shanzhai/interfaces": "0.0.21",
        "@shanzhai/pug-source-store": "0.0.4"
      },
      "engines": {
        "node": ">=17.6.0"
      },
      "peerDependencies": {
        "@shanzhai/pug-source-store": "0.0.4"
      }
    },
    "node_modules/@shanzhai/delete-from-keyed-store-step": {
      "version": "0.0.2",
      "resolved": "https://registry.npmjs.org/@shanzhai/delete-from-keyed-store-step/-/delete-from-keyed-store-step-0.0.2.tgz",
      "integrity": "sha512-YcTx3iwF9VJ9R9vHu6XForCEgwk/zrdiOpLdrHAClMNnWRnU59xGs83waauNrzKMjORXCh/pnA8ir2SIGHmS3A==",
      "dependencies": {
        "@shanzhai/interfaces": "0.0.21"
      },
      "engines": {
        "node": ">=12.13.0"
      }
    },
    "node_modules/@shanzhai/ephemeral-keyed-store": {
      "version": "0.0.2",
      "resolved": "https://registry.npmjs.org/@shanzhai/ephemeral-keyed-store/-/ephemeral-keyed-store-0.0.2.tgz",
      "integrity": "sha512-4E7xyYY6DxrF9XPYbmWtR/imwTvAPOKrwNMA8vB1/FknsH7rdH9qN9PBhBxJwqhMySOhHynWE813A+1PfsX8rQ==",
      "dev": true,
      "engines": {
        "node": ">=12.13.0"
      }
    },
    "node_modules/@shanzhai/interfaces": {
      "version": "0.0.21",
      "resolved": "https://registry.npmjs.org/@shanzhai/interfaces/-/interfaces-0.0.21.tgz",
      "integrity": "sha512-yvZVC7KGepppA7d2qYV3rR1dQVIbvE5T0LvAgkW75BH0obTTCdnB6ndWwfyq2jNo0lCAYEK0jfM1NhJ4HTWBWw==",
      "engines": {
        "node": ">=12.13.0"
      }
    },
    "node_modules/@shanzhai/keyed-store-set-output": {
      "version": "0.0.2",
      "resolved": "https://registry.npmjs.org/@shanzhai/keyed-store-set-output/-/keyed-store-set-output-0.0.2.tgz",
      "integrity": "sha512-sJ3PzoD4yB4q9sgPDc1nuONg08uUmDIbNu7RwNzm4I5TOsBZQ2ZvK7oVjAtwh15EHfTR3hcTDNd6EaR+KKyA7A==",
      "engines": {
        "node": ">=12.13.0"
      }
    },
    "node_modules/@shanzhai/pug-source-store": {
      "version": "0.0.4",
      "resolved": "https://registry.npmjs.org/@shanzhai/pug-source-store/-/pug-source-store-0.0.4.tgz",
      "integrity": "sha512-WKAsLnsLb/9pK9Ch0SD4/JYgiFxlvUt+SwTMW6SbbH27sSv7yIFG8nuGDr8+EBl00CiX6gaJDx/HVgUFxIK5VQ==",
      "dev": true,
      "dependencies": {
        "@shanzhai/ephemeral-keyed-store": "0.0.2"
      },
      "engines": {
        "node": ">=12.13.0"
      }
    },
    "node_modules/@shanzhai/read-text-file-step": {
      "version": "0.0.7",
      "resolved": "https://registry.npmjs.org/@shanzhai/read-text-file-step/-/read-text-file-step-0.0.7.tgz",
      "integrity": "sha512-GFjtHXnCEs+OcOvxg8+AQOb+Wgl1q8gGoQ0izL4Qnc9q9WAiB6vxGALbFQNbvER0lLmVczy/tS6yuSSotnIqGQ==",
      "dependencies": {
        "@shanzhai/interfaces": "0.0.21"
      },
      "engines": {
        "node": ">=12.13.0"
      }
    }
  },
  "dependencies": {
    "@shanzhai/delete-from-keyed-store-step": {
      "version": "0.0.2",
      "resolved": "https://registry.npmjs.org/@shanzhai/delete-from-keyed-store-step/-/delete-from-keyed-store-step-0.0.2.tgz",
      "integrity": "sha512-YcTx3iwF9VJ9R9vHu6XForCEgwk/zrdiOpLdrHAClMNnWRnU59xGs83waauNrzKMjORXCh/pnA8ir2SIGHmS3A==",
      "requires": {
        "@shanzhai/interfaces": "0.0.21"
      }
    },
    "@shanzhai/ephemeral-keyed-store": {
      "version": "0.0.2",
      "resolved": "https://registry.npmjs.org/@shanzhai/ephemeral-keyed-store/-/ephemeral-keyed-store-0.0.2.tgz",
      "integrity": "sha512-4E7xyYY6DxrF9XPYbmWtR/imwTvAPOKrwNMA8vB1/FknsH7rdH9qN9PBhBxJwqhMySOhHynWE813A+1PfsX8rQ==",
      "dev": true
    },
    "@shanzhai/interfaces": {
      "version": "0.0.21",
      "resolved": "https://registry.npmjs.org/@shanzhai/interfaces/-/interfaces-0.0.21.tgz",
      "integrity": "sha512-yvZVC7KGepppA7d2qYV3rR1dQVIbvE5T0LvAgkW75BH0obTTCdnB6ndWwfyq2jNo0lCAYEK0jfM1NhJ4HTWBWw=="
    },
    "@shanzhai/keyed-store-set-output": {
      "version": "0.0.2",
      "resolved": "https://registry.npmjs.org/@shanzhai/keyed-store-set-output/-/keyed-store-set-output-0.0.2.tgz",
      "integrity": "sha512-sJ3PzoD4yB4q9sgPDc1nuONg08uUmDIbNu7RwNzm4I5TOsBZQ2ZvK7oVjAtwh15EHfTR3hcTDNd6EaR+KKyA7A=="
    },
    "@shanzhai/pug-source-store": {
      "version": "0.0.4",
      "resolved": "https://registry.npmjs.org/@shanzhai/pug-source-store/-/pug-source-store-0.0.4.tgz",
      "integrity": "sha512-WKAsLnsLb/9pK9Ch0SD4/JYgiFxlvUt+SwTMW6SbbH27sSv7yIFG8nuGDr8+EBl00CiX6gaJDx/HVgUFxIK5VQ==",
      "dev": true,
      "requires": {
        "@shanzhai/ephemeral-keyed-store": "0.0.2"
      }
    },
    "@shanzhai/read-text-file-step": {
      "version": "0.0.7",
      "resolved": "https://registry.npmjs.org/@shanzhai/read-text-file-step/-/read-text-file-step-0.0.7.tgz",
      "integrity": "sha512-GFjtHXnCEs+OcOvxg8+AQOb+Wgl1q8gGoQ0izL4Qnc9q9WAiB6vxGALbFQNbvER0lLmVczy/tS6yuSSotnIqGQ==",
      "requires": {
        "@shanzhai/interfaces": "0.0.21"
      }
    }
  }
}
