{
  "name": "@shanzhai/output-type-script-compiler-options-plugin",
  "version": "0.0.5",
  "lockfileVersion": 1,
  "requires": true,
  "dependencies": {
    "@schemastore/tsconfig": {
      "version": "0.0.9",
      "resolved": "https://registry.npmjs.org/@schemastore/tsconfig/-/tsconfig-0.0.9.tgz",
      "integrity": "sha512-0T6K8M9Lt+s9IfMotEb6rLifYlwLHyazkwLO9B9km+RNSqDrx2NI5cB/7wAiZfvIVKK/UFlG0abaCNf01ydx8Q==",
      "dev": true
    },
    "@shanzhai/build-tsconfig-input": {
      "version": "0.0.4",
      "resolved": "https://registry.npmjs.org/@shanzhai/build-tsconfig-input/-/build-tsconfig-input-0.0.4.tgz",
      "integrity": "sha512-DzYlY7rc/E4vSIYT041KqXwA5I+C/35HfLsbl2eYM4Jm31kSMh72Oh5I7rzYj/OoDgOlmuSP3qmYnaV4bWzfzQ=="
    },
    "@shanzhai/constant-input": {
      "version": "0.0.5",
      "resolved": "https://registry.npmjs.org/@shanzhai/constant-input/-/constant-input-0.0.5.tgz",
      "integrity": "sha512-ZibR6tI8+7ilUVzRwCEgLpUSwgNSzAxHx21jC/n+GhdmZOEwBeuB+XFd7Mn7ywgM2f8XWGPmBowvz/iATpSwcA=="
    },
    "@shanzhai/ephemeral-unkeyed-store": {
      "version": "0.0.1",
      "resolved": "https://registry.npmjs.org/@shanzhai/ephemeral-unkeyed-store/-/ephemeral-unkeyed-store-0.0.1.tgz",
      "integrity": "sha512-zNaDO52js96TYBKnfhulTf5XhwKGw5KgNCIHJwh7rHM7sOR96y2dx1wJ3L9uSxaeW0/+sZpetIhOVS2teRBk4A==",
      "dev": true
    },
    "@shanzhai/interfaces": {
      "version": "0.0.20",
      "resolved": "https://registry.npmjs.org/@shanzhai/interfaces/-/interfaces-0.0.20.tgz",
      "integrity": "sha512-GEH2LwCyzN7f+Xzn/MXW0oNwxLa/IPw0vgDmCzs5w7q+nND9slFml5XdpH/bVnzBUYL5mqslMDV6c44DEdk4Qg=="
    },
    "@shanzhai/stringify-json-input": {
      "version": "0.0.3",
      "resolved": "https://registry.npmjs.org/@shanzhai/stringify-json-input/-/stringify-json-input-0.0.3.tgz",
      "integrity": "sha512-CY68RDbbnTjLNC4/bXUMaFNE8xIszge6XqFe+NLZ9kk/ZfqrzrzBkS5urZRiioqeLRVrmNrUpL2AyGPdNlV5Ug==",
      "requires": {
        "@shanzhai/interfaces": "0.0.20"
      }
    },
    "@shanzhai/type-script-compiler-options-store": {
      "version": "0.0.7",
      "resolved": "https://registry.npmjs.org/@shanzhai/type-script-compiler-options-store/-/type-script-compiler-options-store-0.0.7.tgz",
      "integrity": "sha512-gPXFdyh5upuGI4e8QQI6w1J0NbaX+KhPEhkveFLqc35rQtRaLjBJVDlNvRNOjGZCSNKMFwdFwWPFILFqc8RmhA==",
      "dev": true,
      "requires": {
        "@shanzhai/ephemeral-unkeyed-store": "0.0.1"
      }
    },
    "@shanzhai/unkeyed-store-get-input": {
      "version": "0.0.1",
      "resolved": "https://registry.npmjs.org/@shanzhai/unkeyed-store-get-input/-/unkeyed-store-get-input-0.0.1.tgz",
      "integrity": "sha512-t/RYbkKfUxf48T1ElzsgdXhcDkWiByJOxIr17cERSOCr196/lSgAo5W6844OaouJexl4OAUCKODHUjGucK0Mvg=="
    },
    "@shanzhai/write-file-step": {
      "version": "0.0.6",
      "resolved": "https://registry.npmjs.org/@shanzhai/write-file-step/-/write-file-step-0.0.6.tgz",
      "integrity": "sha512-TSWCwVgM68wCCR9QEI5vCkovf4ph75gMMGiAZ/Wc2chA6OXBtr4TxdeWynn28QN+ig1ICtU3939rhqrGdbSbkQ==",
      "requires": {
        "@shanzhai/interfaces": "0.0.20"
      }
    },
    "typescript": {
      "version": "4.4.2",
      "resolved": "https://registry.npmjs.org/typescript/-/typescript-4.4.2.tgz",
      "integrity": "sha512-gzP+t5W4hdy4c+68bfcv0t400HVJMMd2+H9B7gae1nQlBzCqvrXX+6GL/b3GAgyTH966pzrZ70/fRjwAtZksSQ==",
      "dev": true
    }
  }
}
