{
  "name": "@shanzhai/output-type-script-compiler-options-plugin",
  "version": "0.0.2",
  "lockfileVersion": 1,
  "requires": true,
  "dependencies": {
    "@schemastore/tsconfig": {
      "version": "0.0.9",
      "resolved": "https://registry.npmjs.org/@schemastore/tsconfig/-/tsconfig-0.0.9.tgz",
      "integrity": "sha512-0T6K8M9Lt+s9IfMotEb6rLifYlwLHyazkwLO9B9km+RNSqDrx2NI5cB/7wAiZfvIVKK/UFlG0abaCNf01ydx8Q==",
      "dev": true
    },
    "@shanzhai/build-tsconfig-input": {
      "version": "0.0.2",
      "resolved": "https://registry.npmjs.org/@shanzhai/build-tsconfig-input/-/build-tsconfig-input-0.0.2.tgz",
      "integrity": "sha512-m1fJ+BHgse4aQM/QuWQ04qA0W+OP8XnqrWlYzCc2EvQcXeHACRI2X6OinZh+Z0ZepG2mA7YjxfNMMMGCgzME9g=="
    },
    "@shanzhai/constant-input": {
      "version": "0.0.3",
      "resolved": "https://registry.npmjs.org/@shanzhai/constant-input/-/constant-input-0.0.3.tgz",
      "integrity": "sha512-XU/0MEIgGCBMbSfbpW3yFbOnu/rgD1FfhN1glOQgWJeJ0l2jFaBrqbyz38WGhnd2kJYdgj7SPpD8bCd77U+4Rg=="
    },
    "@shanzhai/delete-step": {
      "version": "0.0.4",
      "resolved": "https://registry.npmjs.org/@shanzhai/delete-step/-/delete-step-0.0.4.tgz",
      "integrity": "sha512-pNOM1B9h8fYIjENKaHJFtWFlueFvu/bKqlKUB/pph8sLfyKCLBZR+9SBOUMKIRaFNLd7rjizuGxKjiHxNEZT/Q==",
      "requires": {
        "@shanzhai/interfaces": "0.0.16"
      }
    },
    "@shanzhai/interfaces": {
      "version": "0.0.16",
      "resolved": "https://registry.npmjs.org/@shanzhai/interfaces/-/interfaces-0.0.16.tgz",
      "integrity": "sha512-rzqxtI7/wZBOr0whKuQrFAD6hvUJQxnRMP/qpLchieuk0X6xbqhukU9KL592UgdSAthHXWqYc+sFwwnSaLPqMw=="
    },
    "@shanzhai/stringify-json-input": {
      "version": "0.0.1",
      "resolved": "https://registry.npmjs.org/@shanzhai/stringify-json-input/-/stringify-json-input-0.0.1.tgz",
      "integrity": "sha512-VLOLPGillTF3RCztwvRgwMjGuqo7rCqzzmfApIM/VZ5EmSff2HmHUWkV8LKw71LiJRnlnYJQHCnmggwWlcsNyw==",
      "requires": {
        "@shanzhai/interfaces": "0.0.16"
      }
    },
    "@shanzhai/type-script-compiler-options-store": {
      "version": "0.0.4",
      "resolved": "https://registry.npmjs.org/@shanzhai/type-script-compiler-options-store/-/type-script-compiler-options-store-0.0.4.tgz",
      "integrity": "sha512-wxC0MHrrYvUmAcBsC4JgOykErsZHPwFz5QVf6B9fdoMiucW2dOl1CGS0jPnrn1F1HyqOKACp9Flb8j2/k6QJag==",
      "dev": true,
      "requires": {
        "@shanzhai/value-store": "0.0.6"
      }
    },
    "@shanzhai/value-store": {
      "version": "0.0.6",
      "resolved": "https://registry.npmjs.org/@shanzhai/value-store/-/value-store-0.0.6.tgz",
      "integrity": "sha512-eTAOugj1c+zWtSh/6W1UEOlwJSi6Cp1nORI7LRdgdpYQ0zxO2WmcJGpbwUwWXXD9pjZPPTXrQWrexg58Rd759A==",
      "requires": {
        "@shanzhai/interfaces": "0.0.16"
      }
    },
    "@shanzhai/write-file-step": {
      "version": "0.0.4",
      "resolved": "https://registry.npmjs.org/@shanzhai/write-file-step/-/write-file-step-0.0.4.tgz",
      "integrity": "sha512-gCcSQfksTESgosf5v2U38Ih2g7khC2dhi1o504wf8gXNEULfJTSPABhKqzDVbfR2pvxqmFHds/D+GCSim2FtPw==",
      "requires": {
        "@shanzhai/interfaces": "0.0.16"
      }
    }
  }
}
