{
  "name": "@shanzhai/parse-favicons-options-plugin",
  "version": "0.0.7",
  "lockfileVersion": 2,
  "requires": true,
  "packages": {
    "": {
      "name": "@shanzhai/parse-favicons-options-plugin",
      "version": "0.0.7",
      "license": "MIT",
      "dependencies": {
        "@shanzhai/parse-json-step": "0.0.11",
        "@shanzhai/unkeyed-store-get-input": "0.0.6",
        "@shanzhai/unkeyed-store-set-output": "0.0.6"
      },
      "devDependencies": {
        "@shanzhai/favicons-options-source-store": "0.0.4",
        "@shanzhai/favicons-options-store": "0.0.4",
        "@shanzhai/interfaces": "0.0.26",
        "@types/favicons": "6.2.2"
      },
      "engines": {
        "node": ">=17.6.0"
      },
      "peerDependencies": {
        "@shanzhai/favicons-options-source-store": "0.0.4",
        "@shanzhai/favicons-options-store": "0.0.4"
      }
    },
    "node_modules/@shanzhai/ephemeral-unkeyed-store": {
      "version": "0.0.6",
      "resolved": "https://registry.npmjs.org/@shanzhai/ephemeral-unkeyed-store/-/ephemeral-unkeyed-store-0.0.6.tgz",
      "integrity": "sha512-5IwhOoMEqLLCTv4inF+k0xM3y0lKzq6SJUErwP1TQKC/XfMc3JDc4A1q6p6qDg2fjeWkGikPCVKGhV47N+9z4Q==",
      "dev": true,
      "engines": {
        "node": ">=17.6.0"
      }
    },
    "node_modules/@shanzhai/favicons-options-source-store": {
      "version": "0.0.4",
      "resolved": "https://registry.npmjs.org/@shanzhai/favicons-options-source-store/-/favicons-options-source-store-0.0.4.tgz",
      "integrity": "sha512-JMLexH9kLw0nSV78kf9/lKVETJ4TwPe+Dn2I0RY38auE2P0ewSK69qfz1zEHALCLKfqGfE90gSWAVY0e3drl8g==",
      "dev": true,
      "dependencies": {
        "@shanzhai/ephemeral-unkeyed-store": "0.0.6"
      },
      "engines": {
        "node": ">=17.6.0"
      }
    },
    "node_modules/@shanzhai/favicons-options-store": {
      "version": "0.0.4",
      "resolved": "https://registry.npmjs.org/@shanzhai/favicons-options-store/-/favicons-options-store-0.0.4.tgz",
      "integrity": "sha512-1RK8jZ5KFSOwztBdvVhr3YoW1AB1hknho94URwvVmr/YL3TYeK2RzG+u0aLrOCF/qJGhwge7sCxVlOybO7b1HQ==",
      "dev": true,
      "dependencies": {
        "@shanzhai/ephemeral-unkeyed-store": "0.0.6"
      },
      "engines": {
        "node": ">=17.6.0"
      }
    },
    "node_modules/@shanzhai/interfaces": {
      "version": "0.0.26",
      "resolved": "https://registry.npmjs.org/@shanzhai/interfaces/-/interfaces-0.0.26.tgz",
      "integrity": "sha512-h0THCzCa63o0ZybdNJ0jwDH3Rpip5oNnRTgsHwuItO3CA6/yPIvZ8smI+mQkAYUE4W36sO8QgZddG5kLT/Qu+A==",
      "engines": {
        "node": ">=17.6.0"
      }
    },
    "node_modules/@shanzhai/parse-json-step": {
      "version": "0.0.11",
      "resolved": "https://registry.npmjs.org/@shanzhai/parse-json-step/-/parse-json-step-0.0.11.tgz",
      "integrity": "sha512-hOTnrhN+F83n5qaZ8+xVkJBPpV0uBrtk2Ap2DSzFJNLKXfKXr+BlStXMCwcZ4Yshftzdnx0mEqo3beIC7Frieg==",
      "dependencies": {
        "@shanzhai/interfaces": "0.0.26"
      },
      "engines": {
        "node": ">=17.6.0"
      }
    },
    "node_modules/@shanzhai/unkeyed-store-get-input": {
      "version": "0.0.6",
      "resolved": "https://registry.npmjs.org/@shanzhai/unkeyed-store-get-input/-/unkeyed-store-get-input-0.0.6.tgz",
      "integrity": "sha512-O83jtosVtFlVgeHma/65XCHIWXaJY4/e7RaIVI/jpjO2FeVvCx8MZStFX7G7/wam4NHmvtKaI0p7mNWITds/HA==",
      "engines": {
        "node": ">=17.6.0"
      }
    },
    "node_modules/@shanzhai/unkeyed-store-set-output": {
      "version": "0.0.6",
      "resolved": "https://registry.npmjs.org/@shanzhai/unkeyed-store-set-output/-/unkeyed-store-set-output-0.0.6.tgz",
      "integrity": "sha512-Jg9b8GpLLJReL0PQdiX565EzZy2H2h/FJoNkOH0JmqE3HxwOsrWjfKrnDEyOVZoHAFvnl7iXVzpFhZknaqF4Xg==",
      "engines": {
        "node": ">=17.6.0"
      }
    },
    "node_modules/@types/favicons": {
      "version": "6.2.2",
      "resolved": "https://registry.npmjs.org/@types/favicons/-/favicons-6.2.2.tgz",
      "integrity": "sha512-iwAeiO8BFUk/lH74Zd9RlIIgxA7fFCVmlZI5yNsJ68L7mDMs42vYk8FnDxEm09ZO4nTlBQjPHdvtYC+N9GLtxg==",
      "dev": true,
      "dependencies": {
        "@types/node": "*"
      }
    },
    "node_modules/@types/node": {
      "version": "17.0.23",
      "resolved": "https://registry.npmjs.org/@types/node/-/node-17.0.23.tgz",
      "integrity": "sha512-UxDxWn7dl97rKVeVS61vErvw086aCYhDLyvRQZ5Rk65rZKepaFdm53GeqXaKBuOhED4e9uWq34IC3TdSdJJ2Gw==",
      "dev": true
    }
  },
  "dependencies": {
    "@shanzhai/ephemeral-unkeyed-store": {
      "version": "0.0.6",
      "resolved": "https://registry.npmjs.org/@shanzhai/ephemeral-unkeyed-store/-/ephemeral-unkeyed-store-0.0.6.tgz",
      "integrity": "sha512-5IwhOoMEqLLCTv4inF+k0xM3y0lKzq6SJUErwP1TQKC/XfMc3JDc4A1q6p6qDg2fjeWkGikPCVKGhV47N+9z4Q==",
      "dev": true
    },
    "@shanzhai/favicons-options-source-store": {
      "version": "0.0.4",
      "resolved": "https://registry.npmjs.org/@shanzhai/favicons-options-source-store/-/favicons-options-source-store-0.0.4.tgz",
      "integrity": "sha512-JMLexH9kLw0nSV78kf9/lKVETJ4TwPe+Dn2I0RY38auE2P0ewSK69qfz1zEHALCLKfqGfE90gSWAVY0e3drl8g==",
      "dev": true,
      "requires": {
        "@shanzhai/ephemeral-unkeyed-store": "0.0.6"
      }
    },
    "@shanzhai/favicons-options-store": {
      "version": "0.0.4",
      "resolved": "https://registry.npmjs.org/@shanzhai/favicons-options-store/-/favicons-options-store-0.0.4.tgz",
      "integrity": "sha512-1RK8jZ5KFSOwztBdvVhr3YoW1AB1hknho94URwvVmr/YL3TYeK2RzG+u0aLrOCF/qJGhwge7sCxVlOybO7b1HQ==",
      "dev": true,
      "requires": {
        "@shanzhai/ephemeral-unkeyed-store": "0.0.6"
      }
    },
    "@shanzhai/interfaces": {
      "version": "0.0.26",
      "resolved": "https://registry.npmjs.org/@shanzhai/interfaces/-/interfaces-0.0.26.tgz",
      "integrity": "sha512-h0THCzCa63o0ZybdNJ0jwDH3Rpip5oNnRTgsHwuItO3CA6/yPIvZ8smI+mQkAYUE4W36sO8QgZddG5kLT/Qu+A=="
    },
    "@shanzhai/parse-json-step": {
      "version": "0.0.11",
      "resolved": "https://registry.npmjs.org/@shanzhai/parse-json-step/-/parse-json-step-0.0.11.tgz",
      "integrity": "sha512-hOTnrhN+F83n5qaZ8+xVkJBPpV0uBrtk2Ap2DSzFJNLKXfKXr+BlStXMCwcZ4Yshftzdnx0mEqo3beIC7Frieg==",
      "requires": {
        "@shanzhai/interfaces": "0.0.26"
      }
    },
    "@shanzhai/unkeyed-store-get-input": {
      "version": "0.0.6",
      "resolved": "https://registry.npmjs.org/@shanzhai/unkeyed-store-get-input/-/unkeyed-store-get-input-0.0.6.tgz",
      "integrity": "sha512-O83jtosVtFlVgeHma/65XCHIWXaJY4/e7RaIVI/jpjO2FeVvCx8MZStFX7G7/wam4NHmvtKaI0p7mNWITds/HA=="
    },
    "@shanzhai/unkeyed-store-set-output": {
      "version": "0.0.6",
      "resolved": "https://registry.npmjs.org/@shanzhai/unkeyed-store-set-output/-/unkeyed-store-set-output-0.0.6.tgz",
      "integrity": "sha512-Jg9b8GpLLJReL0PQdiX565EzZy2H2h/FJoNkOH0JmqE3HxwOsrWjfKrnDEyOVZoHAFvnl7iXVzpFhZknaqF4Xg=="
    },
    "@types/favicons": {
      "version": "6.2.2",
      "resolved": "https://registry.npmjs.org/@types/favicons/-/favicons-6.2.2.tgz",
      "integrity": "sha512-iwAeiO8BFUk/lH74Zd9RlIIgxA7fFCVmlZI5yNsJ68L7mDMs42vYk8FnDxEm09ZO4nTlBQjPHdvtYC+N9GLtxg==",
      "dev": true,
      "requires": {
        "@types/node": "*"
      }
    },
    "@types/node": {
      "version": "17.0.23",
      "resolved": "https://registry.npmjs.org/@types/node/-/node-17.0.23.tgz",
      "integrity": "sha512-UxDxWn7dl97rKVeVS61vErvw086aCYhDLyvRQZ5Rk65rZKepaFdm53GeqXaKBuOhED4e9uWq34IC3TdSdJJ2Gw==",
      "dev": true
    }
  }
}
