{
  "name": "@shanzhai/javascript-source-store",
  "version": "0.0.14",
  "lockfileVersion": 2,
  "requires": true,
  "packages": {
    "": {
      "name": "@shanzhai/javascript-source-store",
      "version": "0.0.14",
      "license": "MIT",
      "dependencies": {
        "@shanzhai/ephemeral-unkeyed-store": "0.0.5"
      },
      "devDependencies": {
        "@shanzhai/interfaces": "0.0.25"
      },
      "engines": {
        "node": ">=17.6.0"
      }
    },
    "node_modules/@shanzhai/ephemeral-unkeyed-store": {
      "version": "0.0.5",
      "resolved": "https://registry.npmjs.org/@shanzhai/ephemeral-unkeyed-store/-/ephemeral-unkeyed-store-0.0.5.tgz",
      "integrity": "sha512-q8pdG2CKfo94LlqwuFPAvNfXx+fTui6Okx+MHwwHkUTsrbkZuhru70gyX4Qq61o+qsA6kaDT50eh52Re26uQiw==",
      "engines": {
        "node": ">=17.6.0"
      }
    },
    "node_modules/@shanzhai/interfaces": {
      "version": "0.0.25",
      "resolved": "https://registry.npmjs.org/@shanzhai/interfaces/-/interfaces-0.0.25.tgz",
      "integrity": "sha512-Fak4C4y0+RpL1U7V+ohcZPqzv/vdqW27oEePFin7Tdpnnk9RncPjinFppFxNhw5umvGk5xLRB1oGE67YFI/7Bg==",
      "dev": true,
      "engines": {
        "node": ">=17.6.0"
      }
    }
  },
  "dependencies": {
    "@shanzhai/ephemeral-unkeyed-store": {
      "version": "0.0.5",
      "resolved": "https://registry.npmjs.org/@shanzhai/ephemeral-unkeyed-store/-/ephemeral-unkeyed-store-0.0.5.tgz",
      "integrity": "sha512-q8pdG2CKfo94LlqwuFPAvNfXx+fTui6Okx+MHwwHkUTsrbkZuhru70gyX4Qq61o+qsA6kaDT50eh52Re26uQiw=="
    },
    "@shanzhai/interfaces": {
      "version": "0.0.25",
      "resolved": "https://registry.npmjs.org/@shanzhai/interfaces/-/interfaces-0.0.25.tgz",
      "integrity": "sha512-Fak4C4y0+RpL1U7V+ohcZPqzv/vdqW27oEePFin7Tdpnnk9RncPjinFppFxNhw5umvGk5xLRB1oGE67YFI/7Bg==",
      "dev": true
    }
  }
}
