{
  "name": "@shanzhai/javascript-source-store",
  "version": "0.0.12",
  "lockfileVersion": 2,
  "requires": true,
  "packages": {
    "": {
      "name": "@shanzhai/javascript-source-store",
      "version": "0.0.12",
      "license": "MIT",
      "dependencies": {
        "@shanzhai/ephemeral-unkeyed-store": "0.0.4"
      },
      "devDependencies": {
        "@shanzhai/interfaces": "0.0.24"
      },
      "engines": {
        "node": ">=17.6.0"
      }
    },
    "node_modules/@shanzhai/ephemeral-unkeyed-store": {
      "version": "0.0.4",
      "resolved": "https://registry.npmjs.org/@shanzhai/ephemeral-unkeyed-store/-/ephemeral-unkeyed-store-0.0.4.tgz",
      "integrity": "sha512-14/C++YC2Jbjrw6bSJBtml7jcpobV7m6X6R3zbw4hN7w68mdGSYREyNZoiZ5lIaxjZhu212h6fQcjekxIBgj0Q==",
      "engines": {
        "node": ">=17.6.0"
      }
    },
    "node_modules/@shanzhai/interfaces": {
      "version": "0.0.24",
      "resolved": "https://registry.npmjs.org/@shanzhai/interfaces/-/interfaces-0.0.24.tgz",
      "integrity": "sha512-5y2+CvtOKnh3jkwdIAHY2bcuFwnCE9hn4QFo8UawjbIow5i3PAC0fTFQ00baMxb/BK6s2JajHvt96aIasgTn2w==",
      "dev": true,
      "engines": {
        "node": ">=17.6.0"
      }
    }
  },
  "dependencies": {
    "@shanzhai/ephemeral-unkeyed-store": {
      "version": "0.0.4",
      "resolved": "https://registry.npmjs.org/@shanzhai/ephemeral-unkeyed-store/-/ephemeral-unkeyed-store-0.0.4.tgz",
      "integrity": "sha512-14/C++YC2Jbjrw6bSJBtml7jcpobV7m6X6R3zbw4hN7w68mdGSYREyNZoiZ5lIaxjZhu212h6fQcjekxIBgj0Q=="
    },
    "@shanzhai/interfaces": {
      "version": "0.0.24",
      "resolved": "https://registry.npmjs.org/@shanzhai/interfaces/-/interfaces-0.0.24.tgz",
      "integrity": "sha512-5y2+CvtOKnh3jkwdIAHY2bcuFwnCE9hn4QFo8UawjbIow5i3PAC0fTFQ00baMxb/BK6s2JajHvt96aIasgTn2w==",
      "dev": true
    }
  }
}
