{
  "name": "@shanzhai/type-script-source-store",
  "version": "0.0.7",
  "lockfileVersion": 1,
  "requires": true,
  "dependencies": {
    "@shanzhai/ephemeral-keyed-store": {
      "version": "0.0.1",
      "resolved": "https://registry.npmjs.org/@shanzhai/ephemeral-keyed-store/-/ephemeral-keyed-store-0.0.1.tgz",
      "integrity": "sha512-iB53LUD1FOsw9Fl7OxwZwcw0R69v4t3UtdKFsvWm2TNatTtclmFp6ASbzAfQj+EGdvc61z3uu3KBM0hSGaGTYw=="
    }
  }
}
