{
  "name": "@shanzhai/minify-javascript-step",
  "version": "0.0.8",
  "lockfileVersion": 1,
  "requires": true,
  "dependencies": {
    "@shanzhai/interfaces": {
      "version": "0.0.21",
      "resolved": "https://registry.npmjs.org/@shanzhai/interfaces/-/interfaces-0.0.21.tgz",
      "integrity": "sha512-yvZVC7KGepppA7d2qYV3rR1dQVIbvE5T0LvAgkW75BH0obTTCdnB6ndWwfyq2jNo0lCAYEK0jfM1NhJ4HTWBWw=="
    },
    "@shanzhai/minify-step": {
      "version": "0.0.7",
      "resolved": "https://registry.npmjs.org/@shanzhai/minify-step/-/minify-step-0.0.7.tgz",
      "integrity": "sha512-9iZToZApRL6rh21v6rk3Ggo1HCMRyCo3USZkxIgfmaCKyJsMTeKjKZWrJw0Fb6lXhPugSGHWrZjLiKRVK1CknQ==",
      "requires": {
        "@shanzhai/interfaces": "0.0.21"
      }
    },
    "@types/uglify-js": {
      "version": "3.13.1",
      "resolved": "https://registry.npmjs.org/@types/uglify-js/-/uglify-js-3.13.1.tgz",
      "integrity": "sha512-O3MmRAk6ZuAKa9CHgg0Pr0+lUOqoMLpc9AS4R8ano2auvsg7IE8syF3Xh/NPr26TWklxYcqoEEFdzLLs1fV9PQ==",
      "dev": true,
      "requires": {
        "source-map": "^0.6.1"
      }
    },
    "source-map": {
      "version": "0.6.1",
      "resolved": "https://registry.npmjs.org/source-map/-/source-map-0.6.1.tgz",
      "integrity": "sha512-UjgapumWlbMhkBgzT7Ykc5YXUT46F0iKu8SGXq0bcwP5dz/h0Plj6enJqjz1Zbq2l5WaqYnrVbwWOWMyF3F47g==",
      "dev": true
    },
    "uglify-js": {
      "version": "3.14.2",
      "resolved": "https://registry.npmjs.org/uglify-js/-/uglify-js-3.14.2.tgz",
      "integrity": "sha512-rtPMlmcO4agTUfz10CbgJ1k6UAoXM2gWb3GoMPPZB/+/Ackf8lNWk11K4rYi2D0apgoFRLtQOZhb+/iGNJq26A=="
    }
  }
}
