{
  "name": "@shanzhai/minify-javascript-step",
  "version": "0.0.15",
  "lockfileVersion": 2,
  "requires": true,
  "packages": {
    "": {
      "name": "@shanzhai/minify-javascript-step",
      "version": "0.0.15",
      "license": "MIT",
      "dependencies": {
        "@shanzhai/minify-step": "0.0.11",
        "uglify-js": "3.15.4"
      },
      "devDependencies": {
        "@shanzhai/interfaces": "0.0.26",
        "@types/uglify-js": "3.13.2"
      },
      "engines": {
        "node": ">=17.6.0"
      }
    },
    "node_modules/@shanzhai/interfaces": {
      "version": "0.0.26",
      "resolved": "https://registry.npmjs.org/@shanzhai/interfaces/-/interfaces-0.0.26.tgz",
      "integrity": "sha512-h0THCzCa63o0ZybdNJ0jwDH3Rpip5oNnRTgsHwuItO3CA6/yPIvZ8smI+mQkAYUE4W36sO8QgZddG5kLT/Qu+A==",
      "engines": {
        "node": ">=17.6.0"
      }
    },
    "node_modules/@shanzhai/minify-step": {
      "version": "0.0.11",
      "resolved": "https://registry.npmjs.org/@shanzhai/minify-step/-/minify-step-0.0.11.tgz",
      "integrity": "sha512-nf3FWdHyEpwP3qI5PmZ5v16mtJQHXWSuhBOPx9cBi71DB0dschxuDfwsOy3qfzgYt11macbwyYqEL9bVy6PV0w==",
      "dependencies": {
        "@shanzhai/interfaces": "0.0.26"
      },
      "engines": {
        "node": ">=17.6.0"
      }
    },
    "node_modules/@types/uglify-js": {
      "version": "3.13.2",
      "resolved": "https://registry.npmjs.org/@types/uglify-js/-/uglify-js-3.13.2.tgz",
      "integrity": "sha512-/xFrPIo+4zOeNGtVMbf9rUm0N+i4pDf1ynExomqtokIJmVzR3962lJ1UE+MmexMkA0cmN9oTzg5Xcbwge0Ij2Q==",
      "dev": true,
      "dependencies": {
        "source-map": "^0.6.1"
      }
    },
    "node_modules/source-map": {
      "version": "0.6.1",
      "resolved": "https://registry.npmjs.org/source-map/-/source-map-0.6.1.tgz",
      "integrity": "sha512-UjgapumWlbMhkBgzT7Ykc5YXUT46F0iKu8SGXq0bcwP5dz/h0Plj6enJqjz1Zbq2l5WaqYnrVbwWOWMyF3F47g==",
      "dev": true,
      "engines": {
        "node": ">=0.10.0"
      }
    },
    "node_modules/uglify-js": {
      "version": "3.15.4",
      "resolved": "https://registry.npmjs.org/uglify-js/-/uglify-js-3.15.4.tgz",
      "integrity": "sha512-vMOPGDuvXecPs34V74qDKk4iJ/SN4vL3Ow/23ixafENYvtrNvtbcgUeugTcUGRGsOF/5fU8/NYSL5Hyb3l1OJA==",
      "bin": {
        "uglifyjs": "bin/uglifyjs"
      },
      "engines": {
        "node": ">=0.8.0"
      }
    }
  },
  "dependencies": {
    "@shanzhai/interfaces": {
      "version": "0.0.26",
      "resolved": "https://registry.npmjs.org/@shanzhai/interfaces/-/interfaces-0.0.26.tgz",
      "integrity": "sha512-h0THCzCa63o0ZybdNJ0jwDH3Rpip5oNnRTgsHwuItO3CA6/yPIvZ8smI+mQkAYUE4W36sO8QgZddG5kLT/Qu+A=="
    },
    "@shanzhai/minify-step": {
      "version": "0.0.11",
      "resolved": "https://registry.npmjs.org/@shanzhai/minify-step/-/minify-step-0.0.11.tgz",
      "integrity": "sha512-nf3FWdHyEpwP3qI5PmZ5v16mtJQHXWSuhBOPx9cBi71DB0dschxuDfwsOy3qfzgYt11macbwyYqEL9bVy6PV0w==",
      "requires": {
        "@shanzhai/interfaces": "0.0.26"
      }
    },
    "@types/uglify-js": {
      "version": "3.13.2",
      "resolved": "https://registry.npmjs.org/@types/uglify-js/-/uglify-js-3.13.2.tgz",
      "integrity": "sha512-/xFrPIo+4zOeNGtVMbf9rUm0N+i4pDf1ynExomqtokIJmVzR3962lJ1UE+MmexMkA0cmN9oTzg5Xcbwge0Ij2Q==",
      "dev": true,
      "requires": {
        "source-map": "^0.6.1"
      }
    },
    "source-map": {
      "version": "0.6.1",
      "resolved": "https://registry.npmjs.org/source-map/-/source-map-0.6.1.tgz",
      "integrity": "sha512-UjgapumWlbMhkBgzT7Ykc5YXUT46F0iKu8SGXq0bcwP5dz/h0Plj6enJqjz1Zbq2l5WaqYnrVbwWOWMyF3F47g==",
      "dev": true
    },
    "uglify-js": {
      "version": "3.15.4",
      "resolved": "https://registry.npmjs.org/uglify-js/-/uglify-js-3.15.4.tgz",
      "integrity": "sha512-vMOPGDuvXecPs34V74qDKk4iJ/SN4vL3Ow/23ixafENYvtrNvtbcgUeugTcUGRGsOF/5fU8/NYSL5Hyb3l1OJA=="
    }
  }
}
