{
  "name": "@shanzhai/minify-javascript-step",
  "version": "0.0.6",
  "lockfileVersion": 1,
  "requires": true,
  "dependencies": {
    "@shanzhai/interfaces": {
      "version": "0.0.18",
      "resolved": "https://registry.npmjs.org/@shanzhai/interfaces/-/interfaces-0.0.18.tgz",
      "integrity": "sha512-NStIFvxoL8noS+CIPSfDmQX0Fq13VLe2jmR1c0yMhY6oN1qpwTjemm2HlYRXRv2wL03T1PfvwhicTw7BesPo4Q=="
    },
    "@shanzhai/minify-step": {
      "version": "0.0.5",
      "resolved": "https://registry.npmjs.org/@shanzhai/minify-step/-/minify-step-0.0.5.tgz",
      "integrity": "sha512-MrLMDQPqdjdSUkOVkmw9ruZfDuVOlQ4FL2GFaCRB0nXJi+Mnokzuf6JnfwdVQbYtIJD3Bp4xIDdLYBEmMQNOdA==",
      "requires": {
        "@shanzhai/interfaces": "0.0.18"
      }
    },
    "@types/uglify-js": {
      "version": "3.13.1",
      "resolved": "https://registry.npmjs.org/@types/uglify-js/-/uglify-js-3.13.1.tgz",
      "integrity": "sha512-O3MmRAk6ZuAKa9CHgg0Pr0+lUOqoMLpc9AS4R8ano2auvsg7IE8syF3Xh/NPr26TWklxYcqoEEFdzLLs1fV9PQ==",
      "dev": true,
      "requires": {
        "source-map": "^0.6.1"
      }
    },
    "source-map": {
      "version": "0.6.1",
      "resolved": "https://registry.npmjs.org/source-map/-/source-map-0.6.1.tgz",
      "integrity": "sha512-UjgapumWlbMhkBgzT7Ykc5YXUT46F0iKu8SGXq0bcwP5dz/h0Plj6enJqjz1Zbq2l5WaqYnrVbwWOWMyF3F47g==",
      "dev": true
    },
    "uglify-js": {
      "version": "3.14.1",
      "resolved": "https://registry.npmjs.org/uglify-js/-/uglify-js-3.14.1.tgz",
      "integrity": "sha512-JhS3hmcVaXlp/xSo3PKY5R0JqKs5M3IV+exdLHW99qKvKivPO4Z8qbej6mte17SOPqAOVMjt/XGgWacnFSzM3g=="
    }
  }
}
