{
  "name": "@shanzhai/es5-type-script-compiler-options-plugin",
  "version": "0.0.17",
  "lockfileVersion": 2,
  "requires": true,
  "packages": {
    "": {
      "name": "@shanzhai/es5-type-script-compiler-options-plugin",
      "version": "0.0.17",
      "license": "MIT",
      "dependencies": {
        "@shanzhai/constant-input": "0.0.10",
        "@shanzhai/copy-step": "0.0.8",
        "@shanzhai/unkeyed-store-set-output": "0.0.6",
        "typescript": "4.6.3"
      },
      "devDependencies": {
        "@shanzhai/interfaces": "0.0.26",
        "@shanzhai/type-script-compiler-options-store": "0.0.13"
      },
      "engines": {
        "node": ">=17.6.0"
      },
      "peerDependencies": {
        "@shanzhai/type-script-compiler-options-store": "0.0.13"
      }
    },
    "node_modules/@shanzhai/constant-input": {
      "version": "0.0.10",
      "resolved": "https://registry.npmjs.org/@shanzhai/constant-input/-/constant-input-0.0.10.tgz",
      "integrity": "sha512-3MVZ/lno0uB/MC+NCdzhRRX4qFeOtnVHmYUpL4rAgzuVHVOh4k/elOpI9R4ca8dQ4anU/mbFxpNjEp3Tqr5vig==",
      "engines": {
        "node": ">=17.6.0"
      }
    },
    "node_modules/@shanzhai/copy-step": {
      "version": "0.0.8",
      "resolved": "https://registry.npmjs.org/@shanzhai/copy-step/-/copy-step-0.0.8.tgz",
      "integrity": "sha512-VlObKZu8Rm9xt2rSKBfzLznipDkCFG1kZwOiLJZ81/r22sU37G63azJHr/ZyA59qEhMM3y3MgSHbUiQT7r3PGg==",
      "dependencies": {
        "@shanzhai/interfaces": "0.0.26"
      },
      "engines": {
        "node": ">=17.6.0"
      }
    },
    "node_modules/@shanzhai/ephemeral-unkeyed-store": {
      "version": "0.0.6",
      "resolved": "https://registry.npmjs.org/@shanzhai/ephemeral-unkeyed-store/-/ephemeral-unkeyed-store-0.0.6.tgz",
      "integrity": "sha512-5IwhOoMEqLLCTv4inF+k0xM3y0lKzq6SJUErwP1TQKC/XfMc3JDc4A1q6p6qDg2fjeWkGikPCVKGhV47N+9z4Q==",
      "dev": true,
      "engines": {
        "node": ">=17.6.0"
      }
    },
    "node_modules/@shanzhai/interfaces": {
      "version": "0.0.26",
      "resolved": "https://registry.npmjs.org/@shanzhai/interfaces/-/interfaces-0.0.26.tgz",
      "integrity": "sha512-h0THCzCa63o0ZybdNJ0jwDH3Rpip5oNnRTgsHwuItO3CA6/yPIvZ8smI+mQkAYUE4W36sO8QgZddG5kLT/Qu+A==",
      "engines": {
        "node": ">=17.6.0"
      }
    },
    "node_modules/@shanzhai/type-script-compiler-options-store": {
      "version": "0.0.13",
      "resolved": "https://registry.npmjs.org/@shanzhai/type-script-compiler-options-store/-/type-script-compiler-options-store-0.0.13.tgz",
      "integrity": "sha512-0bH+duukjtGi6bhKWF1GHA0GFoFuQSabZ93+7yOWCk38RpyYcYr66PuMMIF5fFoWFwZu1A+RbJjV8JNbdVnhjg==",
      "dev": true,
      "dependencies": {
        "@shanzhai/ephemeral-unkeyed-store": "0.0.6"
      },
      "engines": {
        "node": ">=17.6.0"
      }
    },
    "node_modules/@shanzhai/unkeyed-store-set-output": {
      "version": "0.0.6",
      "resolved": "https://registry.npmjs.org/@shanzhai/unkeyed-store-set-output/-/unkeyed-store-set-output-0.0.6.tgz",
      "integrity": "sha512-Jg9b8GpLLJReL0PQdiX565EzZy2H2h/FJoNkOH0JmqE3HxwOsrWjfKrnDEyOVZoHAFvnl7iXVzpFhZknaqF4Xg==",
      "engines": {
        "node": ">=17.6.0"
      }
    },
    "node_modules/typescript": {
      "version": "4.6.3",
      "resolved": "https://registry.npmjs.org/typescript/-/typescript-4.6.3.tgz",
      "integrity": "sha512-yNIatDa5iaofVozS/uQJEl3JRWLKKGJKh6Yaiv0GLGSuhpFJe7P3SbHZ8/yjAHRQwKRoA6YZqlfjXWmVzoVSMw==",
      "bin": {
        "tsc": "bin/tsc",
        "tsserver": "bin/tsserver"
      },
      "engines": {
        "node": ">=4.2.0"
      }
    }
  },
  "dependencies": {
    "@shanzhai/constant-input": {
      "version": "0.0.10",
      "resolved": "https://registry.npmjs.org/@shanzhai/constant-input/-/constant-input-0.0.10.tgz",
      "integrity": "sha512-3MVZ/lno0uB/MC+NCdzhRRX4qFeOtnVHmYUpL4rAgzuVHVOh4k/elOpI9R4ca8dQ4anU/mbFxpNjEp3Tqr5vig=="
    },
    "@shanzhai/copy-step": {
      "version": "0.0.8",
      "resolved": "https://registry.npmjs.org/@shanzhai/copy-step/-/copy-step-0.0.8.tgz",
      "integrity": "sha512-VlObKZu8Rm9xt2rSKBfzLznipDkCFG1kZwOiLJZ81/r22sU37G63azJHr/ZyA59qEhMM3y3MgSHbUiQT7r3PGg==",
      "requires": {
        "@shanzhai/interfaces": "0.0.26"
      }
    },
    "@shanzhai/ephemeral-unkeyed-store": {
      "version": "0.0.6",
      "resolved": "https://registry.npmjs.org/@shanzhai/ephemeral-unkeyed-store/-/ephemeral-unkeyed-store-0.0.6.tgz",
      "integrity": "sha512-5IwhOoMEqLLCTv4inF+k0xM3y0lKzq6SJUErwP1TQKC/XfMc3JDc4A1q6p6qDg2fjeWkGikPCVKGhV47N+9z4Q==",
      "dev": true
    },
    "@shanzhai/interfaces": {
      "version": "0.0.26",
      "resolved": "https://registry.npmjs.org/@shanzhai/interfaces/-/interfaces-0.0.26.tgz",
      "integrity": "sha512-h0THCzCa63o0ZybdNJ0jwDH3Rpip5oNnRTgsHwuItO3CA6/yPIvZ8smI+mQkAYUE4W36sO8QgZddG5kLT/Qu+A=="
    },
    "@shanzhai/type-script-compiler-options-store": {
      "version": "0.0.13",
      "resolved": "https://registry.npmjs.org/@shanzhai/type-script-compiler-options-store/-/type-script-compiler-options-store-0.0.13.tgz",
      "integrity": "sha512-0bH+duukjtGi6bhKWF1GHA0GFoFuQSabZ93+7yOWCk38RpyYcYr66PuMMIF5fFoWFwZu1A+RbJjV8JNbdVnhjg==",
      "dev": true,
      "requires": {
        "@shanzhai/ephemeral-unkeyed-store": "0.0.6"
      }
    },
    "@shanzhai/unkeyed-store-set-output": {
      "version": "0.0.6",
      "resolved": "https://registry.npmjs.org/@shanzhai/unkeyed-store-set-output/-/unkeyed-store-set-output-0.0.6.tgz",
      "integrity": "sha512-Jg9b8GpLLJReL0PQdiX565EzZy2H2h/FJoNkOH0JmqE3HxwOsrWjfKrnDEyOVZoHAFvnl7iXVzpFhZknaqF4Xg=="
    },
    "typescript": {
      "version": "4.6.3",
      "resolved": "https://registry.npmjs.org/typescript/-/typescript-4.6.3.tgz",
      "integrity": "sha512-yNIatDa5iaofVozS/uQJEl3JRWLKKGJKh6Yaiv0GLGSuhpFJe7P3SbHZ8/yjAHRQwKRoA6YZqlfjXWmVzoVSMw=="
    }
  }
}
