{
  "name": "@shanzhai/es5-type-script-compiler-options-plugin",
  "version": "0.0.8",
  "lockfileVersion": 2,
  "requires": true,
  "packages": {
    "": {
      "name": "@shanzhai/es5-type-script-compiler-options-plugin",
      "version": "0.0.8",
      "license": "MIT",
      "dependencies": {
        "@shanzhai/constant-input": "0.0.6",
        "@shanzhai/copy-step": "0.0.4",
        "@shanzhai/unkeyed-store-set-output": "0.0.2",
        "typescript": "4.4.4"
      },
      "devDependencies": {
        "@shanzhai/interfaces": "0.0.24",
        "@shanzhai/type-script-compiler-options-store": "0.0.8"
      },
      "engines": {
        "node": ">=17.6.0"
      },
      "peerDependencies": {
        "@shanzhai/type-script-compiler-options-store": "0.0.8"
      }
    },
    "node_modules/@shanzhai/constant-input": {
      "version": "0.0.6",
      "resolved": "https://registry.npmjs.org/@shanzhai/constant-input/-/constant-input-0.0.6.tgz",
      "integrity": "sha512-XdyLQh65GBgdA7m7XFpcJhalvP5sFD6zpBGyUODUqnRlPbmxM7swtCGSan/92N2VxkSPtyDXCsVUGEFm5kmeSw==",
      "engines": {
        "node": ">=12.13.0"
      }
    },
    "node_modules/@shanzhai/copy-step": {
      "version": "0.0.4",
      "resolved": "https://registry.npmjs.org/@shanzhai/copy-step/-/copy-step-0.0.4.tgz",
      "integrity": "sha512-p335b2q2TLc1DV80tJ5qYUSFQ/2W3bg4bfo1vJwmvTfq2TJQZ8WH6wcZ34f7qGPomQ9enj0LofC76uisTAdCLA==",
      "dependencies": {
        "@shanzhai/interfaces": "0.0.21"
      },
      "engines": {
        "node": ">=12.13.0"
      }
    },
    "node_modules/@shanzhai/copy-step/node_modules/@shanzhai/interfaces": {
      "version": "0.0.21",
      "resolved": "https://registry.npmjs.org/@shanzhai/interfaces/-/interfaces-0.0.21.tgz",
      "integrity": "sha512-yvZVC7KGepppA7d2qYV3rR1dQVIbvE5T0LvAgkW75BH0obTTCdnB6ndWwfyq2jNo0lCAYEK0jfM1NhJ4HTWBWw==",
      "engines": {
        "node": ">=12.13.0"
      }
    },
    "node_modules/@shanzhai/ephemeral-unkeyed-store": {
      "version": "0.0.2",
      "resolved": "https://registry.npmjs.org/@shanzhai/ephemeral-unkeyed-store/-/ephemeral-unkeyed-store-0.0.2.tgz",
      "integrity": "sha512-exZ6QIgrdSjcLBvyuMypXOlbK/H32FLvvRMRFEMUjo3pvxk0Qa1dzUj9OcSNAjc9aRq0EhuqSTxI4m+svNWEfQ==",
      "dev": true,
      "engines": {
        "node": ">=12.13.0"
      }
    },
    "node_modules/@shanzhai/interfaces": {
      "version": "0.0.24",
      "resolved": "https://registry.npmjs.org/@shanzhai/interfaces/-/interfaces-0.0.24.tgz",
      "integrity": "sha512-5y2+CvtOKnh3jkwdIAHY2bcuFwnCE9hn4QFo8UawjbIow5i3PAC0fTFQ00baMxb/BK6s2JajHvt96aIasgTn2w==",
      "dev": true,
      "engines": {
        "node": ">=17.6.0"
      }
    },
    "node_modules/@shanzhai/type-script-compiler-options-store": {
      "version": "0.0.8",
      "resolved": "https://registry.npmjs.org/@shanzhai/type-script-compiler-options-store/-/type-script-compiler-options-store-0.0.8.tgz",
      "integrity": "sha512-yXv4w8ZFJybnp9/q3R61KNLfPePds83okeZm6eylgf9WTo23pp1VIukcN7N6Sv4Dj/n5SsS6S7yDR4GYCrNOgA==",
      "dev": true,
      "dependencies": {
        "@shanzhai/ephemeral-unkeyed-store": "0.0.2"
      },
      "engines": {
        "node": ">=12.13.0"
      }
    },
    "node_modules/@shanzhai/unkeyed-store-set-output": {
      "version": "0.0.2",
      "resolved": "https://registry.npmjs.org/@shanzhai/unkeyed-store-set-output/-/unkeyed-store-set-output-0.0.2.tgz",
      "integrity": "sha512-RZ8et8V6cV6zzIQ5nxtWbTEoXXP4Pm8Cq/kKBd2JFggTiWb8vkNo8vbidqwZ8jVO/EW41Np+8idwi29l8eb0TQ==",
      "engines": {
        "node": ">=12.13.0"
      }
    },
    "node_modules/typescript": {
      "version": "4.4.4",
      "resolved": "https://registry.npmjs.org/typescript/-/typescript-4.4.4.tgz",
      "integrity": "sha512-DqGhF5IKoBl8WNf8C1gu8q0xZSInh9j1kJJMqT3a94w1JzVaBU4EXOSMrz9yDqMT0xt3selp83fuFMQ0uzv6qA==",
      "bin": {
        "tsc": "bin/tsc",
        "tsserver": "bin/tsserver"
      },
      "engines": {
        "node": ">=4.2.0"
      }
    }
  },
  "dependencies": {
    "@shanzhai/constant-input": {
      "version": "0.0.6",
      "resolved": "https://registry.npmjs.org/@shanzhai/constant-input/-/constant-input-0.0.6.tgz",
      "integrity": "sha512-XdyLQh65GBgdA7m7XFpcJhalvP5sFD6zpBGyUODUqnRlPbmxM7swtCGSan/92N2VxkSPtyDXCsVUGEFm5kmeSw=="
    },
    "@shanzhai/copy-step": {
      "version": "0.0.4",
      "resolved": "https://registry.npmjs.org/@shanzhai/copy-step/-/copy-step-0.0.4.tgz",
      "integrity": "sha512-p335b2q2TLc1DV80tJ5qYUSFQ/2W3bg4bfo1vJwmvTfq2TJQZ8WH6wcZ34f7qGPomQ9enj0LofC76uisTAdCLA==",
      "requires": {
        "@shanzhai/interfaces": "0.0.21"
      },
      "dependencies": {
        "@shanzhai/interfaces": {
          "version": "0.0.21",
          "resolved": "https://registry.npmjs.org/@shanzhai/interfaces/-/interfaces-0.0.21.tgz",
          "integrity": "sha512-yvZVC7KGepppA7d2qYV3rR1dQVIbvE5T0LvAgkW75BH0obTTCdnB6ndWwfyq2jNo0lCAYEK0jfM1NhJ4HTWBWw=="
        }
      }
    },
    "@shanzhai/ephemeral-unkeyed-store": {
      "version": "0.0.2",
      "resolved": "https://registry.npmjs.org/@shanzhai/ephemeral-unkeyed-store/-/ephemeral-unkeyed-store-0.0.2.tgz",
      "integrity": "sha512-exZ6QIgrdSjcLBvyuMypXOlbK/H32FLvvRMRFEMUjo3pvxk0Qa1dzUj9OcSNAjc9aRq0EhuqSTxI4m+svNWEfQ==",
      "dev": true
    },
    "@shanzhai/interfaces": {
      "version": "0.0.24",
      "resolved": "https://registry.npmjs.org/@shanzhai/interfaces/-/interfaces-0.0.24.tgz",
      "integrity": "sha512-5y2+CvtOKnh3jkwdIAHY2bcuFwnCE9hn4QFo8UawjbIow5i3PAC0fTFQ00baMxb/BK6s2JajHvt96aIasgTn2w==",
      "dev": true
    },
    "@shanzhai/type-script-compiler-options-store": {
      "version": "0.0.8",
      "resolved": "https://registry.npmjs.org/@shanzhai/type-script-compiler-options-store/-/type-script-compiler-options-store-0.0.8.tgz",
      "integrity": "sha512-yXv4w8ZFJybnp9/q3R61KNLfPePds83okeZm6eylgf9WTo23pp1VIukcN7N6Sv4Dj/n5SsS6S7yDR4GYCrNOgA==",
      "dev": true,
      "requires": {
        "@shanzhai/ephemeral-unkeyed-store": "0.0.2"
      }
    },
    "@shanzhai/unkeyed-store-set-output": {
      "version": "0.0.2",
      "resolved": "https://registry.npmjs.org/@shanzhai/unkeyed-store-set-output/-/unkeyed-store-set-output-0.0.2.tgz",
      "integrity": "sha512-RZ8et8V6cV6zzIQ5nxtWbTEoXXP4Pm8Cq/kKBd2JFggTiWb8vkNo8vbidqwZ8jVO/EW41Np+8idwi29l8eb0TQ=="
    },
    "typescript": {
      "version": "4.4.4",
      "resolved": "https://registry.npmjs.org/typescript/-/typescript-4.4.4.tgz",
      "integrity": "sha512-DqGhF5IKoBl8WNf8C1gu8q0xZSInh9j1kJJMqT3a94w1JzVaBU4EXOSMrz9yDqMT0xt3selp83fuFMQ0uzv6qA=="
    }
  }
}
