{
  "name": "@shanzhai/output-zip-plugin",
  "version": "0.0.13",
  "lockfileVersion": 2,
  "requires": true,
  "packages": {
    "": {
      "name": "@shanzhai/output-zip-plugin",
      "version": "0.0.13",
      "license": "MIT",
      "dependencies": {
        "@shanzhai/create-directory-step": "0.0.11",
        "@shanzhai/serial-step": "0.0.12",
        "@shanzhai/unkeyed-store-get-input": "0.0.6",
        "@shanzhai/write-file-step": "0.0.11"
      },
      "devDependencies": {
        "@shanzhai/interfaces": "0.0.26",
        "@shanzhai/zip-store": "0.0.6"
      },
      "engines": {
        "node": ">=17.6.0"
      },
      "peerDependencies": {
        "@shanzhai/zip-store": "0.0.6"
      }
    },
    "node_modules/@shanzhai/create-directory-step": {
      "version": "0.0.11",
      "resolved": "https://registry.npmjs.org/@shanzhai/create-directory-step/-/create-directory-step-0.0.11.tgz",
      "integrity": "sha512-cspoV7XJPtw80hXhTJC/HhV9eT7jzxPjBOgA21+coqDhk6nhK81MXrzIvtSJ+4gSIIan/U5U2//yipOBINGmGQ==",
      "dependencies": {
        "@shanzhai/interfaces": "0.0.26"
      },
      "engines": {
        "node": ">=17.6.0"
      }
    },
    "node_modules/@shanzhai/ephemeral-unkeyed-store": {
      "version": "0.0.5",
      "resolved": "https://registry.npmjs.org/@shanzhai/ephemeral-unkeyed-store/-/ephemeral-unkeyed-store-0.0.5.tgz",
      "integrity": "sha512-q8pdG2CKfo94LlqwuFPAvNfXx+fTui6Okx+MHwwHkUTsrbkZuhru70gyX4Qq61o+qsA6kaDT50eh52Re26uQiw==",
      "dev": true,
      "engines": {
        "node": ">=17.6.0"
      }
    },
    "node_modules/@shanzhai/interfaces": {
      "version": "0.0.26",
      "resolved": "https://registry.npmjs.org/@shanzhai/interfaces/-/interfaces-0.0.26.tgz",
      "integrity": "sha512-h0THCzCa63o0ZybdNJ0jwDH3Rpip5oNnRTgsHwuItO3CA6/yPIvZ8smI+mQkAYUE4W36sO8QgZddG5kLT/Qu+A==",
      "engines": {
        "node": ">=17.6.0"
      }
    },
    "node_modules/@shanzhai/serial-step": {
      "version": "0.0.12",
      "resolved": "https://registry.npmjs.org/@shanzhai/serial-step/-/serial-step-0.0.12.tgz",
      "integrity": "sha512-f3BwGiEda4PqTrqPDpGPuc2+qy7ZV7Ot9PcaU1AW7mlwkyKl/4IcoCAI28gzVxd1PSYiWG8+Q0nNRenHGyn3Jg==",
      "dependencies": {
        "@shanzhai/interfaces": "0.0.26"
      },
      "engines": {
        "node": ">=17.6.0"
      }
    },
    "node_modules/@shanzhai/unkeyed-store-get-input": {
      "version": "0.0.6",
      "resolved": "https://registry.npmjs.org/@shanzhai/unkeyed-store-get-input/-/unkeyed-store-get-input-0.0.6.tgz",
      "integrity": "sha512-O83jtosVtFlVgeHma/65XCHIWXaJY4/e7RaIVI/jpjO2FeVvCx8MZStFX7G7/wam4NHmvtKaI0p7mNWITds/HA==",
      "engines": {
        "node": ">=17.6.0"
      }
    },
    "node_modules/@shanzhai/write-file-step": {
      "version": "0.0.11",
      "resolved": "https://registry.npmjs.org/@shanzhai/write-file-step/-/write-file-step-0.0.11.tgz",
      "integrity": "sha512-RMXc67xNQLvcsbj2U+BnAIjyZqZjifxyyq3cs0JFA597jR8PSqpSXz/ItZW5KgUFA/kHwdzY6Uy9x/6+HJrwQw==",
      "dependencies": {
        "@shanzhai/interfaces": "0.0.26"
      },
      "engines": {
        "node": ">=17.6.0"
      }
    },
    "node_modules/@shanzhai/zip-store": {
      "version": "0.0.6",
      "resolved": "https://registry.npmjs.org/@shanzhai/zip-store/-/zip-store-0.0.6.tgz",
      "integrity": "sha512-16Iixx74uk0/b5oDyiekKNHp48XvwCAMpUPBahRh5H+JWIrGDDcfG4q3WX5TjGmfrlZzq+cWGvTsB2nzY0lG+A==",
      "dev": true,
      "dependencies": {
        "@shanzhai/ephemeral-unkeyed-store": "0.0.5"
      },
      "engines": {
        "node": ">=17.6.0"
      }
    }
  },
  "dependencies": {
    "@shanzhai/create-directory-step": {
      "version": "0.0.11",
      "resolved": "https://registry.npmjs.org/@shanzhai/create-directory-step/-/create-directory-step-0.0.11.tgz",
      "integrity": "sha512-cspoV7XJPtw80hXhTJC/HhV9eT7jzxPjBOgA21+coqDhk6nhK81MXrzIvtSJ+4gSIIan/U5U2//yipOBINGmGQ==",
      "requires": {
        "@shanzhai/interfaces": "0.0.26"
      }
    },
    "@shanzhai/ephemeral-unkeyed-store": {
      "version": "0.0.5",
      "resolved": "https://registry.npmjs.org/@shanzhai/ephemeral-unkeyed-store/-/ephemeral-unkeyed-store-0.0.5.tgz",
      "integrity": "sha512-q8pdG2CKfo94LlqwuFPAvNfXx+fTui6Okx+MHwwHkUTsrbkZuhru70gyX4Qq61o+qsA6kaDT50eh52Re26uQiw==",
      "dev": true
    },
    "@shanzhai/interfaces": {
      "version": "0.0.26",
      "resolved": "https://registry.npmjs.org/@shanzhai/interfaces/-/interfaces-0.0.26.tgz",
      "integrity": "sha512-h0THCzCa63o0ZybdNJ0jwDH3Rpip5oNnRTgsHwuItO3CA6/yPIvZ8smI+mQkAYUE4W36sO8QgZddG5kLT/Qu+A=="
    },
    "@shanzhai/serial-step": {
      "version": "0.0.12",
      "resolved": "https://registry.npmjs.org/@shanzhai/serial-step/-/serial-step-0.0.12.tgz",
      "integrity": "sha512-f3BwGiEda4PqTrqPDpGPuc2+qy7ZV7Ot9PcaU1AW7mlwkyKl/4IcoCAI28gzVxd1PSYiWG8+Q0nNRenHGyn3Jg==",
      "requires": {
        "@shanzhai/interfaces": "0.0.26"
      }
    },
    "@shanzhai/unkeyed-store-get-input": {
      "version": "0.0.6",
      "resolved": "https://registry.npmjs.org/@shanzhai/unkeyed-store-get-input/-/unkeyed-store-get-input-0.0.6.tgz",
      "integrity": "sha512-O83jtosVtFlVgeHma/65XCHIWXaJY4/e7RaIVI/jpjO2FeVvCx8MZStFX7G7/wam4NHmvtKaI0p7mNWITds/HA=="
    },
    "@shanzhai/write-file-step": {
      "version": "0.0.11",
      "resolved": "https://registry.npmjs.org/@shanzhai/write-file-step/-/write-file-step-0.0.11.tgz",
      "integrity": "sha512-RMXc67xNQLvcsbj2U+BnAIjyZqZjifxyyq3cs0JFA597jR8PSqpSXz/ItZW5KgUFA/kHwdzY6Uy9x/6+HJrwQw==",
      "requires": {
        "@shanzhai/interfaces": "0.0.26"
      }
    },
    "@shanzhai/zip-store": {
      "version": "0.0.6",
      "resolved": "https://registry.npmjs.org/@shanzhai/zip-store/-/zip-store-0.0.6.tgz",
      "integrity": "sha512-16Iixx74uk0/b5oDyiekKNHp48XvwCAMpUPBahRh5H+JWIrGDDcfG4q3WX5TjGmfrlZzq+cWGvTsB2nzY0lG+A==",
      "dev": true,
      "requires": {
        "@shanzhai/ephemeral-unkeyed-store": "0.0.5"
      }
    }
  }
}
