{
  "name": "@shanzhai/type-script-global-store",
  "version": "0.0.9",
  "lockfileVersion": 1,
  "requires": true,
  "dependencies": {
    "@shanzhai/ephemeral-keyed-store": {
      "version": "0.0.1",
      "resolved": "https://registry.npmjs.org/@shanzhai/ephemeral-keyed-store/-/ephemeral-keyed-store-0.0.1.tgz",
      "integrity": "sha512-iB53LUD1FOsw9Fl7OxwZwcw0R69v4t3UtdKFsvWm2TNatTtclmFp6ASbzAfQj+EGdvc61z3uu3KBM0hSGaGTYw=="
    },
    "@shanzhai/interfaces": {
      "version": "0.0.20",
      "resolved": "https://registry.npmjs.org/@shanzhai/interfaces/-/interfaces-0.0.20.tgz",
      "integrity": "sha512-GEH2LwCyzN7f+Xzn/MXW0oNwxLa/IPw0vgDmCzs5w7q+nND9slFml5XdpH/bVnzBUYL5mqslMDV6c44DEdk4Qg==",
      "dev": true
    }
  }
}
