{
  "name": "@shanzhai/write-file-step",
  "version": "0.0.2",
  "lockfileVersion": 1,
  "requires": true,
  "dependencies": {
    "@shanzhai/interfaces": {
      "version": "0.0.7",
      "resolved": "https://registry.npmjs.org/@shanzhai/interfaces/-/interfaces-0.0.7.tgz",
      "integrity": "sha512-P0vVC4Y0PBfzdu56A8euo9OIoIZnrQX4QLo1gvnosz4Yu1NdPaVxSdWKXDFbmWZAnNI/fznF3YKtw8rM4ZkJXA==",
      "dev": true
    },
    "@types/uuid": {
      "version": "8.3.0",
      "resolved": "https://registry.npmjs.org/@types/uuid/-/uuid-8.3.0.tgz",
      "integrity": "sha512-eQ9qFW/fhfGJF8WKHGEHZEyVWfZxrT+6CLIJGBcZPfxUh/+BnEj+UCGYMlr9qZuX/2AltsvwrGqp0LhEW8D0zQ==",
      "dev": true
    },
    "uuid": {
      "version": "8.3.1",
      "resolved": "https://registry.npmjs.org/uuid/-/uuid-8.3.1.tgz",
      "integrity": "sha512-FOmRr+FmWEIG8uhZv6C2bTgEVXsHk08kE7mPlrBbEe+c3r9pjceVPgupIfNIhc4yx55H69OXANrUaSuu9eInKg==",
      "dev": true
    }
  }
}
