{
  "name": "@shanzhai/parsed-type-script-store",
  "version": "0.0.12",
  "lockfileVersion": 2,
  "requires": true,
  "packages": {
    "": {
      "name": "@shanzhai/parsed-type-script-store",
      "version": "0.0.12",
      "license": "MIT",
      "dependencies": {
        "@shanzhai/ephemeral-keyed-store": "0.0.4"
      },
      "devDependencies": {
        "typescript": "4.6.3"
      },
      "engines": {
        "node": ">=17.6.0"
      }
    },
    "node_modules/@shanzhai/ephemeral-keyed-store": {
      "version": "0.0.4",
      "resolved": "https://registry.npmjs.org/@shanzhai/ephemeral-keyed-store/-/ephemeral-keyed-store-0.0.4.tgz",
      "integrity": "sha512-7EDOQhH7OATy0mzKFcoBpfrZjZaFUaW4P7Pejs6I8rH1jGPAS1CqXEjzCUs7RAdKShMoWciqlGFlryn7a8Hgag==",
      "engines": {
        "node": ">=17.6.0"
      }
    },
    "node_modules/typescript": {
      "version": "4.6.3",
      "resolved": "https://registry.npmjs.org/typescript/-/typescript-4.6.3.tgz",
      "integrity": "sha512-yNIatDa5iaofVozS/uQJEl3JRWLKKGJKh6Yaiv0GLGSuhpFJe7P3SbHZ8/yjAHRQwKRoA6YZqlfjXWmVzoVSMw==",
      "dev": true,
      "bin": {
        "tsc": "bin/tsc",
        "tsserver": "bin/tsserver"
      },
      "engines": {
        "node": ">=4.2.0"
      }
    }
  },
  "dependencies": {
    "@shanzhai/ephemeral-keyed-store": {
      "version": "0.0.4",
      "resolved": "https://registry.npmjs.org/@shanzhai/ephemeral-keyed-store/-/ephemeral-keyed-store-0.0.4.tgz",
      "integrity": "sha512-7EDOQhH7OATy0mzKFcoBpfrZjZaFUaW4P7Pejs6I8rH1jGPAS1CqXEjzCUs7RAdKShMoWciqlGFlryn7a8Hgag=="
    },
    "typescript": {
      "version": "4.6.3",
      "resolved": "https://registry.npmjs.org/typescript/-/typescript-4.6.3.tgz",
      "integrity": "sha512-yNIatDa5iaofVozS/uQJEl3JRWLKKGJKh6Yaiv0GLGSuhpFJe7P3SbHZ8/yjAHRQwKRoA6YZqlfjXWmVzoVSMw==",
      "dev": true
    }
  }
}
