{
  "name": "@shanzhai/convert-parsed-csv-to-struct-of-arrays-step",
  "version": "0.0.3",
  "lockfileVersion": 1,
  "requires": true,
  "dependencies": {
    "@shanzhai/interfaces": {
      "version": "0.0.12",
      "resolved": "https://registry.npmjs.org/@shanzhai/interfaces/-/interfaces-0.0.12.tgz",
      "integrity": "sha512-Z2UlP6Ufu/Ey27xlRnlcmBHV21udBkgzhfUS+1ecrbs4oO4k8yVxFOwBsqtAvdizNUFZnWZ8XIbY8z5rGIb95A==",
      "dev": true
    }
  }
}
