{
  "name": "@shanzhai/html-source-store",
  "version": "0.0.2",
  "lockfileVersion": 1,
  "requires": true,
  "dependencies": {
    "@shanzhai/ephemeral-keyed-store": {
      "version": "0.0.0",
      "resolved": "https://registry.npmjs.org/@shanzhai/ephemeral-keyed-store/-/ephemeral-keyed-store-0.0.0.tgz",
      "integrity": "sha512-BS9zPghB3qi5F/2YXc7SfTI8HLWIOLjnakjv8FCH3FOwwcHjBVv5LbsQyi25/tPWKeq672G96YQa8qLd12VqnQ=="
    },
    "@shanzhai/interfaces": {
      "version": "0.0.18",
      "resolved": "https://registry.npmjs.org/@shanzhai/interfaces/-/interfaces-0.0.18.tgz",
      "integrity": "sha512-NStIFvxoL8noS+CIPSfDmQX0Fq13VLe2jmR1c0yMhY6oN1qpwTjemm2HlYRXRv2wL03T1PfvwhicTw7BesPo4Q==",
      "dev": true
    }
  }
}
